// !$*UTF8*$!
{
	archiveVersion = 1;
	classes = {};
	objectVersion = 56;
	objects = {
		7246CF14F2EE4617BCDCA05F /* AppState.swift */ = {isa = PBXFileReference; lastKnownFileType = sourcecode.swift; name = AppState.swift; path = HomeHub/App/AppState.swift; sourceTree = SOURCE_ROOT; };
		DFC50B8480F245869463BB29 /* HomeHubApp.swift */ = {isa = PBXFileReference; lastKnownFileType = sourcecode.swift; name = HomeHubApp.swift; path = HomeHub/HomeHubApp.swift; sourceTree = SOURCE_ROOT; };
		8C5884BFADE041D6BB392FEB /* Account.swift */ = {isa = PBXFileReference; lastKnownFileType = sourcecode.swift; name = Account.swift; path = HomeHub/Models/Account.swift; sourceTree = SOURCE_ROOT; };
		784D548D19184FDA8EDC387C /* Calendar.swift */ = {isa = PBXFileReference; lastKnownFileType = sourcecode.swift; name = Calendar.swift; path = HomeHub/Models/Calendar.swift; sourceTree = SOURCE_ROOT; };
		DB8874963CCD402BBC195C5A /* Chore.swift */ = {isa = PBXFileReference; lastKnownFileType = sourcecode.swift; name = Chore.swift; path = HomeHub/Models/Chore.swift; sourceTree = SOURCE_ROOT; };
		534CC9A9F3944CC8B2C5227D /* Dashboard.swift */ = {isa = PBXFileReference; lastKnownFileType = sourcecode.swift; name = Dashboard.swift; path = HomeHub/Models/Dashboard.swift; sourceTree = SOURCE_ROOT; };
		A5848038607B48549C777593 /* Enums.swift */ = {isa = PBXFileReference; lastKnownFileType = sourcecode.swift; name = Enums.swift; path = HomeHub/Models/Enums.swift; sourceTree = SOURCE_ROOT; };
		E8AE2F98A6BA4FEA8E359941 /* Household.swift */ = {isa = PBXFileReference; lastKnownFileType = sourcecode.swift; name = Household.swift; path = HomeHub/Models/Household.swift; sourceTree = SOURCE_ROOT; };
		71B8945A358C4B6A841537F7 /* Meal.swift */ = {isa = PBXFileReference; lastKnownFileType = sourcecode.swift; name = Meal.swift; path = HomeHub/Models/Meal.swift; sourceTree = SOURCE_ROOT; };
		7F5CC5CA93294E86B68D22B9 /* Profile.swift */ = {isa = PBXFileReference; lastKnownFileType = sourcecode.swift; name = Profile.swift; path = HomeHub/Models/Profile.swift; sourceTree = SOURCE_ROOT; };
		27727E8EC7F944518DE280BF /* Recipe.swift */ = {isa = PBXFileReference; lastKnownFileType = sourcecode.swift; name = Recipe.swift; path = HomeHub/Models/Recipe.swift; sourceTree = SOURCE_ROOT; };
		487CF638019044739982B277 /* Routine.swift */ = {isa = PBXFileReference; lastKnownFileType = sourcecode.swift; name = Routine.swift; path = HomeHub/Models/Routine.swift; sourceTree = SOURCE_ROOT; };
		B37B4AA470BD4E0783B11FBC /* User.swift */ = {isa = PBXFileReference; lastKnownFileType = sourcecode.swift; name = User.swift; path = HomeHub/Models/User.swift; sourceTree = SOURCE_ROOT; };
		93DD2FC689D847E783E499A0 /* APIClient.swift */ = {isa = PBXFileReference; lastKnownFileType = sourcecode.swift; name = APIClient.swift; path = HomeHub/Services/APIClient.swift; sourceTree = SOURCE_ROOT; };
		1D58E9883C82497DA30918AD /* AuthService.swift */ = {isa = PBXFileReference; lastKnownFileType = sourcecode.swift; name = AuthService.swift; path = HomeHub/Services/AuthService.swift; sourceTree = SOURCE_ROOT; };
		7D9E7B9347F2453C96717612 /* GoogleCalendarAuth.swift */ = {isa = PBXFileReference; lastKnownFileType = sourcecode.swift; name = GoogleCalendarAuth.swift; path = HomeHub/Services/GoogleCalendarAuth.swift; sourceTree = SOURCE_ROOT; };
		8B2CEB017F424FADBF1A98F5 /* HomeHubAPI.swift */ = {isa = PBXFileReference; lastKnownFileType = sourcecode.swift; name = HomeHubAPI.swift; path = HomeHub/Services/HomeHubAPI.swift; sourceTree = SOURCE_ROOT; };
		680621E9B3614F9492EC8E99 /* AppTheme.swift */ = {isa = PBXFileReference; lastKnownFileType = sourcecode.swift; name = AppTheme.swift; path = HomeHub/Utilities/AppTheme.swift; sourceTree = SOURCE_ROOT; };
		F66246E48C854FFCA701BC87 /* BirthdayHelpers.swift */ = {isa = PBXFileReference; lastKnownFileType = sourcecode.swift; name = BirthdayHelpers.swift; path = HomeHub/Utilities/BirthdayHelpers.swift; sourceTree = SOURCE_ROOT; };
		13C4AA5EA9164934A7B396F7 /* CalendarHelpers.swift */ = {isa = PBXFileReference; lastKnownFileType = sourcecode.swift; name = CalendarHelpers.swift; path = HomeHub/Utilities/CalendarHelpers.swift; sourceTree = SOURCE_ROOT; };
		DB67F329C4894A42B5B3E991 /* CalendarStatusHelpers.swift */ = {isa = PBXFileReference; lastKnownFileType = sourcecode.swift; name = CalendarStatusHelpers.swift; path = HomeHub/Utilities/CalendarStatusHelpers.swift; sourceTree = SOURCE_ROOT; };
		3B4006C2DC93410B872BF7AC /* CalendarSyncInterval.swift */ = {isa = PBXFileReference; lastKnownFileType = sourcecode.swift; name = CalendarSyncInterval.swift; path = HomeHub/Utilities/CalendarSyncInterval.swift; sourceTree = SOURCE_ROOT; };
		56A75705F5774303B9F55290 /* ChoreHelpers.swift */ = {isa = PBXFileReference; lastKnownFileType = sourcecode.swift; name = ChoreHelpers.swift; path = HomeHub/Utilities/ChoreHelpers.swift; sourceTree = SOURCE_ROOT; };
		F3AA97F2262D4B89A215B552 /* DateHelpers.swift */ = {isa = PBXFileReference; lastKnownFileType = sourcecode.swift; name = DateHelpers.swift; path = HomeHub/Utilities/DateHelpers.swift; sourceTree = SOURCE_ROOT; };
		A4BEACC34C524E0A976B7149 /* HouseholdRoles.swift */ = {isa = PBXFileReference; lastKnownFileType = sourcecode.swift; name = HouseholdRoles.swift; path = HomeHub/Utilities/HouseholdRoles.swift; sourceTree = SOURCE_ROOT; };
		74C4BFB2A066467AB1176488 /* ProfileColors.swift */ = {isa = PBXFileReference; lastKnownFileType = sourcecode.swift; name = ProfileColors.swift; path = HomeHub/Utilities/ProfileColors.swift; sourceTree = SOURCE_ROOT; };
		F1455EFE112B430FA223867D /* ProfilePhotoHelpers.swift */ = {isa = PBXFileReference; lastKnownFileType = sourcecode.swift; name = ProfilePhotoHelpers.swift; path = HomeHub/Utilities/ProfilePhotoHelpers.swift; sourceTree = SOURCE_ROOT; };
		EE8544D49EB04508BE3D3CDD /* RecipeFormHelpers.swift */ = {isa = PBXFileReference; lastKnownFileType = sourcecode.swift; name = RecipeFormHelpers.swift; path = HomeHub/Utilities/RecipeFormHelpers.swift; sourceTree = SOURCE_ROOT; };
		A836A359B5E747AA9EAFC1C1 /* SnackHelpers.swift */ = {isa = PBXFileReference; lastKnownFileType = sourcecode.swift; name = SnackHelpers.swift; path = HomeHub/Utilities/SnackHelpers.swift; sourceTree = SOURCE_ROOT; };
		84D6A66AE8FC48E098BE90C5 /* WeekStart.swift */ = {isa = PBXFileReference; lastKnownFileType = sourcecode.swift; name = WeekStart.swift; path = HomeHub/Utilities/WeekStart.swift; sourceTree = SOURCE_ROOT; };
		7DCB41183A8C4AB29C2719E9 /* CalendarSettingsViewModel.swift */ = {isa = PBXFileReference; lastKnownFileType = sourcecode.swift; name = CalendarSettingsViewModel.swift; path = HomeHub/ViewModels/CalendarSettingsViewModel.swift; sourceTree = SOURCE_ROOT; };
		905E0E2D4DC949548047422F /* CalendarViewModel.swift */ = {isa = PBXFileReference; lastKnownFileType = sourcecode.swift; name = CalendarViewModel.swift; path = HomeHub/ViewModels/CalendarViewModel.swift; sourceTree = SOURCE_ROOT; };
		4DC167C3F3EF4947A0584B23 /* ChoresViewModel.swift */ = {isa = PBXFileReference; lastKnownFileType = sourcecode.swift; name = ChoresViewModel.swift; path = HomeHub/ViewModels/ChoresViewModel.swift; sourceTree = SOURCE_ROOT; };
		F6A6ADC3283C4D7794B03CF0 /* HouseholdMembersViewModel.swift */ = {isa = PBXFileReference; lastKnownFileType = sourcecode.swift; name = HouseholdMembersViewModel.swift; path = HomeHub/ViewModels/HouseholdMembersViewModel.swift; sourceTree = SOURCE_ROOT; };
		192280657600444F9D11F1E4 /* MealsViewModel.swift */ = {isa = PBXFileReference; lastKnownFileType = sourcecode.swift; name = MealsViewModel.swift; path = HomeHub/ViewModels/MealsViewModel.swift; sourceTree = SOURCE_ROOT; };
		B368891918414437B58D416F /* MyProfileViewModel.swift */ = {isa = PBXFileReference; lastKnownFileType = sourcecode.swift; name = MyProfileViewModel.swift; path = HomeHub/ViewModels/MyProfileViewModel.swift; sourceTree = SOURCE_ROOT; };
		3B6522942B1448FCB39B738B /* ProfilesViewModel.swift */ = {isa = PBXFileReference; lastKnownFileType = sourcecode.swift; name = ProfilesViewModel.swift; path = HomeHub/ViewModels/ProfilesViewModel.swift; sourceTree = SOURCE_ROOT; };
		3A1875713CC0419C94FC7879 /* RecipesViewModel.swift */ = {isa = PBXFileReference; lastKnownFileType = sourcecode.swift; name = RecipesViewModel.swift; path = HomeHub/ViewModels/RecipesViewModel.swift; sourceTree = SOURCE_ROOT; };
		A5DF2E4087BD41B2BF07C48D /* RoutinesViewModel.swift */ = {isa = PBXFileReference; lastKnownFileType = sourcecode.swift; name = RoutinesViewModel.swift; path = HomeHub/ViewModels/RoutinesViewModel.swift; sourceTree = SOURCE_ROOT; };
		B7E8A2CAD9A04DC38E70FD77 /* SnacksViewModel.swift */ = {isa = PBXFileReference; lastKnownFileType = sourcecode.swift; name = SnacksViewModel.swift; path = HomeHub/ViewModels/SnacksViewModel.swift; sourceTree = SOURCE_ROOT; };
		22D301E6C1B9459398175D00 /* SignInView.swift */ = {isa = PBXFileReference; lastKnownFileType = sourcecode.swift; name = SignInView.swift; path = HomeHub/Views/Auth/SignInView.swift; sourceTree = SOURCE_ROOT; };
		54765039AB5F4CBD9B1996BF /* CalendarEventFormView.swift */ = {isa = PBXFileReference; lastKnownFileType = sourcecode.swift; name = CalendarEventFormView.swift; path = HomeHub/Views/Calendar/CalendarEventFormView.swift; sourceTree = SOURCE_ROOT; };
		22853CAC791F4E3F9ECE95C7 /* CalendarSettingsView.swift */ = {isa = PBXFileReference; lastKnownFileType = sourcecode.swift; name = CalendarSettingsView.swift; path = HomeHub/Views/Calendar/CalendarSettingsView.swift; sourceTree = SOURCE_ROOT; };
		73EC81F1AE7B461D86AABD94 /* CalendarView.swift */ = {isa = PBXFileReference; lastKnownFileType = sourcecode.swift; name = CalendarView.swift; path = HomeHub/Views/Calendar/CalendarView.swift; sourceTree = SOURCE_ROOT; };
		5B02F7ECBB684371B9669782 /* ChoreFormView.swift */ = {isa = PBXFileReference; lastKnownFileType = sourcecode.swift; name = ChoreFormView.swift; path = HomeHub/Views/Chores/ChoreFormView.swift; sourceTree = SOURCE_ROOT; };
		06943B2D7251476B93385F84 /* ChoresView.swift */ = {isa = PBXFileReference; lastKnownFileType = sourcecode.swift; name = ChoresView.swift; path = HomeHub/Views/Chores/ChoresView.swift; sourceTree = SOURCE_ROOT; };
		AAE7C7C2F95B4D55A28D1484 /* FormFields.swift */ = {isa = PBXFileReference; lastKnownFileType = sourcecode.swift; name = FormFields.swift; path = HomeHub/Views/Components/FormFields.swift; sourceTree = SOURCE_ROOT; };
		7C94EE8A80B44130A01E8B3E /* HubComponents.swift */ = {isa = PBXFileReference; lastKnownFileType = sourcecode.swift; name = HubComponents.swift; path = HomeHub/Views/Components/HubComponents.swift; sourceTree = SOURCE_ROOT; };
		C597EFD867004C2C8E5A784C /* ThemeSettingView.swift */ = {isa = PBXFileReference; lastKnownFileType = sourcecode.swift; name = ThemeSettingView.swift; path = HomeHub/Views/Components/ThemeSettingView.swift; sourceTree = SOURCE_ROOT; };
		DFA9EB37B3E3460395DF85A2 /* DashboardView.swift */ = {isa = PBXFileReference; lastKnownFileType = sourcecode.swift; name = DashboardView.swift; path = HomeHub/Views/Dashboard/DashboardView.swift; sourceTree = SOURCE_ROOT; };
		137E578C19014508A5E9ED91 /* HubView.swift */ = {isa = PBXFileReference; lastKnownFileType = sourcecode.swift; name = HubView.swift; path = HomeHub/Views/Hub/HubView.swift; sourceTree = SOURCE_ROOT; };
		DF450A6345AF43A29D235778 /* MealInputView.swift */ = {isa = PBXFileReference; lastKnownFileType = sourcecode.swift; name = MealInputView.swift; path = HomeHub/Views/Meals/MealInputView.swift; sourceTree = SOURCE_ROOT; };
		36B4DDA227504A18B8CEA8AB /* MealsView.swift */ = {isa = PBXFileReference; lastKnownFileType = sourcecode.swift; name = MealsView.swift; path = HomeHub/Views/Meals/MealsView.swift; sourceTree = SOURCE_ROOT; };
		75A0DA7EA662447CB07F4725 /* OnboardingView.swift */ = {isa = PBXFileReference; lastKnownFileType = sourcecode.swift; name = OnboardingView.swift; path = HomeHub/Views/Onboarding/OnboardingView.swift; sourceTree = SOURCE_ROOT; };
		FB85EA54B1044F62A463BAD4 /* MyProfileView.swift */ = {isa = PBXFileReference; lastKnownFileType = sourcecode.swift; name = MyProfileView.swift; path = HomeHub/Views/Profiles/MyProfileView.swift; sourceTree = SOURCE_ROOT; };
		3E85F55D089544CEBA8EC9FB /* ProfileColorPickerView.swift */ = {isa = PBXFileReference; lastKnownFileType = sourcecode.swift; name = ProfileColorPickerView.swift; path = HomeHub/Views/Profiles/ProfileColorPickerView.swift; sourceTree = SOURCE_ROOT; };
		3B6CD9CBBA1348AB9FE417F4 /* ProfileFormView.swift */ = {isa = PBXFileReference; lastKnownFileType = sourcecode.swift; name = ProfileFormView.swift; path = HomeHub/Views/Profiles/ProfileFormView.swift; sourceTree = SOURCE_ROOT; };
		D719CF4744724BF781A1E256 /* ProfilePhotoUploadView.swift */ = {isa = PBXFileReference; lastKnownFileType = sourcecode.swift; name = ProfilePhotoUploadView.swift; path = HomeHub/Views/Profiles/ProfilePhotoUploadView.swift; sourceTree = SOURCE_ROOT; };
		265AE966DC84409CB7E27561 /* RecipeFormView.swift */ = {isa = PBXFileReference; lastKnownFileType = sourcecode.swift; name = RecipeFormView.swift; path = HomeHub/Views/Recipes/RecipeFormView.swift; sourceTree = SOURCE_ROOT; };
		A62606D6D948480BB558005C /* RecipesView.swift */ = {isa = PBXFileReference; lastKnownFileType = sourcecode.swift; name = RecipesView.swift; path = HomeHub/Views/Recipes/RecipesView.swift; sourceTree = SOURCE_ROOT; };
		591BC40EE26E449C9BE8A060 /* RootView.swift */ = {isa = PBXFileReference; lastKnownFileType = sourcecode.swift; name = RootView.swift; path = HomeHub/Views/RootView.swift; sourceTree = SOURCE_ROOT; };
		7B89821191CF44BFA771D763 /* RoutineFormView.swift */ = {isa = PBXFileReference; lastKnownFileType = sourcecode.swift; name = RoutineFormView.swift; path = HomeHub/Views/Routines/RoutineFormView.swift; sourceTree = SOURCE_ROOT; };
		634CC5025ED041BD8D463D2C /* RoutinesView.swift */ = {isa = PBXFileReference; lastKnownFileType = sourcecode.swift; name = RoutinesView.swift; path = HomeHub/Views/Routines/RoutinesView.swift; sourceTree = SOURCE_ROOT; };
		99122EC3A9544A83A0FAF793 /* SettingsView.swift */ = {isa = PBXFileReference; lastKnownFileType = sourcecode.swift; name = SettingsView.swift; path = HomeHub/Views/Settings/SettingsView.swift; sourceTree = SOURCE_ROOT; };
		3EE3F2A612D94766A1BEA2C1 /* SnacksView.swift */ = {isa = PBXFileReference; lastKnownFileType = sourcecode.swift; name = SnacksView.swift; path = HomeHub/Views/Snacks/SnacksView.swift; sourceTree = SOURCE_ROOT; };
		5EBD45D3DC4944829FFE6AA6 /* Info.plist */ = {isa = PBXFileReference; lastKnownFileType = text.plist.xml; path = HomeHub/Info.plist; sourceTree = SOURCE_ROOT; };
		FFB9D0A7F2E14FEBB35BB8AE /* Assets.xcassets */ = {isa = PBXFileReference; lastKnownFileType = folder.assetcatalog; path = HomeHub/Assets.xcassets; sourceTree = SOURCE_ROOT; };
		6A5478F5757E4B688908723B /* HomeHub.app */ = {isa = PBXFileReference; explicitFileType = wrapper.application; includeInIndex = 0; path = HomeHub.app; sourceTree = BUILT_PRODUCTS_DIR; };
		672BFE2488174B0DA624A2D0 /* AppState.swift in Sources */ = {isa = PBXBuildFile; fileRef = 7246CF14F2EE4617BCDCA05F /* AppState.swift */; };
		28BD236A3AC74FAFA1D2469C /* HomeHubApp.swift in Sources */ = {isa = PBXBuildFile; fileRef = DFC50B8480F245869463BB29 /* HomeHubApp.swift */; };
		2972FD6F2DC742CAB1430AC7 /* Account.swift in Sources */ = {isa = PBXBuildFile; fileRef = 8C5884BFADE041D6BB392FEB /* Account.swift */; };
		E574C8837C514384B6EB3DB5 /* Calendar.swift in Sources */ = {isa = PBXBuildFile; fileRef = 784D548D19184FDA8EDC387C /* Calendar.swift */; };
		3B13A33D0C7A47208036E245 /* Chore.swift in Sources */ = {isa = PBXBuildFile; fileRef = DB8874963CCD402BBC195C5A /* Chore.swift */; };
		AD0289BB02EC4114847523A8 /* Dashboard.swift in Sources */ = {isa = PBXBuildFile; fileRef = 534CC9A9F3944CC8B2C5227D /* Dashboard.swift */; };
		0A944BF8E8D74A65B60AAA0A /* Enums.swift in Sources */ = {isa = PBXBuildFile; fileRef = A5848038607B48549C777593 /* Enums.swift */; };
		02498AAE9931480AAD385759 /* Household.swift in Sources */ = {isa = PBXBuildFile; fileRef = E8AE2F98A6BA4FEA8E359941 /* Household.swift */; };
		1D848FA540CF4ACD95136E02 /* Meal.swift in Sources */ = {isa = PBXBuildFile; fileRef = 71B8945A358C4B6A841537F7 /* Meal.swift */; };
		959ABA1CA7CD44ED82EE096D /* Profile.swift in Sources */ = {isa = PBXBuildFile; fileRef = 7F5CC5CA93294E86B68D22B9 /* Profile.swift */; };
		05120E99F2734AEFB9F16BC1 /* Recipe.swift in Sources */ = {isa = PBXBuildFile; fileRef = 27727E8EC7F944518DE280BF /* Recipe.swift */; };
		EEAC0DB016D246AEBAAF7D11 /* Routine.swift in Sources */ = {isa = PBXBuildFile; fileRef = 487CF638019044739982B277 /* Routine.swift */; };
		5F0A95FED792483C83BDEAC6 /* User.swift in Sources */ = {isa = PBXBuildFile; fileRef = B37B4AA470BD4E0783B11FBC /* User.swift */; };
		8AD1B76D261E439CA19BED94 /* APIClient.swift in Sources */ = {isa = PBXBuildFile; fileRef = 93DD2FC689D847E783E499A0 /* APIClient.swift */; };
		226ED47C98DF425F9C3043FC /* AuthService.swift in Sources */ = {isa = PBXBuildFile; fileRef = 1D58E9883C82497DA30918AD /* AuthService.swift */; };
		121E3E505F74407EA246B011 /* GoogleCalendarAuth.swift in Sources */ = {isa = PBXBuildFile; fileRef = 7D9E7B9347F2453C96717612 /* GoogleCalendarAuth.swift */; };
		C7F74EACC38F4AC2A3EFC773 /* HomeHubAPI.swift in Sources */ = {isa = PBXBuildFile; fileRef = 8B2CEB017F424FADBF1A98F5 /* HomeHubAPI.swift */; };
		C7A5D10B5CB542C9AF09FD38 /* AppTheme.swift in Sources */ = {isa = PBXBuildFile; fileRef = 680621E9B3614F9492EC8E99 /* AppTheme.swift */; };
		A8B1977313034AA8A70D10CD /* BirthdayHelpers.swift in Sources */ = {isa = PBXBuildFile; fileRef = F66246E48C854FFCA701BC87 /* BirthdayHelpers.swift */; };
		508C4195927042F08AF379A8 /* CalendarHelpers.swift in Sources */ = {isa = PBXBuildFile; fileRef = 13C4AA5EA9164934A7B396F7 /* CalendarHelpers.swift */; };
		DB547E667E4B4A4E80033ADD /* CalendarStatusHelpers.swift in Sources */ = {isa = PBXBuildFile; fileRef = DB67F329C4894A42B5B3E991 /* CalendarStatusHelpers.swift */; };
		94D65AE682EA4AA896718529 /* CalendarSyncInterval.swift in Sources */ = {isa = PBXBuildFile; fileRef = 3B4006C2DC93410B872BF7AC /* CalendarSyncInterval.swift */; };
		934F8C2880F8472E8C4D1E7C /* ChoreHelpers.swift in Sources */ = {isa = PBXBuildFile; fileRef = 56A75705F5774303B9F55290 /* ChoreHelpers.swift */; };
		6FD5AAC3CA4A4AA78EAD3078 /* DateHelpers.swift in Sources */ = {isa = PBXBuildFile; fileRef = F3AA97F2262D4B89A215B552 /* DateHelpers.swift */; };
		1DB2B5FC12A54D9A9F81DAFE /* HouseholdRoles.swift in Sources */ = {isa = PBXBuildFile; fileRef = A4BEACC34C524E0A976B7149 /* HouseholdRoles.swift */; };
		16A04EA0420244399E89A149 /* ProfileColors.swift in Sources */ = {isa = PBXBuildFile; fileRef = 74C4BFB2A066467AB1176488 /* ProfileColors.swift */; };
		EA00A26042DE4DB382FE9CAA /* ProfilePhotoHelpers.swift in Sources */ = {isa = PBXBuildFile; fileRef = F1455EFE112B430FA223867D /* ProfilePhotoHelpers.swift */; };
		FD6E33A5C04642DDA9D2AC96 /* RecipeFormHelpers.swift in Sources */ = {isa = PBXBuildFile; fileRef = EE8544D49EB04508BE3D3CDD /* RecipeFormHelpers.swift */; };
		1020E4DA017349DF8C3E518A /* SnackHelpers.swift in Sources */ = {isa = PBXBuildFile; fileRef = A836A359B5E747AA9EAFC1C1 /* SnackHelpers.swift */; };
		1A903AC744A441C384AB2624 /* WeekStart.swift in Sources */ = {isa = PBXBuildFile; fileRef = 84D6A66AE8FC48E098BE90C5 /* WeekStart.swift */; };
		F75D6701ED044D3FBCECB317 /* CalendarSettingsViewModel.swift in Sources */ = {isa = PBXBuildFile; fileRef = 7DCB41183A8C4AB29C2719E9 /* CalendarSettingsViewModel.swift */; };
		5D182F2D6A304F61BD322C8B /* CalendarViewModel.swift in Sources */ = {isa = PBXBuildFile; fileRef = 905E0E2D4DC949548047422F /* CalendarViewModel.swift */; };
		3F60689FCE4646C9A7E5F98E /* ChoresViewModel.swift in Sources */ = {isa = PBXBuildFile; fileRef = 4DC167C3F3EF4947A0584B23 /* ChoresViewModel.swift */; };
		D9AB63CF724F40159BAED8C5 /* HouseholdMembersViewModel.swift in Sources */ = {isa = PBXBuildFile; fileRef = F6A6ADC3283C4D7794B03CF0 /* HouseholdMembersViewModel.swift */; };
		141C046E6AA54DBE8C873CF6 /* MealsViewModel.swift in Sources */ = {isa = PBXBuildFile; fileRef = 192280657600444F9D11F1E4 /* MealsViewModel.swift */; };
		43CEFB10526A459FB42040E9 /* MyProfileViewModel.swift in Sources */ = {isa = PBXBuildFile; fileRef = B368891918414437B58D416F /* MyProfileViewModel.swift */; };
		A17E15E9AC2347ADB94FBFB0 /* ProfilesViewModel.swift in Sources */ = {isa = PBXBuildFile; fileRef = 3B6522942B1448FCB39B738B /* ProfilesViewModel.swift */; };
		97E85291E8BA4C5F8BAE6FFA /* RecipesViewModel.swift in Sources */ = {isa = PBXBuildFile; fileRef = 3A1875713CC0419C94FC7879 /* RecipesViewModel.swift */; };
		9E1F2286A048415FA054BD4F /* RoutinesViewModel.swift in Sources */ = {isa = PBXBuildFile; fileRef = A5DF2E4087BD41B2BF07C48D /* RoutinesViewModel.swift */; };
		CBF8BF950EF241C8A9CB031A /* SnacksViewModel.swift in Sources */ = {isa = PBXBuildFile; fileRef = B7E8A2CAD9A04DC38E70FD77 /* SnacksViewModel.swift */; };
		20E7CAF4EBCD4E2E82713562 /* SignInView.swift in Sources */ = {isa = PBXBuildFile; fileRef = 22D301E6C1B9459398175D00 /* SignInView.swift */; };
		7D629A359E964F4589B1D24B /* CalendarEventFormView.swift in Sources */ = {isa = PBXBuildFile; fileRef = 54765039AB5F4CBD9B1996BF /* CalendarEventFormView.swift */; };
		CD749777404F482988EAAF8A /* CalendarSettingsView.swift in Sources */ = {isa = PBXBuildFile; fileRef = 22853CAC791F4E3F9ECE95C7 /* CalendarSettingsView.swift */; };
		8068CB5DC8864607BF1DF09E /* CalendarView.swift in Sources */ = {isa = PBXBuildFile; fileRef = 73EC81F1AE7B461D86AABD94 /* CalendarView.swift */; };
		A1EFCA62CFA941FD90EC2C3E /* ChoreFormView.swift in Sources */ = {isa = PBXBuildFile; fileRef = 5B02F7ECBB684371B9669782 /* ChoreFormView.swift */; };
		8D8C5D50DCEC452FBF7D2E8E /* ChoresView.swift in Sources */ = {isa = PBXBuildFile; fileRef = 06943B2D7251476B93385F84 /* ChoresView.swift */; };
		55194A4FA03F4CCBA2DADE17 /* FormFields.swift in Sources */ = {isa = PBXBuildFile; fileRef = AAE7C7C2F95B4D55A28D1484 /* FormFields.swift */; };
		7983EA0D990C416B9112A707 /* HubComponents.swift in Sources */ = {isa = PBXBuildFile; fileRef = 7C94EE8A80B44130A01E8B3E /* HubComponents.swift */; };
		CFAA3D5DD4AF49C589B80CCE /* ThemeSettingView.swift in Sources */ = {isa = PBXBuildFile; fileRef = C597EFD867004C2C8E5A784C /* ThemeSettingView.swift */; };
		FC3AC0C531594C9C84DD50BF /* DashboardView.swift in Sources */ = {isa = PBXBuildFile; fileRef = DFA9EB37B3E3460395DF85A2 /* DashboardView.swift */; };
		8C0A3AB0547C403FA29DC99B /* HubView.swift in Sources */ = {isa = PBXBuildFile; fileRef = 137E578C19014508A5E9ED91 /* HubView.swift */; };
		8FE418E355394BC9A8173194 /* MealInputView.swift in Sources */ = {isa = PBXBuildFile; fileRef = DF450A6345AF43A29D235778 /* MealInputView.swift */; };
		0B778AD883A4490E88C29BB0 /* MealsView.swift in Sources */ = {isa = PBXBuildFile; fileRef = 36B4DDA227504A18B8CEA8AB /* MealsView.swift */; };
		C2BF143523884247B857F7CE /* OnboardingView.swift in Sources */ = {isa = PBXBuildFile; fileRef = 75A0DA7EA662447CB07F4725 /* OnboardingView.swift */; };
		3F2CD3FD7034471692918F1D /* MyProfileView.swift in Sources */ = {isa = PBXBuildFile; fileRef = FB85EA54B1044F62A463BAD4 /* MyProfileView.swift */; };
		181C176424F14AB0B1130EF9 /* ProfileColorPickerView.swift in Sources */ = {isa = PBXBuildFile; fileRef = 3E85F55D089544CEBA8EC9FB /* ProfileColorPickerView.swift */; };
		2369A0E60F3B4199BD53B093 /* ProfileFormView.swift in Sources */ = {isa = PBXBuildFile; fileRef = 3B6CD9CBBA1348AB9FE417F4 /* ProfileFormView.swift */; };
		B3B2B9CA46B7496B9D06DAF7 /* ProfilePhotoUploadView.swift in Sources */ = {isa = PBXBuildFile; fileRef = D719CF4744724BF781A1E256 /* ProfilePhotoUploadView.swift */; };
		738367D354204092B882140D /* RecipeFormView.swift in Sources */ = {isa = PBXBuildFile; fileRef = 265AE966DC84409CB7E27561 /* RecipeFormView.swift */; };
		51D67B19C7064D24961F7EEA /* RecipesView.swift in Sources */ = {isa = PBXBuildFile; fileRef = A62606D6D948480BB558005C /* RecipesView.swift */; };
		121DA1B56C344C388AF5D7BC /* RootView.swift in Sources */ = {isa = PBXBuildFile; fileRef = 591BC40EE26E449C9BE8A060 /* RootView.swift */; };
		E5D04F7248D84AFFB31E4CFB /* RoutineFormView.swift in Sources */ = {isa = PBXBuildFile; fileRef = 7B89821191CF44BFA771D763 /* RoutineFormView.swift */; };
		7273E714619B4A2F909679A2 /* RoutinesView.swift in Sources */ = {isa = PBXBuildFile; fileRef = 634CC5025ED041BD8D463D2C /* RoutinesView.swift */; };
		CA42F1E1A2F04FBDABC51024 /* SettingsView.swift in Sources */ = {isa = PBXBuildFile; fileRef = 99122EC3A9544A83A0FAF793 /* SettingsView.swift */; };
		DC3F414BEEDC4D1EA32B2C49 /* SnacksView.swift in Sources */ = {isa = PBXBuildFile; fileRef = 3EE3F2A612D94766A1BEA2C1 /* SnacksView.swift */; };
		C7A0990BD2B84AFE8BE2D6FC /* Assets.xcassets in Resources */ = {isa = PBXBuildFile; fileRef = FFB9D0A7F2E14FEBB35BB8AE /* Assets.xcassets */; };
		F98D6187F80F4FAC9C7F526E /* Products */ = {isa = PBXGroup; children = (6A5478F5757E4B688908723B /* HomeHub.app */); name = Products; sourceTree = "<group>"; };
		10150439BEA245A88C622D5D /* HomeHub */ = {isa = PBXGroup; children = (7246CF14F2EE4617BCDCA05F /* AppState.swift */, DFC50B8480F245869463BB29 /* HomeHubApp.swift */, 8C5884BFADE041D6BB392FEB /* Account.swift */, 784D548D19184FDA8EDC387C /* Calendar.swift */, DB8874963CCD402BBC195C5A /* Chore.swift */, 534CC9A9F3944CC8B2C5227D /* Dashboard.swift */, A5848038607B48549C777593 /* Enums.swift */, E8AE2F98A6BA4FEA8E359941 /* Household.swift */, 71B8945A358C4B6A841537F7 /* Meal.swift */, 7F5CC5CA93294E86B68D22B9 /* Profile.swift */, 27727E8EC7F944518DE280BF /* Recipe.swift */, 487CF638019044739982B277 /* Routine.swift */, B37B4AA470BD4E0783B11FBC /* User.swift */, 93DD2FC689D847E783E499A0 /* APIClient.swift */, 1D58E9883C82497DA30918AD /* AuthService.swift */, 7D9E7B9347F2453C96717612 /* GoogleCalendarAuth.swift */, 8B2CEB017F424FADBF1A98F5 /* HomeHubAPI.swift */, 680621E9B3614F9492EC8E99 /* AppTheme.swift */, F66246E48C854FFCA701BC87 /* BirthdayHelpers.swift */, 13C4AA5EA9164934A7B396F7 /* CalendarHelpers.swift */, DB67F329C4894A42B5B3E991 /* CalendarStatusHelpers.swift */, 3B4006C2DC93410B872BF7AC /* CalendarSyncInterval.swift */, 56A75705F5774303B9F55290 /* ChoreHelpers.swift */, F3AA97F2262D4B89A215B552 /* DateHelpers.swift */, A4BEACC34C524E0A976B7149 /* HouseholdRoles.swift */, 74C4BFB2A066467AB1176488 /* ProfileColors.swift */, F1455EFE112B430FA223867D /* ProfilePhotoHelpers.swift */, EE8544D49EB04508BE3D3CDD /* RecipeFormHelpers.swift */, A836A359B5E747AA9EAFC1C1 /* SnackHelpers.swift */, 84D6A66AE8FC48E098BE90C5 /* WeekStart.swift */, 7DCB41183A8C4AB29C2719E9 /* CalendarSettingsViewModel.swift */, 905E0E2D4DC949548047422F /* CalendarViewModel.swift */, 4DC167C3F3EF4947A0584B23 /* ChoresViewModel.swift */, F6A6ADC3283C4D7794B03CF0 /* HouseholdMembersViewModel.swift */, 192280657600444F9D11F1E4 /* MealsViewModel.swift */, B368891918414437B58D416F /* MyProfileViewModel.swift */, 3B6522942B1448FCB39B738B /* ProfilesViewModel.swift */, 3A1875713CC0419C94FC7879 /* RecipesViewModel.swift */, A5DF2E4087BD41B2BF07C48D /* RoutinesViewModel.swift */, B7E8A2CAD9A04DC38E70FD77 /* SnacksViewModel.swift */, 22D301E6C1B9459398175D00 /* SignInView.swift */, 54765039AB5F4CBD9B1996BF /* CalendarEventFormView.swift */, 22853CAC791F4E3F9ECE95C7 /* CalendarSettingsView.swift */, 73EC81F1AE7B461D86AABD94 /* CalendarView.swift */, 5B02F7ECBB684371B9669782 /* ChoreFormView.swift */, 06943B2D7251476B93385F84 /* ChoresView.swift */, AAE7C7C2F95B4D55A28D1484 /* FormFields.swift */, 7C94EE8A80B44130A01E8B3E /* HubComponents.swift */, C597EFD867004C2C8E5A784C /* ThemeSettingView.swift */, DFA9EB37B3E3460395DF85A2 /* DashboardView.swift */, 137E578C19014508A5E9ED91 /* HubView.swift */, DF450A6345AF43A29D235778 /* MealInputView.swift */, 36B4DDA227504A18B8CEA8AB /* MealsView.swift */, 75A0DA7EA662447CB07F4725 /* OnboardingView.swift */, FB85EA54B1044F62A463BAD4 /* MyProfileView.swift */, 3E85F55D089544CEBA8EC9FB /* ProfileColorPickerView.swift */, 3B6CD9CBBA1348AB9FE417F4 /* ProfileFormView.swift */, D719CF4744724BF781A1E256 /* ProfilePhotoUploadView.swift */, 265AE966DC84409CB7E27561 /* RecipeFormView.swift */, A62606D6D948480BB558005C /* RecipesView.swift */, 591BC40EE26E449C9BE8A060 /* RootView.swift */, 7B89821191CF44BFA771D763 /* RoutineFormView.swift */, 634CC5025ED041BD8D463D2C /* RoutinesView.swift */, 99122EC3A9544A83A0FAF793 /* SettingsView.swift */, 3EE3F2A612D94766A1BEA2C1 /* SnacksView.swift */, 5EBD45D3DC4944829FFE6AA6 /* Info.plist */, FFB9D0A7F2E14FEBB35BB8AE /* Assets.xcassets */); name = HomeHub; sourceTree = "<group>"; };
		451CC285D2214502A135E404 = {isa = PBXGroup; children = (10150439BEA245A88C622D5D /* HomeHub */, F98D6187F80F4FAC9C7F526E /* Products */); sourceTree = "<group>"; };
		A96AC1662686446184981B36 /* Frameworks */ = {isa = PBXFrameworksBuildPhase; buildActionMask = 2147483647; files = (); runOnlyForDeploymentPostprocessing = 0; };
		29EE5017DCFA460995CB605F /* Sources */ = {isa = PBXSourcesBuildPhase; buildActionMask = 2147483647; files = (672BFE2488174B0DA624A2D0 /* AppState.swift in Sources */, 28BD236A3AC74FAFA1D2469C /* HomeHubApp.swift in Sources */, 2972FD6F2DC742CAB1430AC7 /* Account.swift in Sources */, E574C8837C514384B6EB3DB5 /* Calendar.swift in Sources */, 3B13A33D0C7A47208036E245 /* Chore.swift in Sources */, AD0289BB02EC4114847523A8 /* Dashboard.swift in Sources */, 0A944BF8E8D74A65B60AAA0A /* Enums.swift in Sources */, 02498AAE9931480AAD385759 /* Household.swift in Sources */, 1D848FA540CF4ACD95136E02 /* Meal.swift in Sources */, 959ABA1CA7CD44ED82EE096D /* Profile.swift in Sources */, 05120E99F2734AEFB9F16BC1 /* Recipe.swift in Sources */, EEAC0DB016D246AEBAAF7D11 /* Routine.swift in Sources */, 5F0A95FED792483C83BDEAC6 /* User.swift in Sources */, 8AD1B76D261E439CA19BED94 /* APIClient.swift in Sources */, 226ED47C98DF425F9C3043FC /* AuthService.swift in Sources */, 121E3E505F74407EA246B011 /* GoogleCalendarAuth.swift in Sources */, C7F74EACC38F4AC2A3EFC773 /* HomeHubAPI.swift in Sources */, C7A5D10B5CB542C9AF09FD38 /* AppTheme.swift in Sources */, A8B1977313034AA8A70D10CD /* BirthdayHelpers.swift in Sources */, 508C4195927042F08AF379A8 /* CalendarHelpers.swift in Sources */, DB547E667E4B4A4E80033ADD /* CalendarStatusHelpers.swift in Sources */, 94D65AE682EA4AA896718529 /* CalendarSyncInterval.swift in Sources */, 934F8C2880F8472E8C4D1E7C /* ChoreHelpers.swift in Sources */, 6FD5AAC3CA4A4AA78EAD3078 /* DateHelpers.swift in Sources */, 1DB2B5FC12A54D9A9F81DAFE /* HouseholdRoles.swift in Sources */, 16A04EA0420244399E89A149 /* ProfileColors.swift in Sources */, EA00A26042DE4DB382FE9CAA /* ProfilePhotoHelpers.swift in Sources */, FD6E33A5C04642DDA9D2AC96 /* RecipeFormHelpers.swift in Sources */, 1020E4DA017349DF8C3E518A /* SnackHelpers.swift in Sources */, 1A903AC744A441C384AB2624 /* WeekStart.swift in Sources */, F75D6701ED044D3FBCECB317 /* CalendarSettingsViewModel.swift in Sources */, 5D182F2D6A304F61BD322C8B /* CalendarViewModel.swift in Sources */, 3F60689FCE4646C9A7E5F98E /* ChoresViewModel.swift in Sources */, D9AB63CF724F40159BAED8C5 /* HouseholdMembersViewModel.swift in Sources */, 141C046E6AA54DBE8C873CF6 /* MealsViewModel.swift in Sources */, 43CEFB10526A459FB42040E9 /* MyProfileViewModel.swift in Sources */, A17E15E9AC2347ADB94FBFB0 /* ProfilesViewModel.swift in Sources */, 97E85291E8BA4C5F8BAE6FFA /* RecipesViewModel.swift in Sources */, 9E1F2286A048415FA054BD4F /* RoutinesViewModel.swift in Sources */, CBF8BF950EF241C8A9CB031A /* SnacksViewModel.swift in Sources */, 20E7CAF4EBCD4E2E82713562 /* SignInView.swift in Sources */, 7D629A359E964F4589B1D24B /* CalendarEventFormView.swift in Sources */, CD749777404F482988EAAF8A /* CalendarSettingsView.swift in Sources */, 8068CB5DC8864607BF1DF09E /* CalendarView.swift in Sources */, A1EFCA62CFA941FD90EC2C3E /* ChoreFormView.swift in Sources */, 8D8C5D50DCEC452FBF7D2E8E /* ChoresView.swift in Sources */, 55194A4FA03F4CCBA2DADE17 /* FormFields.swift in Sources */, 7983EA0D990C416B9112A707 /* HubComponents.swift in Sources */, CFAA3D5DD4AF49C589B80CCE /* ThemeSettingView.swift in Sources */, FC3AC0C531594C9C84DD50BF /* DashboardView.swift in Sources */, 8C0A3AB0547C403FA29DC99B /* HubView.swift in Sources */, 8FE418E355394BC9A8173194 /* MealInputView.swift in Sources */, 0B778AD883A4490E88C29BB0 /* MealsView.swift in Sources */, C2BF143523884247B857F7CE /* OnboardingView.swift in Sources */, 3F2CD3FD7034471692918F1D /* MyProfileView.swift in Sources */, 181C176424F14AB0B1130EF9 /* ProfileColorPickerView.swift in Sources */, 2369A0E60F3B4199BD53B093 /* ProfileFormView.swift in Sources */, B3B2B9CA46B7496B9D06DAF7 /* ProfilePhotoUploadView.swift in Sources */, 738367D354204092B882140D /* RecipeFormView.swift in Sources */, 51D67B19C7064D24961F7EEA /* RecipesView.swift in Sources */, 121DA1B56C344C388AF5D7BC /* RootView.swift in Sources */, E5D04F7248D84AFFB31E4CFB /* RoutineFormView.swift in Sources */, 7273E714619B4A2F909679A2 /* RoutinesView.swift in Sources */, CA42F1E1A2F04FBDABC51024 /* SettingsView.swift in Sources */, DC3F414BEEDC4D1EA32B2C49 /* SnacksView.swift in Sources */); runOnlyForDeploymentPostprocessing = 0; };
		8DA82F0C59CD4720B95BD10F /* Resources */ = {isa = PBXResourcesBuildPhase; buildActionMask = 2147483647; files = (C7A0990BD2B84AFE8BE2D6FC /* Assets.xcassets in Resources */); runOnlyForDeploymentPostprocessing = 0; };
		9E6DD3FA9B72431A9CCF45B1 /* HomeHub */ = {isa = PBXNativeTarget; buildConfigurationList = 0736F86A70F34985B89472DC; buildPhases = (29EE5017DCFA460995CB605F /* Sources */, A96AC1662686446184981B36 /* Frameworks */, 8DA82F0C59CD4720B95BD10F /* Resources */); buildRules = (); dependencies = (); name = HomeHub; productName = HomeHub; productReference = 6A5478F5757E4B688908723B; productType = "com.apple.product-type.application"; };
		775AEA1B6F064E95A03B49A5 /* Project object */ = {isa = PBXProject; attributes = {BuildIndependentTargetsInParallel = 1; LastUpgradeCheck = 1600;}; buildConfigurationList = 74FA7AEEE97F4BDDBD50EA59; compatibilityVersion = "Xcode 14.0"; developmentRegion = en; hasScannedForEncodings = 0; knownRegions = (en, Base); mainGroup = 451CC285D2214502A135E404; productRefGroup = F98D6187F80F4FAC9C7F526E; projectDirPath = ""; projectRoot = ""; targets = (9E6DD3FA9B72431A9CCF45B1); };
		7E4B22B6E5FA4C288AE396AE /* Debug */ = {isa = XCBuildConfiguration; buildSettings = {IPHONEOS_DEPLOYMENT_TARGET = 17.0; SWIFT_VERSION = 5.0; TARGETED_DEVICE_FAMILY = 2; }; name = Debug; };
		D966167AAE8046EB99E6B2EC /* Release */ = {isa = XCBuildConfiguration; buildSettings = {IPHONEOS_DEPLOYMENT_TARGET = 17.0; SWIFT_VERSION = 5.0; TARGETED_DEVICE_FAMILY = 2; }; name = Release; };
		67802395B05945369A4540E8 /* Debug */ = {isa = XCBuildConfiguration; buildSettings = {ALWAYS_SEARCH_USER_PATHS = NO; CODE_SIGN_STYLE = Automatic; CURRENT_PROJECT_VERSION = 1; GENERATE_INFOPLIST_FILE = NO; INFOPLIST_FILE = HomeHub/Info.plist; LD_RUNPATH_SEARCH_PATHS = ("$(inherited)", "@executable_path/Frameworks"); MARKETING_VERSION = 1.0; PRODUCT_BUNDLE_IDENTIFIER = com.homehub.app; PRODUCT_NAME = "$(TARGET_NAME)"; SDKROOT = iphoneos; SUPPORTED_PLATFORMS = "iphoneos iphonesimulator"; SWIFT_EMIT_LOC_STRINGS = YES; SWIFT_ACTIVE_COMPILATION_CONDITIONS = DEBUG; }; name = Debug; };
		C32FD515027D487892CAB43E /* Release */ = {isa = XCBuildConfiguration; buildSettings = {ALWAYS_SEARCH_USER_PATHS = NO; CODE_SIGN_STYLE = Automatic; CURRENT_PROJECT_VERSION = 1; GENERATE_INFOPLIST_FILE = NO; INFOPLIST_FILE = HomeHub/Info.plist; LD_RUNPATH_SEARCH_PATHS = ("$(inherited)", "@executable_path/Frameworks"); MARKETING_VERSION = 1.0; PRODUCT_BUNDLE_IDENTIFIER = com.homehub.app; PRODUCT_NAME = "$(TARGET_NAME)"; SDKROOT = iphoneos; SUPPORTED_PLATFORMS = "iphoneos iphonesimulator"; SWIFT_EMIT_LOC_STRINGS = YES; }; name = Release; };
		74FA7AEEE97F4BDDBD50EA59 = {isa = XCConfigurationList; buildConfigurations = (7E4B22B6E5FA4C288AE396AE /* Debug */, D966167AAE8046EB99E6B2EC /* Release */); defaultConfigurationIsVisible = 0; defaultConfigurationName = Release; };
		0736F86A70F34985B89472DC = {isa = XCConfigurationList; buildConfigurations = (67802395B05945369A4540E8 /* Debug */, C32FD515027D487892CAB43E /* Release */); defaultConfigurationIsVisible = 0; defaultConfigurationName = Release; };
	};
	rootObject = 775AEA1B6F064E95A03B49A5 /* Project object */;
}
