// !$*UTF8*$!
{
	archiveVersion = 1;
	classes = {};
	objectVersion = 56;
	objects = {
		CDCE52D0D5634A5A97AE18F4 /* AppState.swift */ = {isa = PBXFileReference; lastKnownFileType = sourcecode.swift; name = AppState.swift; path = HomeHub/App/AppState.swift; sourceTree = SOURCE_ROOT; };
		7241EF5D6BDA46E0AD80B8DB /* HomeHubApp.swift */ = {isa = PBXFileReference; lastKnownFileType = sourcecode.swift; name = HomeHubApp.swift; path = HomeHub/HomeHubApp.swift; sourceTree = SOURCE_ROOT; };
		07311C82AEDA42AD807CE8BD /* Account.swift */ = {isa = PBXFileReference; lastKnownFileType = sourcecode.swift; name = Account.swift; path = HomeHub/Models/Account.swift; sourceTree = SOURCE_ROOT; };
		76F53B34BFFB483FB4561DB7 /* Birthday.swift */ = {isa = PBXFileReference; lastKnownFileType = sourcecode.swift; name = Birthday.swift; path = HomeHub/Models/Birthday.swift; sourceTree = SOURCE_ROOT; };
		A5E1B3CAA1C14A1FB4BF230E /* Calendar.swift */ = {isa = PBXFileReference; lastKnownFileType = sourcecode.swift; name = Calendar.swift; path = HomeHub/Models/Calendar.swift; sourceTree = SOURCE_ROOT; };
		ACEAF54E733F47EF8E94DFD0 /* Chore.swift */ = {isa = PBXFileReference; lastKnownFileType = sourcecode.swift; name = Chore.swift; path = HomeHub/Models/Chore.swift; sourceTree = SOURCE_ROOT; };
		CF1241AC4C574FDB92DBB255 /* CroutonRecipe.swift */ = {isa = PBXFileReference; lastKnownFileType = sourcecode.swift; name = CroutonRecipe.swift; path = HomeHub/Models/CroutonRecipe.swift; sourceTree = SOURCE_ROOT; };
		C35A4B80199C4FB1A3F09892 /* Dashboard.swift */ = {isa = PBXFileReference; lastKnownFileType = sourcecode.swift; name = Dashboard.swift; path = HomeHub/Models/Dashboard.swift; sourceTree = SOURCE_ROOT; };
		854359EC9FB54567B7F982E5 /* Enums.swift */ = {isa = PBXFileReference; lastKnownFileType = sourcecode.swift; name = Enums.swift; path = HomeHub/Models/Enums.swift; sourceTree = SOURCE_ROOT; };
		8EC3205D614944758D99870B /* Grocery.swift */ = {isa = PBXFileReference; lastKnownFileType = sourcecode.swift; name = Grocery.swift; path = HomeHub/Models/Grocery.swift; sourceTree = SOURCE_ROOT; };
		6FB929F68E6F484F827516C4 /* Household.swift */ = {isa = PBXFileReference; lastKnownFileType = sourcecode.swift; name = Household.swift; path = HomeHub/Models/Household.swift; sourceTree = SOURCE_ROOT; };
		84DE2E4C537E4C8B95A531CC /* Meal.swift */ = {isa = PBXFileReference; lastKnownFileType = sourcecode.swift; name = Meal.swift; path = HomeHub/Models/Meal.swift; sourceTree = SOURCE_ROOT; };
		FAC30D08FB8D49BF957DE63C /* NapLog.swift */ = {isa = PBXFileReference; lastKnownFileType = sourcecode.swift; name = NapLog.swift; path = HomeHub/Models/NapLog.swift; sourceTree = SOURCE_ROOT; };
		23978DC198AD428BBBBDB5B2 /* NotificationSettings.swift */ = {isa = PBXFileReference; lastKnownFileType = sourcecode.swift; name = NotificationSettings.swift; path = HomeHub/Models/NotificationSettings.swift; sourceTree = SOURCE_ROOT; };
		56761789935041018C827291 /* Profile.swift */ = {isa = PBXFileReference; lastKnownFileType = sourcecode.swift; name = Profile.swift; path = HomeHub/Models/Profile.swift; sourceTree = SOURCE_ROOT; };
		7EC69A90DF9744F6B9C2A148 /* Recipe.swift */ = {isa = PBXFileReference; lastKnownFileType = sourcecode.swift; name = Recipe.swift; path = HomeHub/Models/Recipe.swift; sourceTree = SOURCE_ROOT; };
		7D4DA615ED684E239985C641 /* Routine.swift */ = {isa = PBXFileReference; lastKnownFileType = sourcecode.swift; name = Routine.swift; path = HomeHub/Models/Routine.swift; sourceTree = SOURCE_ROOT; };
		0BBEDFC366354DB0AD234644 /* User.swift */ = {isa = PBXFileReference; lastKnownFileType = sourcecode.swift; name = User.swift; path = HomeHub/Models/User.swift; sourceTree = SOURCE_ROOT; };
		B75AF62805444A6DBCE4B3E7 /* APIClient.swift */ = {isa = PBXFileReference; lastKnownFileType = sourcecode.swift; name = APIClient.swift; path = HomeHub/Services/APIClient.swift; sourceTree = SOURCE_ROOT; };
		253B0AF93FAB483E871C8857 /* AuthService.swift */ = {isa = PBXFileReference; lastKnownFileType = sourcecode.swift; name = AuthService.swift; path = HomeHub/Services/AuthService.swift; sourceTree = SOURCE_ROOT; };
		E8F94A0C476C4BDC84590E66 /* HomeHubAPI.swift */ = {isa = PBXFileReference; lastKnownFileType = sourcecode.swift; name = HomeHubAPI.swift; path = HomeHub/Services/HomeHubAPI.swift; sourceTree = SOURCE_ROOT; };
		73BBAB88CCD842DB8A7AE151 /* HomeHubLocalStore.swift */ = {isa = PBXFileReference; lastKnownFileType = sourcecode.swift; name = HomeHubLocalStore.swift; path = HomeHub/Services/HomeHubLocalStore.swift; sourceTree = SOURCE_ROOT; };
		C8E9CFB1308A4B1FAC03ACF0 /* NativeCalendarService.swift */ = {isa = PBXFileReference; lastKnownFileType = sourcecode.swift; name = NativeCalendarService.swift; path = HomeHub/Services/NativeCalendarService.swift; sourceTree = SOURCE_ROOT; };
		E04113F9B8054C11A791CAC8 /* NativeNotificationService.swift */ = {isa = PBXFileReference; lastKnownFileType = sourcecode.swift; name = NativeNotificationService.swift; path = HomeHub/Services/NativeNotificationService.swift; sourceTree = SOURCE_ROOT; };
		5BA01EB9F0F94190B877C77D /* NativeRemindersService.swift */ = {isa = PBXFileReference; lastKnownFileType = sourcecode.swift; name = NativeRemindersService.swift; path = HomeHub/Services/NativeRemindersService.swift; sourceTree = SOURCE_ROOT; };
		1BDF2CFFBB4641E5B0344363 /* NativeWeatherService.swift */ = {isa = PBXFileReference; lastKnownFileType = sourcecode.swift; name = NativeWeatherService.swift; path = HomeHub/Services/NativeWeatherService.swift; sourceTree = SOURCE_ROOT; };
		D1736013982A40A8BE339336 /* RemoteImageLoader.swift */ = {isa = PBXFileReference; lastKnownFileType = sourcecode.swift; name = RemoteImageLoader.swift; path = HomeHub/Services/RemoteImageLoader.swift; sourceTree = SOURCE_ROOT; };
		190CBCA8DF574C6691CA3BD2 /* SessionCredentials.swift */ = {isa = PBXFileReference; lastKnownFileType = sourcecode.swift; name = SessionCredentials.swift; path = HomeHub/Services/SessionCredentials.swift; sourceTree = SOURCE_ROOT; };
		A5E39E1273014C3B95C45E17 /* SleepLiveActivityManager.swift */ = {isa = PBXFileReference; lastKnownFileType = sourcecode.swift; name = SleepLiveActivityManager.swift; path = HomeHub/Services/SleepLiveActivityManager.swift; sourceTree = SOURCE_ROOT; };
		8C1B0D9D7D8846F887854E59 /* AppTheme.swift */ = {isa = PBXFileReference; lastKnownFileType = sourcecode.swift; name = AppTheme.swift; path = HomeHub/Utilities/AppTheme.swift; sourceTree = SOURCE_ROOT; };
		CAC7DBD2A6A64461A7FB3D0A /* BirthdayHelpers.swift */ = {isa = PBXFileReference; lastKnownFileType = sourcecode.swift; name = BirthdayHelpers.swift; path = HomeHub/Utilities/BirthdayHelpers.swift; sourceTree = SOURCE_ROOT; };
		AE04BBBD3D0342449AB7ED2A /* BirthdayNotificationPlanner.swift */ = {isa = PBXFileReference; lastKnownFileType = sourcecode.swift; name = BirthdayNotificationPlanner.swift; path = HomeHub/Utilities/BirthdayNotificationPlanner.swift; sourceTree = SOURCE_ROOT; };
		1B2830EC176E4CC1823F9704 /* BirthdayTodayHelpers.swift */ = {isa = PBXFileReference; lastKnownFileType = sourcecode.swift; name = BirthdayTodayHelpers.swift; path = HomeHub/Utilities/BirthdayTodayHelpers.swift; sourceTree = SOURCE_ROOT; };
		27290C7EAF124ED189A8F227 /* CalendarHelpers.swift */ = {isa = PBXFileReference; lastKnownFileType = sourcecode.swift; name = CalendarHelpers.swift; path = HomeHub/Utilities/CalendarHelpers.swift; sourceTree = SOURCE_ROOT; };
		1F297713A5614638A9B47F30 /* CelebrationText.swift */ = {isa = PBXFileReference; lastKnownFileType = sourcecode.swift; name = CelebrationText.swift; path = HomeHub/Utilities/CelebrationText.swift; sourceTree = SOURCE_ROOT; };
		88C870B665E54601BE9086E5 /* ChoreHelpers.swift */ = {isa = PBXFileReference; lastKnownFileType = sourcecode.swift; name = ChoreHelpers.swift; path = HomeHub/Utilities/ChoreHelpers.swift; sourceTree = SOURCE_ROOT; };
		D753E329E0554905A4891089 /* CompletionHelpers.swift */ = {isa = PBXFileReference; lastKnownFileType = sourcecode.swift; name = CompletionHelpers.swift; path = HomeHub/Utilities/CompletionHelpers.swift; sourceTree = SOURCE_ROOT; };
		8FD82C85A0454C49B1F4538C /* CroutonImport.swift */ = {isa = PBXFileReference; lastKnownFileType = sourcecode.swift; name = CroutonImport.swift; path = HomeHub/Utilities/CroutonImport.swift; sourceTree = SOURCE_ROOT; };
		BEDC595819C343DCB5285C38 /* DashboardHelpers.swift */ = {isa = PBXFileReference; lastKnownFileType = sourcecode.swift; name = DashboardHelpers.swift; path = HomeHub/Utilities/DashboardHelpers.swift; sourceTree = SOURCE_ROOT; };
		C1E67280E93B4111BAA7F281 /* DashboardRowHelpers.swift */ = {isa = PBXFileReference; lastKnownFileType = sourcecode.swift; name = DashboardRowHelpers.swift; path = HomeHub/Utilities/DashboardRowHelpers.swift; sourceTree = SOURCE_ROOT; };
		E431C775281F44AFA515B4F1 /* DateHelpers.swift */ = {isa = PBXFileReference; lastKnownFileType = sourcecode.swift; name = DateHelpers.swift; path = HomeHub/Utilities/DateHelpers.swift; sourceTree = SOURCE_ROOT; };
		1A70E2CDC9B44991ACE713BB /* GroceryHelpers.swift */ = {isa = PBXFileReference; lastKnownFileType = sourcecode.swift; name = GroceryHelpers.swift; path = HomeHub/Utilities/GroceryHelpers.swift; sourceTree = SOURCE_ROOT; };
		CA7FC97CF59043B2896A246B /* HomeHubWidgetShared.swift */ = {isa = PBXFileReference; lastKnownFileType = sourcecode.swift; name = HomeHubWidgetShared.swift; path = HomeHub/Utilities/HomeHubWidgetShared.swift; sourceTree = SOURCE_ROOT; };
		D73F441E515F4E99B90B9D40 /* HouseholdRoles.swift */ = {isa = PBXFileReference; lastKnownFileType = sourcecode.swift; name = HouseholdRoles.swift; path = HomeHub/Utilities/HouseholdRoles.swift; sourceTree = SOURCE_ROOT; };
		D9C12BAECA13468C853AA8E2 /* ImageDownsampling.swift */ = {isa = PBXFileReference; lastKnownFileType = sourcecode.swift; name = ImageDownsampling.swift; path = HomeHub/Utilities/ImageDownsampling.swift; sourceTree = SOURCE_ROOT; };
		BD57A54F2D1F4665B862737E /* IngredientMerge.swift */ = {isa = PBXFileReference; lastKnownFileType = sourcecode.swift; name = IngredientMerge.swift; path = HomeHub/Utilities/IngredientMerge.swift; sourceTree = SOURCE_ROOT; };
		BC0E7EF522774B30B622203F /* LocalStoreLocation.swift */ = {isa = PBXFileReference; lastKnownFileType = sourcecode.swift; name = LocalStoreLocation.swift; path = HomeHub/Utilities/LocalStoreLocation.swift; sourceTree = SOURCE_ROOT; };
		31E8DC50B4064386A871136B /* MealPlanHelpers.swift */ = {isa = PBXFileReference; lastKnownFileType = sourcecode.swift; name = MealPlanHelpers.swift; path = HomeHub/Utilities/MealPlanHelpers.swift; sourceTree = SOURCE_ROOT; };
		F55F7C2B336E4E3590A50C1C /* MealSlotClock.swift */ = {isa = PBXFileReference; lastKnownFileType = sourcecode.swift; name = MealSlotClock.swift; path = HomeHub/Utilities/MealSlotClock.swift; sourceTree = SOURCE_ROOT; };
		A27083373D49422883505A85 /* NapHelpers.swift */ = {isa = PBXFileReference; lastKnownFileType = sourcecode.swift; name = NapHelpers.swift; path = HomeHub/Utilities/NapHelpers.swift; sourceTree = SOURCE_ROOT; };
		946A40B6E83B41D498D83CCD /* NotificationDiff.swift */ = {isa = PBXFileReference; lastKnownFileType = sourcecode.swift; name = NotificationDiff.swift; path = HomeHub/Utilities/NotificationDiff.swift; sourceTree = SOURCE_ROOT; };
		2EE011DD628D4B758ACA7BDA /* ProfileColors.swift */ = {isa = PBXFileReference; lastKnownFileType = sourcecode.swift; name = ProfileColors.swift; path = HomeHub/Utilities/ProfileColors.swift; sourceTree = SOURCE_ROOT; };
		4549E6A7B17046E49C38AD7A /* ProfilePhotoHelpers.swift */ = {isa = PBXFileReference; lastKnownFileType = sourcecode.swift; name = ProfilePhotoHelpers.swift; path = HomeHub/Utilities/ProfilePhotoHelpers.swift; sourceTree = SOURCE_ROOT; };
		195003433423415DB12232AC /* RecipeFormHelpers.swift */ = {isa = PBXFileReference; lastKnownFileType = sourcecode.swift; name = RecipeFormHelpers.swift; path = HomeHub/Utilities/RecipeFormHelpers.swift; sourceTree = SOURCE_ROOT; };
		990289EED1194DADAC44F0C9 /* RecipeLines.swift */ = {isa = PBXFileReference; lastKnownFileType = sourcecode.swift; name = RecipeLines.swift; path = HomeHub/Utilities/RecipeLines.swift; sourceTree = SOURCE_ROOT; };
		94112ED553CD4579B4CB5519 /* RecipeTagHelpers.swift */ = {isa = PBXFileReference; lastKnownFileType = sourcecode.swift; name = RecipeTagHelpers.swift; path = HomeHub/Utilities/RecipeTagHelpers.swift; sourceTree = SOURCE_ROOT; };
		8079865DB0A54496A740853F /* SleepActivityAttributes.swift */ = {isa = PBXFileReference; lastKnownFileType = sourcecode.swift; name = SleepActivityAttributes.swift; path = HomeHub/Utilities/SleepActivityAttributes.swift; sourceTree = SOURCE_ROOT; };
		8AEF964744504990975AF575 /* SnackHelpers.swift */ = {isa = PBXFileReference; lastKnownFileType = sourcecode.swift; name = SnackHelpers.swift; path = HomeHub/Utilities/SnackHelpers.swift; sourceTree = SOURCE_ROOT; };
		4E2B9C21E1774370B568E656 /* StreakHelpers.swift */ = {isa = PBXFileReference; lastKnownFileType = sourcecode.swift; name = StreakHelpers.swift; path = HomeHub/Utilities/StreakHelpers.swift; sourceTree = SOURCE_ROOT; };
		EE8D69D63CC64874982C44CA /* TodayLayoutDefault.swift */ = {isa = PBXFileReference; lastKnownFileType = sourcecode.swift; name = TodayLayoutDefault.swift; path = HomeHub/Utilities/TodayLayoutDefault.swift; sourceTree = SOURCE_ROOT; };
		62C29FE360084F08A8FAD877 /* WeekStart.swift */ = {isa = PBXFileReference; lastKnownFileType = sourcecode.swift; name = WeekStart.swift; path = HomeHub/Utilities/WeekStart.swift; sourceTree = SOURCE_ROOT; };
		E66B775DCC534FDA894B1ABD /* BirthdaysViewModel.swift */ = {isa = PBXFileReference; lastKnownFileType = sourcecode.swift; name = BirthdaysViewModel.swift; path = HomeHub/ViewModels/BirthdaysViewModel.swift; sourceTree = SOURCE_ROOT; };
		BA358DD1F4FB4441A4486C1F /* CalendarSettingsViewModel.swift */ = {isa = PBXFileReference; lastKnownFileType = sourcecode.swift; name = CalendarSettingsViewModel.swift; path = HomeHub/ViewModels/CalendarSettingsViewModel.swift; sourceTree = SOURCE_ROOT; };
		A4C6F5EFD0C04C05901F4828 /* CalendarViewModel.swift */ = {isa = PBXFileReference; lastKnownFileType = sourcecode.swift; name = CalendarViewModel.swift; path = HomeHub/ViewModels/CalendarViewModel.swift; sourceTree = SOURCE_ROOT; };
		7A4A0DF2AC5B4EDDB4C23965 /* ChoresViewModel.swift */ = {isa = PBXFileReference; lastKnownFileType = sourcecode.swift; name = ChoresViewModel.swift; path = HomeHub/ViewModels/ChoresViewModel.swift; sourceTree = SOURCE_ROOT; };
		9133431C238B4DB6A0D4813E /* CroutonImportViewModel.swift */ = {isa = PBXFileReference; lastKnownFileType = sourcecode.swift; name = CroutonImportViewModel.swift; path = HomeHub/ViewModels/CroutonImportViewModel.swift; sourceTree = SOURCE_ROOT; };
		44D28E507E5A4F739565F569 /* GroceriesViewModel.swift */ = {isa = PBXFileReference; lastKnownFileType = sourcecode.swift; name = GroceriesViewModel.swift; path = HomeHub/ViewModels/GroceriesViewModel.swift; sourceTree = SOURCE_ROOT; };
		255ED987D2974411B7309E3F /* HouseholdMembersViewModel.swift */ = {isa = PBXFileReference; lastKnownFileType = sourcecode.swift; name = HouseholdMembersViewModel.swift; path = HomeHub/ViewModels/HouseholdMembersViewModel.swift; sourceTree = SOURCE_ROOT; };
		E2D928957CF54533BA13727C /* MealsViewModel.swift */ = {isa = PBXFileReference; lastKnownFileType = sourcecode.swift; name = MealsViewModel.swift; path = HomeHub/ViewModels/MealsViewModel.swift; sourceTree = SOURCE_ROOT; };
		204D9B5BE42D4F1DABCCEB2B /* MyProfileViewModel.swift */ = {isa = PBXFileReference; lastKnownFileType = sourcecode.swift; name = MyProfileViewModel.swift; path = HomeHub/ViewModels/MyProfileViewModel.swift; sourceTree = SOURCE_ROOT; };
		AFA25A34286D4C6FA09077AC /* ProfilesViewModel.swift */ = {isa = PBXFileReference; lastKnownFileType = sourcecode.swift; name = ProfilesViewModel.swift; path = HomeHub/ViewModels/ProfilesViewModel.swift; sourceTree = SOURCE_ROOT; };
		2D795C3ABDD74A66911BABF1 /* RecipesViewModel.swift */ = {isa = PBXFileReference; lastKnownFileType = sourcecode.swift; name = RecipesViewModel.swift; path = HomeHub/ViewModels/RecipesViewModel.swift; sourceTree = SOURCE_ROOT; };
		67592E4B63FF46CF93925308 /* RoutinesViewModel.swift */ = {isa = PBXFileReference; lastKnownFileType = sourcecode.swift; name = RoutinesViewModel.swift; path = HomeHub/ViewModels/RoutinesViewModel.swift; sourceTree = SOURCE_ROOT; };
		9FA87323DF2D48F39FFCCED6 /* SnacksViewModel.swift */ = {isa = PBXFileReference; lastKnownFileType = sourcecode.swift; name = SnacksViewModel.swift; path = HomeHub/ViewModels/SnacksViewModel.swift; sourceTree = SOURCE_ROOT; };
		A38275C44751468792EEE8D0 /* SignInView.swift */ = {isa = PBXFileReference; lastKnownFileType = sourcecode.swift; name = SignInView.swift; path = HomeHub/Views/Auth/SignInView.swift; sourceTree = SOURCE_ROOT; };
		22B046335B4840E5A8EAFAB6 /* BirthdayYearRing.swift */ = {isa = PBXFileReference; lastKnownFileType = sourcecode.swift; name = BirthdayYearRing.swift; path = HomeHub/Views/Birthdays/BirthdayYearRing.swift; sourceTree = SOURCE_ROOT; };
		78FA053C40724F1082A2A532 /* BirthdaysView.swift */ = {isa = PBXFileReference; lastKnownFileType = sourcecode.swift; name = BirthdaysView.swift; path = HomeHub/Views/Birthdays/BirthdaysView.swift; sourceTree = SOURCE_ROOT; };
		B83A7E943E5A4106A644FDF7 /* CalendarSettingsView.swift */ = {isa = PBXFileReference; lastKnownFileType = sourcecode.swift; name = CalendarSettingsView.swift; path = HomeHub/Views/Calendar/CalendarSettingsView.swift; sourceTree = SOURCE_ROOT; };
		47800D1C290344AABCB2972F /* CalendarView.swift */ = {isa = PBXFileReference; lastKnownFileType = sourcecode.swift; name = CalendarView.swift; path = HomeHub/Views/Calendar/CalendarView.swift; sourceTree = SOURCE_ROOT; };
		6BB4A2388C8C4D8BBEA27D91 /* ChoreFormView.swift */ = {isa = PBXFileReference; lastKnownFileType = sourcecode.swift; name = ChoreFormView.swift; path = HomeHub/Views/Chores/ChoreFormView.swift; sourceTree = SOURCE_ROOT; };
		932137CBA5894939B0B9D7E0 /* ChoresView.swift */ = {isa = PBXFileReference; lastKnownFileType = sourcecode.swift; name = ChoresView.swift; path = HomeHub/Views/Chores/ChoresView.swift; sourceTree = SOURCE_ROOT; };
		54E12D6654B348F0A553E681 /* FormFields.swift */ = {isa = PBXFileReference; lastKnownFileType = sourcecode.swift; name = FormFields.swift; path = HomeHub/Views/Components/FormFields.swift; sourceTree = SOURCE_ROOT; };
		45F0E6FAE8C04FC0804A8F35 /* HubComponents.swift */ = {isa = PBXFileReference; lastKnownFileType = sourcecode.swift; name = HubComponents.swift; path = HomeHub/Views/Components/HubComponents.swift; sourceTree = SOURCE_ROOT; };
		BCE0C049763B473AAD570485 /* ThemeSettingView.swift */ = {isa = PBXFileReference; lastKnownFileType = sourcecode.swift; name = ThemeSettingView.swift; path = HomeHub/Views/Components/ThemeSettingView.swift; sourceTree = SOURCE_ROOT; };
		4A9E028B61364B2FAF63AF93 /* BirthdayTodayBanner.swift */ = {isa = PBXFileReference; lastKnownFileType = sourcecode.swift; name = BirthdayTodayBanner.swift; path = HomeHub/Views/Dashboard/BirthdayTodayBanner.swift; sourceTree = SOURCE_ROOT; };
		C36E8FB005754B87934A0934 /* DashboardCardKit.swift */ = {isa = PBXFileReference; lastKnownFileType = sourcecode.swift; name = DashboardCardKit.swift; path = HomeHub/Views/Dashboard/DashboardCardKit.swift; sourceTree = SOURCE_ROOT; };
		6001CE3BFD244529A643B3BD /* DashboardView.swift */ = {isa = PBXFileReference; lastKnownFileType = sourcecode.swift; name = DashboardView.swift; path = HomeHub/Views/Dashboard/DashboardView.swift; sourceTree = SOURCE_ROOT; };
		711C7592101E4A2EA6119F9D /* GroceriesView.swift */ = {isa = PBXFileReference; lastKnownFileType = sourcecode.swift; name = GroceriesView.swift; path = HomeHub/Views/Groceries/GroceriesView.swift; sourceTree = SOURCE_ROOT; };
		B0C5C4AE2EAE43D782A28686 /* HubView.swift */ = {isa = PBXFileReference; lastKnownFileType = sourcecode.swift; name = HubView.swift; path = HomeHub/Views/Hub/HubView.swift; sourceTree = SOURCE_ROOT; };
		EF9B167574824A039992C00F /* MealGroceryPreviewSheet.swift */ = {isa = PBXFileReference; lastKnownFileType = sourcecode.swift; name = MealGroceryPreviewSheet.swift; path = HomeHub/Views/Meals/MealGroceryPreviewSheet.swift; sourceTree = SOURCE_ROOT; };
		CA8CD04C5E8647BC8FFB5032 /* MealPickerSheet.swift */ = {isa = PBXFileReference; lastKnownFileType = sourcecode.swift; name = MealPickerSheet.swift; path = HomeHub/Views/Meals/MealPickerSheet.swift; sourceTree = SOURCE_ROOT; };
		5505E8479D9C43E993346F83 /* MealsView.swift */ = {isa = PBXFileReference; lastKnownFileType = sourcecode.swift; name = MealsView.swift; path = HomeHub/Views/Meals/MealsView.swift; sourceTree = SOURCE_ROOT; };
		29C3C37D69F54AAC871A34C0 /* NapsView.swift */ = {isa = PBXFileReference; lastKnownFileType = sourcecode.swift; name = NapsView.swift; path = HomeHub/Views/Naps/NapsView.swift; sourceTree = SOURCE_ROOT; };
		35C7C609954B404195B358C8 /* SleepEntrySheets.swift */ = {isa = PBXFileReference; lastKnownFileType = sourcecode.swift; name = SleepEntrySheets.swift; path = HomeHub/Views/Naps/SleepEntrySheets.swift; sourceTree = SOURCE_ROOT; };
		1A604FB95D9F4AD088E6471C /* SleepStatusCard.swift */ = {isa = PBXFileReference; lastKnownFileType = sourcecode.swift; name = SleepStatusCard.swift; path = HomeHub/Views/Naps/SleepStatusCard.swift; sourceTree = SOURCE_ROOT; };
		BD93333AAA51451C88858BE7 /* NotesView.swift */ = {isa = PBXFileReference; lastKnownFileType = sourcecode.swift; name = NotesView.swift; path = HomeHub/Views/Notes/NotesView.swift; sourceTree = SOURCE_ROOT; };
		CD379800E484474D9E6ED378 /* OnboardingView.swift */ = {isa = PBXFileReference; lastKnownFileType = sourcecode.swift; name = OnboardingView.swift; path = HomeHub/Views/Onboarding/OnboardingView.swift; sourceTree = SOURCE_ROOT; };
		25B2E2EDBA074A3FB2A6B00A /* DeleteAccountSheet.swift */ = {isa = PBXFileReference; lastKnownFileType = sourcecode.swift; name = DeleteAccountSheet.swift; path = HomeHub/Views/Profiles/DeleteAccountSheet.swift; sourceTree = SOURCE_ROOT; };
		33E044028AB545C891BECC3F /* MyProfileView.swift */ = {isa = PBXFileReference; lastKnownFileType = sourcecode.swift; name = MyProfileView.swift; path = HomeHub/Views/Profiles/MyProfileView.swift; sourceTree = SOURCE_ROOT; };
		3F9E7CDAE7EE4DA69EBA9AD9 /* ProfileColorPickerView.swift */ = {isa = PBXFileReference; lastKnownFileType = sourcecode.swift; name = ProfileColorPickerView.swift; path = HomeHub/Views/Profiles/ProfileColorPickerView.swift; sourceTree = SOURCE_ROOT; };
		1D4ABCCCD3F64978A2311F2A /* ProfileFormView.swift */ = {isa = PBXFileReference; lastKnownFileType = sourcecode.swift; name = ProfileFormView.swift; path = HomeHub/Views/Profiles/ProfileFormView.swift; sourceTree = SOURCE_ROOT; };
		F1150CEA807F4F0BB08A17B1 /* ProfilePhotoUploadView.swift */ = {isa = PBXFileReference; lastKnownFileType = sourcecode.swift; name = ProfilePhotoUploadView.swift; path = HomeHub/Views/Profiles/ProfilePhotoUploadView.swift; sourceTree = SOURCE_ROOT; };
		3CC944D150C44A62BBECB7DD /* CroutonImportView.swift */ = {isa = PBXFileReference; lastKnownFileType = sourcecode.swift; name = CroutonImportView.swift; path = HomeHub/Views/Recipes/CroutonImportView.swift; sourceTree = SOURCE_ROOT; };
		0F2D0666538B4E18911EAEE5 /* RecipeFormView.swift */ = {isa = PBXFileReference; lastKnownFileType = sourcecode.swift; name = RecipeFormView.swift; path = HomeHub/Views/Recipes/RecipeFormView.swift; sourceTree = SOURCE_ROOT; };
		069D544ADF314A4F97D6AA92 /* RecipeTagViews.swift */ = {isa = PBXFileReference; lastKnownFileType = sourcecode.swift; name = RecipeTagViews.swift; path = HomeHub/Views/Recipes/RecipeTagViews.swift; sourceTree = SOURCE_ROOT; };
		D3615F5DF7CD4A22BC19217A /* RecipesView.swift */ = {isa = PBXFileReference; lastKnownFileType = sourcecode.swift; name = RecipesView.swift; path = HomeHub/Views/Recipes/RecipesView.swift; sourceTree = SOURCE_ROOT; };
		8FB4155B0A3E4912B4B31A1B /* RootView.swift */ = {isa = PBXFileReference; lastKnownFileType = sourcecode.swift; name = RootView.swift; path = HomeHub/Views/RootView.swift; sourceTree = SOURCE_ROOT; };
		D47B008644CA46648DD23BA1 /* RoutineFormView.swift */ = {isa = PBXFileReference; lastKnownFileType = sourcecode.swift; name = RoutineFormView.swift; path = HomeHub/Views/Routines/RoutineFormView.swift; sourceTree = SOURCE_ROOT; };
		A5DA147B7DCC43CBA1454D65 /* RoutinesView.swift */ = {isa = PBXFileReference; lastKnownFileType = sourcecode.swift; name = RoutinesView.swift; path = HomeHub/Views/Routines/RoutinesView.swift; sourceTree = SOURCE_ROOT; };
		88271128E5B747769C5C8389 /* HouseholdExportDocument.swift */ = {isa = PBXFileReference; lastKnownFileType = sourcecode.swift; name = HouseholdExportDocument.swift; path = HomeHub/Views/Settings/HouseholdExportDocument.swift; sourceTree = SOURCE_ROOT; };
		9A6CEA706A5946A89847A53C /* HouseholdPhotoUploadView.swift */ = {isa = PBXFileReference; lastKnownFileType = sourcecode.swift; name = HouseholdPhotoUploadView.swift; path = HomeHub/Views/Settings/HouseholdPhotoUploadView.swift; sourceTree = SOURCE_ROOT; };
		83B53F6C8B6E41C183C41DF2 /* InviteCodesSection.swift */ = {isa = PBXFileReference; lastKnownFileType = sourcecode.swift; name = InviteCodesSection.swift; path = HomeHub/Views/Settings/InviteCodesSection.swift; sourceTree = SOURCE_ROOT; };
		AA3AD45D31B341248B0547C1 /* SettingsView.swift */ = {isa = PBXFileReference; lastKnownFileType = sourcecode.swift; name = SettingsView.swift; path = HomeHub/Views/Settings/SettingsView.swift; sourceTree = SOURCE_ROOT; };
		8337783EB3D14CC0AD146DD8 /* SnackChildChips.swift */ = {isa = PBXFileReference; lastKnownFileType = sourcecode.swift; name = SnackChildChips.swift; path = HomeHub/Views/Snacks/SnackChildChips.swift; sourceTree = SOURCE_ROOT; };
		4E5DB79843854CF69B61678E /* SnacksView.swift */ = {isa = PBXFileReference; lastKnownFileType = sourcecode.swift; name = SnacksView.swift; path = HomeHub/Views/Snacks/SnacksView.swift; sourceTree = SOURCE_ROOT; };
		6F18E3790F1545E7BC282D17 /* SleepLiveActivity.swift */ = {isa = PBXFileReference; lastKnownFileType = sourcecode.swift; name = SleepLiveActivity.swift; path = HomeHubLiveActivity/SleepLiveActivity.swift; sourceTree = SOURCE_ROOT; };
		3DB78B83577E40EE85E5F92A /* Info.plist */ = {isa = PBXFileReference; lastKnownFileType = text.plist.xml; path = HomeHubLiveActivity/Info.plist; sourceTree = SOURCE_ROOT; };
		A1F0A43F7E49410FB17CD32E /* HomeHubLiveActivity.appex */ = {isa = PBXFileReference; explicitFileType = "wrapper.app-extension"; includeInIndex = 0; path = HomeHubLiveActivity.appex; sourceTree = BUILT_PRODUCTS_DIR; };
		78082B5CC40C4E51B8843E37 /* Info.plist */ = {isa = PBXFileReference; lastKnownFileType = text.plist.xml; path = HomeHub/Info.plist; sourceTree = SOURCE_ROOT; };
		BD3DD15F6955474FA2035044 /* HomeHub.entitlements */ = {isa = PBXFileReference; lastKnownFileType = text.plist.entitlements; path = HomeHub/HomeHub.entitlements; sourceTree = SOURCE_ROOT; };
		9CF0CA10AC59465CA9147B45 /* Assets.xcassets */ = {isa = PBXFileReference; lastKnownFileType = folder.assetcatalog; path = HomeHub/Assets.xcassets; sourceTree = SOURCE_ROOT; };
		CEA1EB83AD0641E2B09A093C /* PrivacyInfo.xcprivacy */ = {isa = PBXFileReference; lastKnownFileType = text.xml; path = HomeHub/PrivacyInfo.xcprivacy; sourceTree = SOURCE_ROOT; };
		9C0879AF1ECD4FC08C21E4AF /* HomeHub.app */ = {isa = PBXFileReference; explicitFileType = wrapper.application; includeInIndex = 0; path = HomeHub.app; sourceTree = BUILT_PRODUCTS_DIR; };
		9F8A69C91DC440088986CE9D /* Beacon.icon */ = {isa = PBXFileReference; lastKnownFileType = folder.iconcomposer.icon; path = Beacon.icon; sourceTree = SOURCE_ROOT; };
		1FED1B1397E94D91A360D28F /* BeaconOcean.icon */ = {isa = PBXFileReference; lastKnownFileType = folder.iconcomposer.icon; path = BeaconOcean.icon; sourceTree = SOURCE_ROOT; };
		3B1E8EC852D946BDB2DE3E38 /* BeaconClay.icon */ = {isa = PBXFileReference; lastKnownFileType = folder.iconcomposer.icon; path = BeaconClay.icon; sourceTree = SOURCE_ROOT; };
		93E760B39EA34809B5FCC7E1 /* BeaconPlum.icon */ = {isa = PBXFileReference; lastKnownFileType = folder.iconcomposer.icon; path = BeaconPlum.icon; sourceTree = SOURCE_ROOT; };
		C84F88BF036440248F6CD2FB /* BeaconSlate.icon */ = {isa = PBXFileReference; lastKnownFileType = folder.iconcomposer.icon; path = BeaconSlate.icon; sourceTree = SOURCE_ROOT; };
		3534668B989B4DF08F251932 /* BeaconForest.icon */ = {isa = PBXFileReference; lastKnownFileType = folder.iconcomposer.icon; path = BeaconForest.icon; sourceTree = SOURCE_ROOT; };
		4CCCD6E9226E44FAB53E303F /* BeaconTeal.icon */ = {isa = PBXFileReference; lastKnownFileType = folder.iconcomposer.icon; path = BeaconTeal.icon; sourceTree = SOURCE_ROOT; };
		46561A3594804CB6AF6A547E /* BeaconIndigo.icon */ = {isa = PBXFileReference; lastKnownFileType = folder.iconcomposer.icon; path = BeaconIndigo.icon; sourceTree = SOURCE_ROOT; };
		1DD2A93185A3444DAB80D957 /* BeaconRose.icon */ = {isa = PBXFileReference; lastKnownFileType = folder.iconcomposer.icon; path = BeaconRose.icon; sourceTree = SOURCE_ROOT; };
		8E6552338AF24C5399DDA019 /* BeaconOchre.icon */ = {isa = PBXFileReference; lastKnownFileType = folder.iconcomposer.icon; path = BeaconOchre.icon; sourceTree = SOURCE_ROOT; };
		EC9EABE9E4894699B43CD382 /* AppState.swift in Sources */ = {isa = PBXBuildFile; fileRef = CDCE52D0D5634A5A97AE18F4 /* AppState.swift */; };
		F30C8762C48F4AEBB06A3660 /* HomeHubApp.swift in Sources */ = {isa = PBXBuildFile; fileRef = 7241EF5D6BDA46E0AD80B8DB /* HomeHubApp.swift */; };
		A692FB710B7F4AED869D4593 /* Account.swift in Sources */ = {isa = PBXBuildFile; fileRef = 07311C82AEDA42AD807CE8BD /* Account.swift */; };
		E11E63DE8DCD417282D714CB /* Birthday.swift in Sources */ = {isa = PBXBuildFile; fileRef = 76F53B34BFFB483FB4561DB7 /* Birthday.swift */; };
		11508163A7D2463CB59DFDCB /* Calendar.swift in Sources */ = {isa = PBXBuildFile; fileRef = A5E1B3CAA1C14A1FB4BF230E /* Calendar.swift */; };
		044C4A00C5BC40539F5061D3 /* Chore.swift in Sources */ = {isa = PBXBuildFile; fileRef = ACEAF54E733F47EF8E94DFD0 /* Chore.swift */; };
		9834D4A72E994F0E8A7C7C3F /* CroutonRecipe.swift in Sources */ = {isa = PBXBuildFile; fileRef = CF1241AC4C574FDB92DBB255 /* CroutonRecipe.swift */; };
		2CA0F51AE4784D06B1936666 /* Dashboard.swift in Sources */ = {isa = PBXBuildFile; fileRef = C35A4B80199C4FB1A3F09892 /* Dashboard.swift */; };
		F217CC061FC44422B2D15258 /* Enums.swift in Sources */ = {isa = PBXBuildFile; fileRef = 854359EC9FB54567B7F982E5 /* Enums.swift */; };
		4A16A2AFC0584059BC795136 /* Grocery.swift in Sources */ = {isa = PBXBuildFile; fileRef = 8EC3205D614944758D99870B /* Grocery.swift */; };
		CA5BA8398CF542D6BE5B1E9E /* Household.swift in Sources */ = {isa = PBXBuildFile; fileRef = 6FB929F68E6F484F827516C4 /* Household.swift */; };
		23E7A0FE146B47B7A531BEF3 /* Meal.swift in Sources */ = {isa = PBXBuildFile; fileRef = 84DE2E4C537E4C8B95A531CC /* Meal.swift */; };
		DC25D4901533466EA708386A /* NapLog.swift in Sources */ = {isa = PBXBuildFile; fileRef = FAC30D08FB8D49BF957DE63C /* NapLog.swift */; };
		2FEBFDFD345B488388ECB643 /* NotificationSettings.swift in Sources */ = {isa = PBXBuildFile; fileRef = 23978DC198AD428BBBBDB5B2 /* NotificationSettings.swift */; };
		177BD31AA86C40E28907D478 /* Profile.swift in Sources */ = {isa = PBXBuildFile; fileRef = 56761789935041018C827291 /* Profile.swift */; };
		66C0CB3478334B78AA2EA0ED /* Recipe.swift in Sources */ = {isa = PBXBuildFile; fileRef = 7EC69A90DF9744F6B9C2A148 /* Recipe.swift */; };
		447C365E5D2F4A7BA3989C8E /* Routine.swift in Sources */ = {isa = PBXBuildFile; fileRef = 7D4DA615ED684E239985C641 /* Routine.swift */; };
		713108F829434167BD9CD91A /* User.swift in Sources */ = {isa = PBXBuildFile; fileRef = 0BBEDFC366354DB0AD234644 /* User.swift */; };
		0DB9E849E1714713B4DA8E06 /* APIClient.swift in Sources */ = {isa = PBXBuildFile; fileRef = B75AF62805444A6DBCE4B3E7 /* APIClient.swift */; };
		D8A2AABDDEE14A58A567CA33 /* AuthService.swift in Sources */ = {isa = PBXBuildFile; fileRef = 253B0AF93FAB483E871C8857 /* AuthService.swift */; };
		2983DA7EF35444E2A7C3F025 /* HomeHubAPI.swift in Sources */ = {isa = PBXBuildFile; fileRef = E8F94A0C476C4BDC84590E66 /* HomeHubAPI.swift */; };
		B3014116F97045DA84DBB761 /* HomeHubLocalStore.swift in Sources */ = {isa = PBXBuildFile; fileRef = 73BBAB88CCD842DB8A7AE151 /* HomeHubLocalStore.swift */; };
		FA450E1BE5C84B24B5C8DF15 /* NativeCalendarService.swift in Sources */ = {isa = PBXBuildFile; fileRef = C8E9CFB1308A4B1FAC03ACF0 /* NativeCalendarService.swift */; };
		4DD723D2EB8C49078AC1E211 /* NativeNotificationService.swift in Sources */ = {isa = PBXBuildFile; fileRef = E04113F9B8054C11A791CAC8 /* NativeNotificationService.swift */; };
		27576D88C388427899243B59 /* NativeRemindersService.swift in Sources */ = {isa = PBXBuildFile; fileRef = 5BA01EB9F0F94190B877C77D /* NativeRemindersService.swift */; };
		0BCA1AF168DD4CF1BEA220DD /* NativeWeatherService.swift in Sources */ = {isa = PBXBuildFile; fileRef = 1BDF2CFFBB4641E5B0344363 /* NativeWeatherService.swift */; };
		A2E9A15F120B41F3A2BCC6DA /* RemoteImageLoader.swift in Sources */ = {isa = PBXBuildFile; fileRef = D1736013982A40A8BE339336 /* RemoteImageLoader.swift */; };
		DB578C6F523B41D88DFC0163 /* SessionCredentials.swift in Sources */ = {isa = PBXBuildFile; fileRef = 190CBCA8DF574C6691CA3BD2 /* SessionCredentials.swift */; };
		8E589CA600C1481C865E76FF /* SleepLiveActivityManager.swift in Sources */ = {isa = PBXBuildFile; fileRef = A5E39E1273014C3B95C45E17 /* SleepLiveActivityManager.swift */; };
		9856683F8E3141B599C515DC /* AppTheme.swift in Sources */ = {isa = PBXBuildFile; fileRef = 8C1B0D9D7D8846F887854E59 /* AppTheme.swift */; };
		EEBC58C662374487B8A3940F /* BirthdayHelpers.swift in Sources */ = {isa = PBXBuildFile; fileRef = CAC7DBD2A6A64461A7FB3D0A /* BirthdayHelpers.swift */; };
		FE62E89CA4F74B5D94888A07 /* BirthdayNotificationPlanner.swift in Sources */ = {isa = PBXBuildFile; fileRef = AE04BBBD3D0342449AB7ED2A /* BirthdayNotificationPlanner.swift */; };
		F589DE5C67384657B5AA09FC /* BirthdayTodayHelpers.swift in Sources */ = {isa = PBXBuildFile; fileRef = 1B2830EC176E4CC1823F9704 /* BirthdayTodayHelpers.swift */; };
		20E780DB306C463BB0B676DE /* CalendarHelpers.swift in Sources */ = {isa = PBXBuildFile; fileRef = 27290C7EAF124ED189A8F227 /* CalendarHelpers.swift */; };
		50C4141EEF954230845E20FC /* CelebrationText.swift in Sources */ = {isa = PBXBuildFile; fileRef = 1F297713A5614638A9B47F30 /* CelebrationText.swift */; };
		CAD4655F1EC6465EB5D7AEE7 /* ChoreHelpers.swift in Sources */ = {isa = PBXBuildFile; fileRef = 88C870B665E54601BE9086E5 /* ChoreHelpers.swift */; };
		CEFF647941B046E49BA31653 /* CompletionHelpers.swift in Sources */ = {isa = PBXBuildFile; fileRef = D753E329E0554905A4891089 /* CompletionHelpers.swift */; };
		E5FD8EC2F5334AE8989A049B /* CroutonImport.swift in Sources */ = {isa = PBXBuildFile; fileRef = 8FD82C85A0454C49B1F4538C /* CroutonImport.swift */; };
		C536B681621D4F4896587E13 /* DashboardHelpers.swift in Sources */ = {isa = PBXBuildFile; fileRef = BEDC595819C343DCB5285C38 /* DashboardHelpers.swift */; };
		F4C71773B6AF41329F2C694F /* DashboardRowHelpers.swift in Sources */ = {isa = PBXBuildFile; fileRef = C1E67280E93B4111BAA7F281 /* DashboardRowHelpers.swift */; };
		73DCAC2C2FE54552ABA97F56 /* DateHelpers.swift in Sources */ = {isa = PBXBuildFile; fileRef = E431C775281F44AFA515B4F1 /* DateHelpers.swift */; };
		61C8669FEC6147919E77C321 /* GroceryHelpers.swift in Sources */ = {isa = PBXBuildFile; fileRef = 1A70E2CDC9B44991ACE713BB /* GroceryHelpers.swift */; };
		5A3AD5DF07224243829C6D8D /* HomeHubWidgetShared.swift in Sources */ = {isa = PBXBuildFile; fileRef = CA7FC97CF59043B2896A246B /* HomeHubWidgetShared.swift */; };
		D8D286B648F54688B13183EC /* HouseholdRoles.swift in Sources */ = {isa = PBXBuildFile; fileRef = D73F441E515F4E99B90B9D40 /* HouseholdRoles.swift */; };
		65DDF1D7AB50435DB97C088D /* ImageDownsampling.swift in Sources */ = {isa = PBXBuildFile; fileRef = D9C12BAECA13468C853AA8E2 /* ImageDownsampling.swift */; };
		9C5CFD7796D045869C690B89 /* IngredientMerge.swift in Sources */ = {isa = PBXBuildFile; fileRef = BD57A54F2D1F4665B862737E /* IngredientMerge.swift */; };
		044D2A1154DB46EC9C066794 /* LocalStoreLocation.swift in Sources */ = {isa = PBXBuildFile; fileRef = BC0E7EF522774B30B622203F /* LocalStoreLocation.swift */; };
		8340C40232DB461FAC7B98D2 /* MealPlanHelpers.swift in Sources */ = {isa = PBXBuildFile; fileRef = 31E8DC50B4064386A871136B /* MealPlanHelpers.swift */; };
		BEAF46B34F664F14A86020E5 /* MealSlotClock.swift in Sources */ = {isa = PBXBuildFile; fileRef = F55F7C2B336E4E3590A50C1C /* MealSlotClock.swift */; };
		66D42A0CD96043AA92A15E5E /* NapHelpers.swift in Sources */ = {isa = PBXBuildFile; fileRef = A27083373D49422883505A85 /* NapHelpers.swift */; };
		ECD38624142B4F5682AA0F0C /* NotificationDiff.swift in Sources */ = {isa = PBXBuildFile; fileRef = 946A40B6E83B41D498D83CCD /* NotificationDiff.swift */; };
		259902777A574AC2902C58B0 /* ProfileColors.swift in Sources */ = {isa = PBXBuildFile; fileRef = 2EE011DD628D4B758ACA7BDA /* ProfileColors.swift */; };
		667FE9D7E5074847A61ACB3F /* ProfilePhotoHelpers.swift in Sources */ = {isa = PBXBuildFile; fileRef = 4549E6A7B17046E49C38AD7A /* ProfilePhotoHelpers.swift */; };
		795AF73E1B354E118653AA5D /* RecipeFormHelpers.swift in Sources */ = {isa = PBXBuildFile; fileRef = 195003433423415DB12232AC /* RecipeFormHelpers.swift */; };
		9855EC4F8F3C4162B28D6B21 /* RecipeLines.swift in Sources */ = {isa = PBXBuildFile; fileRef = 990289EED1194DADAC44F0C9 /* RecipeLines.swift */; };
		B7F6E98E5286400D8426CC57 /* RecipeTagHelpers.swift in Sources */ = {isa = PBXBuildFile; fileRef = 94112ED553CD4579B4CB5519 /* RecipeTagHelpers.swift */; };
		C8B1DCC2EA884552B45090C7 /* SleepActivityAttributes.swift in Sources */ = {isa = PBXBuildFile; fileRef = 8079865DB0A54496A740853F /* SleepActivityAttributes.swift */; };
		9C10C9D79C754B2E823917C0 /* SnackHelpers.swift in Sources */ = {isa = PBXBuildFile; fileRef = 8AEF964744504990975AF575 /* SnackHelpers.swift */; };
		AA68BD79688E4D21A8CEDDE1 /* StreakHelpers.swift in Sources */ = {isa = PBXBuildFile; fileRef = 4E2B9C21E1774370B568E656 /* StreakHelpers.swift */; };
		1BFBDFD140C942A28A9B8CE6 /* TodayLayoutDefault.swift in Sources */ = {isa = PBXBuildFile; fileRef = EE8D69D63CC64874982C44CA /* TodayLayoutDefault.swift */; };
		4317FCD4D4394154AB59CD98 /* WeekStart.swift in Sources */ = {isa = PBXBuildFile; fileRef = 62C29FE360084F08A8FAD877 /* WeekStart.swift */; };
		0E656B40B5874925904749A4 /* BirthdaysViewModel.swift in Sources */ = {isa = PBXBuildFile; fileRef = E66B775DCC534FDA894B1ABD /* BirthdaysViewModel.swift */; };
		45FEA286D19A449EB1C1F0CD /* CalendarSettingsViewModel.swift in Sources */ = {isa = PBXBuildFile; fileRef = BA358DD1F4FB4441A4486C1F /* CalendarSettingsViewModel.swift */; };
		50C4C82FB79948759E061669 /* CalendarViewModel.swift in Sources */ = {isa = PBXBuildFile; fileRef = A4C6F5EFD0C04C05901F4828 /* CalendarViewModel.swift */; };
		86267DFA1897441CA493A44E /* ChoresViewModel.swift in Sources */ = {isa = PBXBuildFile; fileRef = 7A4A0DF2AC5B4EDDB4C23965 /* ChoresViewModel.swift */; };
		1F5973CF479747C096AC9D22 /* CroutonImportViewModel.swift in Sources */ = {isa = PBXBuildFile; fileRef = 9133431C238B4DB6A0D4813E /* CroutonImportViewModel.swift */; };
		B2090B133C7B4C0CAC94A847 /* GroceriesViewModel.swift in Sources */ = {isa = PBXBuildFile; fileRef = 44D28E507E5A4F739565F569 /* GroceriesViewModel.swift */; };
		0AD712F7A4904469BA071F00 /* HouseholdMembersViewModel.swift in Sources */ = {isa = PBXBuildFile; fileRef = 255ED987D2974411B7309E3F /* HouseholdMembersViewModel.swift */; };
		AD405240134945DC9BCF5F8D /* MealsViewModel.swift in Sources */ = {isa = PBXBuildFile; fileRef = E2D928957CF54533BA13727C /* MealsViewModel.swift */; };
		166DE3F89EAA4DED8975099D /* MyProfileViewModel.swift in Sources */ = {isa = PBXBuildFile; fileRef = 204D9B5BE42D4F1DABCCEB2B /* MyProfileViewModel.swift */; };
		F3A07EE17F184A12B912C857 /* ProfilesViewModel.swift in Sources */ = {isa = PBXBuildFile; fileRef = AFA25A34286D4C6FA09077AC /* ProfilesViewModel.swift */; };
		B78C49F2A8DD4E15ABAE04BF /* RecipesViewModel.swift in Sources */ = {isa = PBXBuildFile; fileRef = 2D795C3ABDD74A66911BABF1 /* RecipesViewModel.swift */; };
		CDA7BB7EEA3E409AAA12FA05 /* RoutinesViewModel.swift in Sources */ = {isa = PBXBuildFile; fileRef = 67592E4B63FF46CF93925308 /* RoutinesViewModel.swift */; };
		C2D260E7C65A412599AE2DC2 /* SnacksViewModel.swift in Sources */ = {isa = PBXBuildFile; fileRef = 9FA87323DF2D48F39FFCCED6 /* SnacksViewModel.swift */; };
		EECBB53DCBA44AB2B6C05F72 /* SignInView.swift in Sources */ = {isa = PBXBuildFile; fileRef = A38275C44751468792EEE8D0 /* SignInView.swift */; };
		CBA2F6BFC2954220AE7E1786 /* BirthdayYearRing.swift in Sources */ = {isa = PBXBuildFile; fileRef = 22B046335B4840E5A8EAFAB6 /* BirthdayYearRing.swift */; };
		F86D418B884D4A15B6C88FC3 /* BirthdaysView.swift in Sources */ = {isa = PBXBuildFile; fileRef = 78FA053C40724F1082A2A532 /* BirthdaysView.swift */; };
		05FC6D799F28463A8038F843 /* CalendarSettingsView.swift in Sources */ = {isa = PBXBuildFile; fileRef = B83A7E943E5A4106A644FDF7 /* CalendarSettingsView.swift */; };
		94A96C0F2F0740419C79D8A8 /* CalendarView.swift in Sources */ = {isa = PBXBuildFile; fileRef = 47800D1C290344AABCB2972F /* CalendarView.swift */; };
		ECF2CB83365F47EBA9F22FC2 /* ChoreFormView.swift in Sources */ = {isa = PBXBuildFile; fileRef = 6BB4A2388C8C4D8BBEA27D91 /* ChoreFormView.swift */; };
		53EB8B5AC0254C5898D38630 /* ChoresView.swift in Sources */ = {isa = PBXBuildFile; fileRef = 932137CBA5894939B0B9D7E0 /* ChoresView.swift */; };
		55A86A28798740FB93CEF0D7 /* FormFields.swift in Sources */ = {isa = PBXBuildFile; fileRef = 54E12D6654B348F0A553E681 /* FormFields.swift */; };
		DFAA70F2072043EF803305CF /* HubComponents.swift in Sources */ = {isa = PBXBuildFile; fileRef = 45F0E6FAE8C04FC0804A8F35 /* HubComponents.swift */; };
		337AE694A47243E2AE611C56 /* ThemeSettingView.swift in Sources */ = {isa = PBXBuildFile; fileRef = BCE0C049763B473AAD570485 /* ThemeSettingView.swift */; };
		63932D2F04494D99B1C5FD6B /* BirthdayTodayBanner.swift in Sources */ = {isa = PBXBuildFile; fileRef = 4A9E028B61364B2FAF63AF93 /* BirthdayTodayBanner.swift */; };
		041B1E6E26374F2E8370036A /* DashboardCardKit.swift in Sources */ = {isa = PBXBuildFile; fileRef = C36E8FB005754B87934A0934 /* DashboardCardKit.swift */; };
		C3DEE79267804CA6956F57C0 /* DashboardView.swift in Sources */ = {isa = PBXBuildFile; fileRef = 6001CE3BFD244529A643B3BD /* DashboardView.swift */; };
		7542346A5DB14B7D925625FC /* GroceriesView.swift in Sources */ = {isa = PBXBuildFile; fileRef = 711C7592101E4A2EA6119F9D /* GroceriesView.swift */; };
		FC765C208FFC4224B21F1C77 /* HubView.swift in Sources */ = {isa = PBXBuildFile; fileRef = B0C5C4AE2EAE43D782A28686 /* HubView.swift */; };
		54B58D8D9DA244AF8D5CE75F /* MealGroceryPreviewSheet.swift in Sources */ = {isa = PBXBuildFile; fileRef = EF9B167574824A039992C00F /* MealGroceryPreviewSheet.swift */; };
		F3582D90306C481CA562275F /* MealPickerSheet.swift in Sources */ = {isa = PBXBuildFile; fileRef = CA8CD04C5E8647BC8FFB5032 /* MealPickerSheet.swift */; };
		2554C93B03974A649571CD1E /* MealsView.swift in Sources */ = {isa = PBXBuildFile; fileRef = 5505E8479D9C43E993346F83 /* MealsView.swift */; };
		51CE5F4ACDDD4EDDAE496B7F /* NapsView.swift in Sources */ = {isa = PBXBuildFile; fileRef = 29C3C37D69F54AAC871A34C0 /* NapsView.swift */; };
		722910AC3DDC4D7EA21D3579 /* SleepEntrySheets.swift in Sources */ = {isa = PBXBuildFile; fileRef = 35C7C609954B404195B358C8 /* SleepEntrySheets.swift */; };
		C4633629BED948639191EE91 /* SleepStatusCard.swift in Sources */ = {isa = PBXBuildFile; fileRef = 1A604FB95D9F4AD088E6471C /* SleepStatusCard.swift */; };
		0E0213B3EDF84D53898AEB0F /* NotesView.swift in Sources */ = {isa = PBXBuildFile; fileRef = BD93333AAA51451C88858BE7 /* NotesView.swift */; };
		328063BA9DBA423B8CE044A3 /* OnboardingView.swift in Sources */ = {isa = PBXBuildFile; fileRef = CD379800E484474D9E6ED378 /* OnboardingView.swift */; };
		8260BA25365F47F1A32049A7 /* DeleteAccountSheet.swift in Sources */ = {isa = PBXBuildFile; fileRef = 25B2E2EDBA074A3FB2A6B00A /* DeleteAccountSheet.swift */; };
		3370B8788BAC48CC932B4FDD /* MyProfileView.swift in Sources */ = {isa = PBXBuildFile; fileRef = 33E044028AB545C891BECC3F /* MyProfileView.swift */; };
		7476B12427BD4B6D9233FE38 /* ProfileColorPickerView.swift in Sources */ = {isa = PBXBuildFile; fileRef = 3F9E7CDAE7EE4DA69EBA9AD9 /* ProfileColorPickerView.swift */; };
		E952787E731342FC8FB264CD /* ProfileFormView.swift in Sources */ = {isa = PBXBuildFile; fileRef = 1D4ABCCCD3F64978A2311F2A /* ProfileFormView.swift */; };
		6D3764E27C524DAC844DE973 /* ProfilePhotoUploadView.swift in Sources */ = {isa = PBXBuildFile; fileRef = F1150CEA807F4F0BB08A17B1 /* ProfilePhotoUploadView.swift */; };
		656E1E6CE37D49FDAC5CF96C /* CroutonImportView.swift in Sources */ = {isa = PBXBuildFile; fileRef = 3CC944D150C44A62BBECB7DD /* CroutonImportView.swift */; };
		6DF91EB9C04643E8B218CD4E /* RecipeFormView.swift in Sources */ = {isa = PBXBuildFile; fileRef = 0F2D0666538B4E18911EAEE5 /* RecipeFormView.swift */; };
		CD826CADA6684D8B87B8E609 /* RecipeTagViews.swift in Sources */ = {isa = PBXBuildFile; fileRef = 069D544ADF314A4F97D6AA92 /* RecipeTagViews.swift */; };
		E614B9404F8E4C1197C2A138 /* RecipesView.swift in Sources */ = {isa = PBXBuildFile; fileRef = D3615F5DF7CD4A22BC19217A /* RecipesView.swift */; };
		CC95F47C20DD455EB16E9B01 /* RootView.swift in Sources */ = {isa = PBXBuildFile; fileRef = 8FB4155B0A3E4912B4B31A1B /* RootView.swift */; };
		B3A7E4EC28AC46788A353471 /* RoutineFormView.swift in Sources */ = {isa = PBXBuildFile; fileRef = D47B008644CA46648DD23BA1 /* RoutineFormView.swift */; };
		6ABDFEF77E7A4B2085DFC505 /* RoutinesView.swift in Sources */ = {isa = PBXBuildFile; fileRef = A5DA147B7DCC43CBA1454D65 /* RoutinesView.swift */; };
		2030821D0E034985860CAD8D /* HouseholdExportDocument.swift in Sources */ = {isa = PBXBuildFile; fileRef = 88271128E5B747769C5C8389 /* HouseholdExportDocument.swift */; };
		026D686B029F4BFF9027ED67 /* HouseholdPhotoUploadView.swift in Sources */ = {isa = PBXBuildFile; fileRef = 9A6CEA706A5946A89847A53C /* HouseholdPhotoUploadView.swift */; };
		D81F81D0B1D945548FD3621D /* InviteCodesSection.swift in Sources */ = {isa = PBXBuildFile; fileRef = 83B53F6C8B6E41C183C41DF2 /* InviteCodesSection.swift */; };
		4CED9025D65B413C91A9F860 /* SettingsView.swift in Sources */ = {isa = PBXBuildFile; fileRef = AA3AD45D31B341248B0547C1 /* SettingsView.swift */; };
		0FE7F2D6C7254ED0A87CFB71 /* SnackChildChips.swift in Sources */ = {isa = PBXBuildFile; fileRef = 8337783EB3D14CC0AD146DD8 /* SnackChildChips.swift */; };
		325487596F65443D8B08CD8D /* SnacksView.swift in Sources */ = {isa = PBXBuildFile; fileRef = 4E5DB79843854CF69B61678E /* SnacksView.swift */; };
		06998A473A0642429420DD27 /* SleepLiveActivity.swift in Sources */ = {isa = PBXBuildFile; fileRef = 6F18E3790F1545E7BC282D17 /* SleepLiveActivity.swift */; };
		74E6641829A4487D98C95773 /* SleepActivityAttributes.swift in Sources */ = {isa = PBXBuildFile; fileRef = 8079865DB0A54496A740853F /* SleepActivityAttributes.swift */; };
		AF87C088D5614DCE9C8EAD9A /* HomeHubLiveActivity.appex in Embed Foundation Extensions */ = {isa = PBXBuildFile; fileRef = A1F0A43F7E49410FB17CD32E /* HomeHubLiveActivity.appex */; settings = {ATTRIBUTES = (RemoveHeadersOnCopy, ); }; };
		76081F4F22874524BC1A8D04 /* Assets.xcassets in Resources */ = {isa = PBXBuildFile; fileRef = 9CF0CA10AC59465CA9147B45 /* Assets.xcassets */; };
		A812C9D929F948D08FE90223 /* PrivacyInfo.xcprivacy in Resources */ = {isa = PBXBuildFile; fileRef = CEA1EB83AD0641E2B09A093C /* PrivacyInfo.xcprivacy */; };
		A861E9E1358C4306955130D1 /* Beacon.icon in Resources */ = {isa = PBXBuildFile; fileRef = 9F8A69C91DC440088986CE9D /* Beacon.icon */; };
		DACB3BD5A62F482DA2A4B33E /* BeaconOcean.icon in Resources */ = {isa = PBXBuildFile; fileRef = 1FED1B1397E94D91A360D28F /* BeaconOcean.icon */; };
		C8677C225BA348A2B1D5CAC5 /* BeaconClay.icon in Resources */ = {isa = PBXBuildFile; fileRef = 3B1E8EC852D946BDB2DE3E38 /* BeaconClay.icon */; };
		1B3165E4ED734459A8AAF67A /* BeaconPlum.icon in Resources */ = {isa = PBXBuildFile; fileRef = 93E760B39EA34809B5FCC7E1 /* BeaconPlum.icon */; };
		972C64CDB4E4494EB0903A17 /* BeaconSlate.icon in Resources */ = {isa = PBXBuildFile; fileRef = C84F88BF036440248F6CD2FB /* BeaconSlate.icon */; };
		8C2D7855BD65404DAF5F5EF3 /* BeaconForest.icon in Resources */ = {isa = PBXBuildFile; fileRef = 3534668B989B4DF08F251932 /* BeaconForest.icon */; };
		16C882AF30664800BB6A867E /* BeaconTeal.icon in Resources */ = {isa = PBXBuildFile; fileRef = 4CCCD6E9226E44FAB53E303F /* BeaconTeal.icon */; };
		EF7362EC2A324B799DB6917C /* BeaconIndigo.icon in Resources */ = {isa = PBXBuildFile; fileRef = 46561A3594804CB6AF6A547E /* BeaconIndigo.icon */; };
		7D308E3ED8FC4AFD905784D2 /* BeaconRose.icon in Resources */ = {isa = PBXBuildFile; fileRef = 1DD2A93185A3444DAB80D957 /* BeaconRose.icon */; };
		13BA6219556945B793CAA5F0 /* BeaconOchre.icon in Resources */ = {isa = PBXBuildFile; fileRef = 8E6552338AF24C5399DDA019 /* BeaconOchre.icon */; };
		1DD1E25CDDAD47DAAFA20384 /* Products */ = {isa = PBXGroup; children = (9C0879AF1ECD4FC08C21E4AF /* HomeHub.app */, A1F0A43F7E49410FB17CD32E /* HomeHubLiveActivity.appex */); name = Products; sourceTree = "<group>"; };
		F411C1EBEB4146EE945BC62A /* HomeHub */ = {isa = PBXGroup; children = (CDCE52D0D5634A5A97AE18F4 /* AppState.swift */, 7241EF5D6BDA46E0AD80B8DB /* HomeHubApp.swift */, 07311C82AEDA42AD807CE8BD /* Account.swift */, 76F53B34BFFB483FB4561DB7 /* Birthday.swift */, A5E1B3CAA1C14A1FB4BF230E /* Calendar.swift */, ACEAF54E733F47EF8E94DFD0 /* Chore.swift */, CF1241AC4C574FDB92DBB255 /* CroutonRecipe.swift */, C35A4B80199C4FB1A3F09892 /* Dashboard.swift */, 854359EC9FB54567B7F982E5 /* Enums.swift */, 8EC3205D614944758D99870B /* Grocery.swift */, 6FB929F68E6F484F827516C4 /* Household.swift */, 84DE2E4C537E4C8B95A531CC /* Meal.swift */, FAC30D08FB8D49BF957DE63C /* NapLog.swift */, 23978DC198AD428BBBBDB5B2 /* NotificationSettings.swift */, 56761789935041018C827291 /* Profile.swift */, 7EC69A90DF9744F6B9C2A148 /* Recipe.swift */, 7D4DA615ED684E239985C641 /* Routine.swift */, 0BBEDFC366354DB0AD234644 /* User.swift */, B75AF62805444A6DBCE4B3E7 /* APIClient.swift */, 253B0AF93FAB483E871C8857 /* AuthService.swift */, E8F94A0C476C4BDC84590E66 /* HomeHubAPI.swift */, 73BBAB88CCD842DB8A7AE151 /* HomeHubLocalStore.swift */, C8E9CFB1308A4B1FAC03ACF0 /* NativeCalendarService.swift */, E04113F9B8054C11A791CAC8 /* NativeNotificationService.swift */, 5BA01EB9F0F94190B877C77D /* NativeRemindersService.swift */, 1BDF2CFFBB4641E5B0344363 /* NativeWeatherService.swift */, D1736013982A40A8BE339336 /* RemoteImageLoader.swift */, 190CBCA8DF574C6691CA3BD2 /* SessionCredentials.swift */, A5E39E1273014C3B95C45E17 /* SleepLiveActivityManager.swift */, 8C1B0D9D7D8846F887854E59 /* AppTheme.swift */, CAC7DBD2A6A64461A7FB3D0A /* BirthdayHelpers.swift */, AE04BBBD3D0342449AB7ED2A /* BirthdayNotificationPlanner.swift */, 1B2830EC176E4CC1823F9704 /* BirthdayTodayHelpers.swift */, 27290C7EAF124ED189A8F227 /* CalendarHelpers.swift */, 1F297713A5614638A9B47F30 /* CelebrationText.swift */, 88C870B665E54601BE9086E5 /* ChoreHelpers.swift */, D753E329E0554905A4891089 /* CompletionHelpers.swift */, 8FD82C85A0454C49B1F4538C /* CroutonImport.swift */, BEDC595819C343DCB5285C38 /* DashboardHelpers.swift */, C1E67280E93B4111BAA7F281 /* DashboardRowHelpers.swift */, E431C775281F44AFA515B4F1 /* DateHelpers.swift */, 1A70E2CDC9B44991ACE713BB /* GroceryHelpers.swift */, CA7FC97CF59043B2896A246B /* HomeHubWidgetShared.swift */, D73F441E515F4E99B90B9D40 /* HouseholdRoles.swift */, D9C12BAECA13468C853AA8E2 /* ImageDownsampling.swift */, BD57A54F2D1F4665B862737E /* IngredientMerge.swift */, BC0E7EF522774B30B622203F /* LocalStoreLocation.swift */, 31E8DC50B4064386A871136B /* MealPlanHelpers.swift */, F55F7C2B336E4E3590A50C1C /* MealSlotClock.swift */, A27083373D49422883505A85 /* NapHelpers.swift */, 946A40B6E83B41D498D83CCD /* NotificationDiff.swift */, 2EE011DD628D4B758ACA7BDA /* ProfileColors.swift */, 4549E6A7B17046E49C38AD7A /* ProfilePhotoHelpers.swift */, 195003433423415DB12232AC /* RecipeFormHelpers.swift */, 990289EED1194DADAC44F0C9 /* RecipeLines.swift */, 94112ED553CD4579B4CB5519 /* RecipeTagHelpers.swift */, 8079865DB0A54496A740853F /* SleepActivityAttributes.swift */, 8AEF964744504990975AF575 /* SnackHelpers.swift */, 4E2B9C21E1774370B568E656 /* StreakHelpers.swift */, EE8D69D63CC64874982C44CA /* TodayLayoutDefault.swift */, 62C29FE360084F08A8FAD877 /* WeekStart.swift */, E66B775DCC534FDA894B1ABD /* BirthdaysViewModel.swift */, BA358DD1F4FB4441A4486C1F /* CalendarSettingsViewModel.swift */, A4C6F5EFD0C04C05901F4828 /* CalendarViewModel.swift */, 7A4A0DF2AC5B4EDDB4C23965 /* ChoresViewModel.swift */, 9133431C238B4DB6A0D4813E /* CroutonImportViewModel.swift */, 44D28E507E5A4F739565F569 /* GroceriesViewModel.swift */, 255ED987D2974411B7309E3F /* HouseholdMembersViewModel.swift */, E2D928957CF54533BA13727C /* MealsViewModel.swift */, 204D9B5BE42D4F1DABCCEB2B /* MyProfileViewModel.swift */, AFA25A34286D4C6FA09077AC /* ProfilesViewModel.swift */, 2D795C3ABDD74A66911BABF1 /* RecipesViewModel.swift */, 67592E4B63FF46CF93925308 /* RoutinesViewModel.swift */, 9FA87323DF2D48F39FFCCED6 /* SnacksViewModel.swift */, A38275C44751468792EEE8D0 /* SignInView.swift */, 22B046335B4840E5A8EAFAB6 /* BirthdayYearRing.swift */, 78FA053C40724F1082A2A532 /* BirthdaysView.swift */, B83A7E943E5A4106A644FDF7 /* CalendarSettingsView.swift */, 47800D1C290344AABCB2972F /* CalendarView.swift */, 6BB4A2388C8C4D8BBEA27D91 /* ChoreFormView.swift */, 932137CBA5894939B0B9D7E0 /* ChoresView.swift */, 54E12D6654B348F0A553E681 /* FormFields.swift */, 45F0E6FAE8C04FC0804A8F35 /* HubComponents.swift */, BCE0C049763B473AAD570485 /* ThemeSettingView.swift */, 4A9E028B61364B2FAF63AF93 /* BirthdayTodayBanner.swift */, C36E8FB005754B87934A0934 /* DashboardCardKit.swift */, 6001CE3BFD244529A643B3BD /* DashboardView.swift */, 711C7592101E4A2EA6119F9D /* GroceriesView.swift */, B0C5C4AE2EAE43D782A28686 /* HubView.swift */, EF9B167574824A039992C00F /* MealGroceryPreviewSheet.swift */, CA8CD04C5E8647BC8FFB5032 /* MealPickerSheet.swift */, 5505E8479D9C43E993346F83 /* MealsView.swift */, 29C3C37D69F54AAC871A34C0 /* NapsView.swift */, 35C7C609954B404195B358C8 /* SleepEntrySheets.swift */, 1A604FB95D9F4AD088E6471C /* SleepStatusCard.swift */, BD93333AAA51451C88858BE7 /* NotesView.swift */, CD379800E484474D9E6ED378 /* OnboardingView.swift */, 25B2E2EDBA074A3FB2A6B00A /* DeleteAccountSheet.swift */, 33E044028AB545C891BECC3F /* MyProfileView.swift */, 3F9E7CDAE7EE4DA69EBA9AD9 /* ProfileColorPickerView.swift */, 1D4ABCCCD3F64978A2311F2A /* ProfileFormView.swift */, F1150CEA807F4F0BB08A17B1 /* ProfilePhotoUploadView.swift */, 3CC944D150C44A62BBECB7DD /* CroutonImportView.swift */, 0F2D0666538B4E18911EAEE5 /* RecipeFormView.swift */, 069D544ADF314A4F97D6AA92 /* RecipeTagViews.swift */, D3615F5DF7CD4A22BC19217A /* RecipesView.swift */, 8FB4155B0A3E4912B4B31A1B /* RootView.swift */, D47B008644CA46648DD23BA1 /* RoutineFormView.swift */, A5DA147B7DCC43CBA1454D65 /* RoutinesView.swift */, 88271128E5B747769C5C8389 /* HouseholdExportDocument.swift */, 9A6CEA706A5946A89847A53C /* HouseholdPhotoUploadView.swift */, 83B53F6C8B6E41C183C41DF2 /* InviteCodesSection.swift */, AA3AD45D31B341248B0547C1 /* SettingsView.swift */, 8337783EB3D14CC0AD146DD8 /* SnackChildChips.swift */, 4E5DB79843854CF69B61678E /* SnacksView.swift */, 78082B5CC40C4E51B8843E37 /* Info.plist */, BD3DD15F6955474FA2035044 /* HomeHub.entitlements */, 9CF0CA10AC59465CA9147B45 /* Assets.xcassets */, CEA1EB83AD0641E2B09A093C /* PrivacyInfo.xcprivacy */); name = HomeHub; sourceTree = "<group>"; };
		ED4275B2CD9241EB9D207BF9 /* HomeHubLiveActivity */ = {isa = PBXGroup; children = (6F18E3790F1545E7BC282D17 /* SleepLiveActivity.swift */, 3DB78B83577E40EE85E5F92A /* Info.plist */); name = HomeHubLiveActivity; sourceTree = "<group>"; };
		0FF7C66428B44D38BC0A3D4D = {isa = PBXGroup; children = (F411C1EBEB4146EE945BC62A /* HomeHub */, ED4275B2CD9241EB9D207BF9 /* HomeHubLiveActivity */, 9F8A69C91DC440088986CE9D /* Beacon.icon */, 1FED1B1397E94D91A360D28F /* BeaconOcean.icon */, 3B1E8EC852D946BDB2DE3E38 /* BeaconClay.icon */, 93E760B39EA34809B5FCC7E1 /* BeaconPlum.icon */, C84F88BF036440248F6CD2FB /* BeaconSlate.icon */, 3534668B989B4DF08F251932 /* BeaconForest.icon */, 4CCCD6E9226E44FAB53E303F /* BeaconTeal.icon */, 46561A3594804CB6AF6A547E /* BeaconIndigo.icon */, 1DD2A93185A3444DAB80D957 /* BeaconRose.icon */, 8E6552338AF24C5399DDA019 /* BeaconOchre.icon */, 1DD1E25CDDAD47DAAFA20384 /* Products */); sourceTree = "<group>"; };
		7A5501C2DC96479EBAF52859 /* Frameworks */ = {isa = PBXFrameworksBuildPhase; buildActionMask = 2147483647; files = (); runOnlyForDeploymentPostprocessing = 0; };
		D8FA623B980B4D689A68EC6D /* Sources */ = {isa = PBXSourcesBuildPhase; buildActionMask = 2147483647; files = (EC9EABE9E4894699B43CD382 /* AppState.swift in Sources */, F30C8762C48F4AEBB06A3660 /* HomeHubApp.swift in Sources */, A692FB710B7F4AED869D4593 /* Account.swift in Sources */, E11E63DE8DCD417282D714CB /* Birthday.swift in Sources */, 11508163A7D2463CB59DFDCB /* Calendar.swift in Sources */, 044C4A00C5BC40539F5061D3 /* Chore.swift in Sources */, 9834D4A72E994F0E8A7C7C3F /* CroutonRecipe.swift in Sources */, 2CA0F51AE4784D06B1936666 /* Dashboard.swift in Sources */, F217CC061FC44422B2D15258 /* Enums.swift in Sources */, 4A16A2AFC0584059BC795136 /* Grocery.swift in Sources */, CA5BA8398CF542D6BE5B1E9E /* Household.swift in Sources */, 23E7A0FE146B47B7A531BEF3 /* Meal.swift in Sources */, DC25D4901533466EA708386A /* NapLog.swift in Sources */, 2FEBFDFD345B488388ECB643 /* NotificationSettings.swift in Sources */, 177BD31AA86C40E28907D478 /* Profile.swift in Sources */, 66C0CB3478334B78AA2EA0ED /* Recipe.swift in Sources */, 447C365E5D2F4A7BA3989C8E /* Routine.swift in Sources */, 713108F829434167BD9CD91A /* User.swift in Sources */, 0DB9E849E1714713B4DA8E06 /* APIClient.swift in Sources */, D8A2AABDDEE14A58A567CA33 /* AuthService.swift in Sources */, 2983DA7EF35444E2A7C3F025 /* HomeHubAPI.swift in Sources */, B3014116F97045DA84DBB761 /* HomeHubLocalStore.swift in Sources */, FA450E1BE5C84B24B5C8DF15 /* NativeCalendarService.swift in Sources */, 4DD723D2EB8C49078AC1E211 /* NativeNotificationService.swift in Sources */, 27576D88C388427899243B59 /* NativeRemindersService.swift in Sources */, 0BCA1AF168DD4CF1BEA220DD /* NativeWeatherService.swift in Sources */, A2E9A15F120B41F3A2BCC6DA /* RemoteImageLoader.swift in Sources */, DB578C6F523B41D88DFC0163 /* SessionCredentials.swift in Sources */, 8E589CA600C1481C865E76FF /* SleepLiveActivityManager.swift in Sources */, 9856683F8E3141B599C515DC /* AppTheme.swift in Sources */, EEBC58C662374487B8A3940F /* BirthdayHelpers.swift in Sources */, FE62E89CA4F74B5D94888A07 /* BirthdayNotificationPlanner.swift in Sources */, F589DE5C67384657B5AA09FC /* BirthdayTodayHelpers.swift in Sources */, 20E780DB306C463BB0B676DE /* CalendarHelpers.swift in Sources */, 50C4141EEF954230845E20FC /* CelebrationText.swift in Sources */, CAD4655F1EC6465EB5D7AEE7 /* ChoreHelpers.swift in Sources */, CEFF647941B046E49BA31653 /* CompletionHelpers.swift in Sources */, E5FD8EC2F5334AE8989A049B /* CroutonImport.swift in Sources */, C536B681621D4F4896587E13 /* DashboardHelpers.swift in Sources */, F4C71773B6AF41329F2C694F /* DashboardRowHelpers.swift in Sources */, 73DCAC2C2FE54552ABA97F56 /* DateHelpers.swift in Sources */, 61C8669FEC6147919E77C321 /* GroceryHelpers.swift in Sources */, 5A3AD5DF07224243829C6D8D /* HomeHubWidgetShared.swift in Sources */, D8D286B648F54688B13183EC /* HouseholdRoles.swift in Sources */, 65DDF1D7AB50435DB97C088D /* ImageDownsampling.swift in Sources */, 9C5CFD7796D045869C690B89 /* IngredientMerge.swift in Sources */, 044D2A1154DB46EC9C066794 /* LocalStoreLocation.swift in Sources */, 8340C40232DB461FAC7B98D2 /* MealPlanHelpers.swift in Sources */, BEAF46B34F664F14A86020E5 /* MealSlotClock.swift in Sources */, 66D42A0CD96043AA92A15E5E /* NapHelpers.swift in Sources */, ECD38624142B4F5682AA0F0C /* NotificationDiff.swift in Sources */, 259902777A574AC2902C58B0 /* ProfileColors.swift in Sources */, 667FE9D7E5074847A61ACB3F /* ProfilePhotoHelpers.swift in Sources */, 795AF73E1B354E118653AA5D /* RecipeFormHelpers.swift in Sources */, 9855EC4F8F3C4162B28D6B21 /* RecipeLines.swift in Sources */, B7F6E98E5286400D8426CC57 /* RecipeTagHelpers.swift in Sources */, C8B1DCC2EA884552B45090C7 /* SleepActivityAttributes.swift in Sources */, 9C10C9D79C754B2E823917C0 /* SnackHelpers.swift in Sources */, AA68BD79688E4D21A8CEDDE1 /* StreakHelpers.swift in Sources */, 1BFBDFD140C942A28A9B8CE6 /* TodayLayoutDefault.swift in Sources */, 4317FCD4D4394154AB59CD98 /* WeekStart.swift in Sources */, 0E656B40B5874925904749A4 /* BirthdaysViewModel.swift in Sources */, 45FEA286D19A449EB1C1F0CD /* CalendarSettingsViewModel.swift in Sources */, 50C4C82FB79948759E061669 /* CalendarViewModel.swift in Sources */, 86267DFA1897441CA493A44E /* ChoresViewModel.swift in Sources */, 1F5973CF479747C096AC9D22 /* CroutonImportViewModel.swift in Sources */, B2090B133C7B4C0CAC94A847 /* GroceriesViewModel.swift in Sources */, 0AD712F7A4904469BA071F00 /* HouseholdMembersViewModel.swift in Sources */, AD405240134945DC9BCF5F8D /* MealsViewModel.swift in Sources */, 166DE3F89EAA4DED8975099D /* MyProfileViewModel.swift in Sources */, F3A07EE17F184A12B912C857 /* ProfilesViewModel.swift in Sources */, B78C49F2A8DD4E15ABAE04BF /* RecipesViewModel.swift in Sources */, CDA7BB7EEA3E409AAA12FA05 /* RoutinesViewModel.swift in Sources */, C2D260E7C65A412599AE2DC2 /* SnacksViewModel.swift in Sources */, EECBB53DCBA44AB2B6C05F72 /* SignInView.swift in Sources */, CBA2F6BFC2954220AE7E1786 /* BirthdayYearRing.swift in Sources */, F86D418B884D4A15B6C88FC3 /* BirthdaysView.swift in Sources */, 05FC6D799F28463A8038F843 /* CalendarSettingsView.swift in Sources */, 94A96C0F2F0740419C79D8A8 /* CalendarView.swift in Sources */, ECF2CB83365F47EBA9F22FC2 /* ChoreFormView.swift in Sources */, 53EB8B5AC0254C5898D38630 /* ChoresView.swift in Sources */, 55A86A28798740FB93CEF0D7 /* FormFields.swift in Sources */, DFAA70F2072043EF803305CF /* HubComponents.swift in Sources */, 337AE694A47243E2AE611C56 /* ThemeSettingView.swift in Sources */, 63932D2F04494D99B1C5FD6B /* BirthdayTodayBanner.swift in Sources */, 041B1E6E26374F2E8370036A /* DashboardCardKit.swift in Sources */, C3DEE79267804CA6956F57C0 /* DashboardView.swift in Sources */, 7542346A5DB14B7D925625FC /* GroceriesView.swift in Sources */, FC765C208FFC4224B21F1C77 /* HubView.swift in Sources */, 54B58D8D9DA244AF8D5CE75F /* MealGroceryPreviewSheet.swift in Sources */, F3582D90306C481CA562275F /* MealPickerSheet.swift in Sources */, 2554C93B03974A649571CD1E /* MealsView.swift in Sources */, 51CE5F4ACDDD4EDDAE496B7F /* NapsView.swift in Sources */, 722910AC3DDC4D7EA21D3579 /* SleepEntrySheets.swift in Sources */, C4633629BED948639191EE91 /* SleepStatusCard.swift in Sources */, 0E0213B3EDF84D53898AEB0F /* NotesView.swift in Sources */, 328063BA9DBA423B8CE044A3 /* OnboardingView.swift in Sources */, 8260BA25365F47F1A32049A7 /* DeleteAccountSheet.swift in Sources */, 3370B8788BAC48CC932B4FDD /* MyProfileView.swift in Sources */, 7476B12427BD4B6D9233FE38 /* ProfileColorPickerView.swift in Sources */, E952787E731342FC8FB264CD /* ProfileFormView.swift in Sources */, 6D3764E27C524DAC844DE973 /* ProfilePhotoUploadView.swift in Sources */, 656E1E6CE37D49FDAC5CF96C /* CroutonImportView.swift in Sources */, 6DF91EB9C04643E8B218CD4E /* RecipeFormView.swift in Sources */, CD826CADA6684D8B87B8E609 /* RecipeTagViews.swift in Sources */, E614B9404F8E4C1197C2A138 /* RecipesView.swift in Sources */, CC95F47C20DD455EB16E9B01 /* RootView.swift in Sources */, B3A7E4EC28AC46788A353471 /* RoutineFormView.swift in Sources */, 6ABDFEF77E7A4B2085DFC505 /* RoutinesView.swift in Sources */, 2030821D0E034985860CAD8D /* HouseholdExportDocument.swift in Sources */, 026D686B029F4BFF9027ED67 /* HouseholdPhotoUploadView.swift in Sources */, D81F81D0B1D945548FD3621D /* InviteCodesSection.swift in Sources */, 4CED9025D65B413C91A9F860 /* SettingsView.swift in Sources */, 0FE7F2D6C7254ED0A87CFB71 /* SnackChildChips.swift in Sources */, 325487596F65443D8B08CD8D /* SnacksView.swift in Sources */); runOnlyForDeploymentPostprocessing = 0; };
		C1DC15F0CC1042B7AFC06F81 /* Resources */ = {isa = PBXResourcesBuildPhase; buildActionMask = 2147483647; files = (76081F4F22874524BC1A8D04 /* Assets.xcassets in Resources */, A812C9D929F948D08FE90223 /* PrivacyInfo.xcprivacy in Resources */, A861E9E1358C4306955130D1 /* Beacon.icon in Resources */, DACB3BD5A62F482DA2A4B33E /* BeaconOcean.icon in Resources */, C8677C225BA348A2B1D5CAC5 /* BeaconClay.icon in Resources */, 1B3165E4ED734459A8AAF67A /* BeaconPlum.icon in Resources */, 972C64CDB4E4494EB0903A17 /* BeaconSlate.icon in Resources */, 8C2D7855BD65404DAF5F5EF3 /* BeaconForest.icon in Resources */, 16C882AF30664800BB6A867E /* BeaconTeal.icon in Resources */, EF7362EC2A324B799DB6917C /* BeaconIndigo.icon in Resources */, 7D308E3ED8FC4AFD905784D2 /* BeaconRose.icon in Resources */, 13BA6219556945B793CAA5F0 /* BeaconOchre.icon in Resources */); runOnlyForDeploymentPostprocessing = 0; };
		E7F86909F23347518F8D18B1 /* Frameworks */ = {isa = PBXFrameworksBuildPhase; buildActionMask = 2147483647; files = (); runOnlyForDeploymentPostprocessing = 0; };
		74D336D04FCD46D59692BA0B /* Sources */ = {isa = PBXSourcesBuildPhase; buildActionMask = 2147483647; files = (06998A473A0642429420DD27 /* SleepLiveActivity.swift in Sources */, 74E6641829A4487D98C95773 /* SleepActivityAttributes.swift in Sources */); runOnlyForDeploymentPostprocessing = 0; };
		5B096C2362D24AC99DE0657E /* Resources */ = {isa = PBXResourcesBuildPhase; buildActionMask = 2147483647; files = (); runOnlyForDeploymentPostprocessing = 0; };
		ED761AA4B0EA49DE91AFBBDF /* Embed Foundation Extensions */ = {isa = PBXCopyFilesBuildPhase; buildActionMask = 2147483647; dstPath = ""; dstSubfolderSpec = 13; files = (AF87C088D5614DCE9C8EAD9A /* HomeHubLiveActivity.appex in Embed Foundation Extensions */); name = "Embed Foundation Extensions"; runOnlyForDeploymentPostprocessing = 0; };
		55D8D5323FCD436FB0DC304C /* PBXContainerItemProxy */ = {isa = PBXContainerItemProxy; containerPortal = 673AEB44821847F1ABA063F2 /* Project object */; proxyType = 1; remoteGlobalIDString = B7196CA4026740DD9B0A2741; remoteInfo = HomeHubLiveActivity; };
		1B1B013C960541CEB4171871 /* PBXTargetDependency */ = {isa = PBXTargetDependency; target = B7196CA4026740DD9B0A2741 /* HomeHubLiveActivity */; targetProxy = 55D8D5323FCD436FB0DC304C /* PBXContainerItemProxy */; };
		B7196CA4026740DD9B0A2741 /* HomeHubLiveActivity */ = {isa = PBXNativeTarget; buildConfigurationList = 65C77C4EEAB74BC188BFAE6B; buildPhases = (74D336D04FCD46D59692BA0B /* Sources */, E7F86909F23347518F8D18B1 /* Frameworks */, 5B096C2362D24AC99DE0657E /* Resources */); buildRules = (); dependencies = (); name = HomeHubLiveActivity; productName = HomeHubLiveActivity; productReference = A1F0A43F7E49410FB17CD32E; productType = "com.apple.product-type.app-extension"; };
		89906B538BB945049729C5AD /* HomeHub */ = {isa = PBXNativeTarget; buildConfigurationList = 1FF95E78E2F2494D97E963A1; buildPhases = (D8FA623B980B4D689A68EC6D /* Sources */, 7A5501C2DC96479EBAF52859 /* Frameworks */, C1DC15F0CC1042B7AFC06F81 /* Resources */, ED761AA4B0EA49DE91AFBBDF /* Embed Foundation Extensions */); buildRules = (); dependencies = (1B1B013C960541CEB4171871 /* PBXTargetDependency */); name = HomeHub; productName = HomeHub; productReference = 9C0879AF1ECD4FC08C21E4AF; productType = "com.apple.product-type.application"; };
		673AEB44821847F1ABA063F2 /* Project object */ = {isa = PBXProject; attributes = {BuildIndependentTargetsInParallel = 1; LastUpgradeCheck = 1600;}; buildConfigurationList = EF8F141F74594BC194D9F231; compatibilityVersion = "Xcode 14.0"; developmentRegion = en; hasScannedForEncodings = 0; knownRegions = (en, Base); mainGroup = 0FF7C66428B44D38BC0A3D4D; productRefGroup = 1DD1E25CDDAD47DAAFA20384; projectDirPath = ""; projectRoot = ""; targets = (89906B538BB945049729C5AD, B7196CA4026740DD9B0A2741); };
		E94D9E4AF46B492B9375791B /* Debug */ = {isa = XCBuildConfiguration; buildSettings = {COPY_PHASE_STRIP = NO; IPHONEOS_DEPLOYMENT_TARGET = 17.0; SWIFT_VERSION = 5.0; TARGETED_DEVICE_FAMILY = "1,2"; }; name = Debug; };
		147A4E93D7DE4D899FF7E963 /* Release */ = {isa = XCBuildConfiguration; buildSettings = {COPY_PHASE_STRIP = NO; IPHONEOS_DEPLOYMENT_TARGET = 17.0; SWIFT_VERSION = 5.0; TARGETED_DEVICE_FAMILY = "1,2"; }; name = Release; };
		577233FAFD544DF287B18531 /* Debug */ = {isa = XCBuildConfiguration; buildSettings = {ALWAYS_SEARCH_USER_PATHS = NO; ASSETCATALOG_COMPILER_ALTERNATE_APPICON_NAMES = (BeaconOcean, BeaconClay, BeaconPlum, BeaconSlate, BeaconForest, BeaconTeal, BeaconIndigo, BeaconRose, BeaconOchre); ASSETCATALOG_COMPILER_APPICON_NAME = Beacon; CODE_SIGN_ENTITLEMENTS = HomeHub/HomeHub.entitlements; CODE_SIGN_IDENTITY = "Apple Development"; CODE_SIGN_STYLE = Automatic; CURRENT_PROJECT_VERSION = 1; DEVELOPMENT_TEAM = JVU3FF9RR3; GENERATE_INFOPLIST_FILE = NO; INFOPLIST_FILE = HomeHub/Info.plist; LD_RUNPATH_SEARCH_PATHS = ("$(inherited)", "@executable_path/Frameworks"); MARKETING_VERSION = 1.0; PRODUCT_BUNDLE_IDENTIFIER = com.jstnhbbs.beacon; PRODUCT_NAME = "$(TARGET_NAME)"; SDKROOT = iphoneos; SUPPORTED_PLATFORMS = "iphoneos iphonesimulator"; SWIFT_EMIT_LOC_STRINGS = YES; SWIFT_ACTIVE_COMPILATION_CONDITIONS = DEBUG; }; name = Debug; };
		DE9D3E2ED99247909884D2C4 /* Release */ = {isa = XCBuildConfiguration; buildSettings = {ALWAYS_SEARCH_USER_PATHS = NO; ASSETCATALOG_COMPILER_ALTERNATE_APPICON_NAMES = (BeaconOcean, BeaconClay, BeaconPlum, BeaconSlate, BeaconForest, BeaconTeal, BeaconIndigo, BeaconRose, BeaconOchre); ASSETCATALOG_COMPILER_APPICON_NAME = Beacon; CODE_SIGN_ENTITLEMENTS = HomeHub/HomeHub.entitlements; CODE_SIGN_IDENTITY = "Apple Development"; CODE_SIGN_STYLE = Automatic; CURRENT_PROJECT_VERSION = 1; DEVELOPMENT_TEAM = JVU3FF9RR3; GENERATE_INFOPLIST_FILE = NO; INFOPLIST_FILE = HomeHub/Info.plist; LD_RUNPATH_SEARCH_PATHS = ("$(inherited)", "@executable_path/Frameworks"); MARKETING_VERSION = 1.0; PRODUCT_BUNDLE_IDENTIFIER = com.jstnhbbs.beacon; PRODUCT_NAME = "$(TARGET_NAME)"; SDKROOT = iphoneos; SUPPORTED_PLATFORMS = "iphoneos iphonesimulator"; SWIFT_EMIT_LOC_STRINGS = YES; }; name = Release; };
		77DB6134DA0D4B90BBF9CB08 /* Debug */ = {isa = XCBuildConfiguration; buildSettings = {ALWAYS_SEARCH_USER_PATHS = NO; APPLICATION_EXTENSION_API_ONLY = YES; CODE_SIGN_IDENTITY = "Apple Development"; CODE_SIGN_STYLE = Automatic; CURRENT_PROJECT_VERSION = 1; DEVELOPMENT_TEAM = JVU3FF9RR3; GENERATE_INFOPLIST_FILE = NO; INFOPLIST_FILE = HomeHubLiveActivity/Info.plist; LD_RUNPATH_SEARCH_PATHS = ("$(inherited)", "@executable_path/Frameworks", "@executable_path/../../Frameworks"); MARKETING_VERSION = 1.0; PRODUCT_BUNDLE_IDENTIFIER = com.jstnhbbs.beacon.liveactivity; PRODUCT_NAME = "$(TARGET_NAME)"; SDKROOT = iphoneos; SKIP_INSTALL = YES; SUPPORTED_PLATFORMS = "iphoneos iphonesimulator"; SWIFT_EMIT_LOC_STRINGS = YES; SWIFT_ACTIVE_COMPILATION_CONDITIONS = DEBUG; }; name = Debug; };
		FE01B13E8BD442128B106DA4 /* Release */ = {isa = XCBuildConfiguration; buildSettings = {ALWAYS_SEARCH_USER_PATHS = NO; APPLICATION_EXTENSION_API_ONLY = YES; CODE_SIGN_IDENTITY = "Apple Development"; CODE_SIGN_STYLE = Automatic; CURRENT_PROJECT_VERSION = 1; DEVELOPMENT_TEAM = JVU3FF9RR3; GENERATE_INFOPLIST_FILE = NO; INFOPLIST_FILE = HomeHubLiveActivity/Info.plist; LD_RUNPATH_SEARCH_PATHS = ("$(inherited)", "@executable_path/Frameworks", "@executable_path/../../Frameworks"); MARKETING_VERSION = 1.0; PRODUCT_BUNDLE_IDENTIFIER = com.jstnhbbs.beacon.liveactivity; PRODUCT_NAME = "$(TARGET_NAME)"; SDKROOT = iphoneos; SKIP_INSTALL = YES; SUPPORTED_PLATFORMS = "iphoneos iphonesimulator"; SWIFT_EMIT_LOC_STRINGS = YES; }; name = Release; };
		65C77C4EEAB74BC188BFAE6B = {isa = XCConfigurationList; buildConfigurations = (77DB6134DA0D4B90BBF9CB08 /* Debug */, FE01B13E8BD442128B106DA4 /* Release */); defaultConfigurationIsVisible = 0; defaultConfigurationName = Release; };
		EF8F141F74594BC194D9F231 = {isa = XCConfigurationList; buildConfigurations = (E94D9E4AF46B492B9375791B /* Debug */, 147A4E93D7DE4D899FF7E963 /* Release */); defaultConfigurationIsVisible = 0; defaultConfigurationName = Release; };
		1FF95E78E2F2494D97E963A1 = {isa = XCConfigurationList; buildConfigurations = (577233FAFD544DF287B18531 /* Debug */, DE9D3E2ED99247909884D2C4 /* Release */); defaultConfigurationIsVisible = 0; defaultConfigurationName = Release; };
	};
	rootObject = 673AEB44821847F1ABA063F2 /* Project object */;
}
