// !$*UTF8*$!
{
	archiveVersion = 1;
	classes = {};
	objectVersion = 56;
	objects = {
		595FFD03BCE14C2BB7C0EA7A /* AppState.swift */ = {isa = PBXFileReference; lastKnownFileType = sourcecode.swift; name = AppState.swift; path = HomeHub/App/AppState.swift; sourceTree = SOURCE_ROOT; };
		D4CA204870554FF8919209A0 /* HomeHubApp.swift */ = {isa = PBXFileReference; lastKnownFileType = sourcecode.swift; name = HomeHubApp.swift; path = HomeHub/HomeHubApp.swift; sourceTree = SOURCE_ROOT; };
		70224AFAB09F4EE5994A74E5 /* Account.swift */ = {isa = PBXFileReference; lastKnownFileType = sourcecode.swift; name = Account.swift; path = HomeHub/Models/Account.swift; sourceTree = SOURCE_ROOT; };
		4EA96DF9C57E44D8A9E8BC60 /* Birthday.swift */ = {isa = PBXFileReference; lastKnownFileType = sourcecode.swift; name = Birthday.swift; path = HomeHub/Models/Birthday.swift; sourceTree = SOURCE_ROOT; };
		6D4B44808B744F3CAA798229 /* Calendar.swift */ = {isa = PBXFileReference; lastKnownFileType = sourcecode.swift; name = Calendar.swift; path = HomeHub/Models/Calendar.swift; sourceTree = SOURCE_ROOT; };
		8FC139EFEBF34FC08EB23517 /* Chore.swift */ = {isa = PBXFileReference; lastKnownFileType = sourcecode.swift; name = Chore.swift; path = HomeHub/Models/Chore.swift; sourceTree = SOURCE_ROOT; };
		944C3B753CDF4A3590D345B2 /* CroutonRecipe.swift */ = {isa = PBXFileReference; lastKnownFileType = sourcecode.swift; name = CroutonRecipe.swift; path = HomeHub/Models/CroutonRecipe.swift; sourceTree = SOURCE_ROOT; };
		564A7CE53323413E89332553 /* Dashboard.swift */ = {isa = PBXFileReference; lastKnownFileType = sourcecode.swift; name = Dashboard.swift; path = HomeHub/Models/Dashboard.swift; sourceTree = SOURCE_ROOT; };
		13DFFD03995349B5B4C3FEB2 /* Enums.swift */ = {isa = PBXFileReference; lastKnownFileType = sourcecode.swift; name = Enums.swift; path = HomeHub/Models/Enums.swift; sourceTree = SOURCE_ROOT; };
		8B2805315A22415C95A64557 /* Grocery.swift */ = {isa = PBXFileReference; lastKnownFileType = sourcecode.swift; name = Grocery.swift; path = HomeHub/Models/Grocery.swift; sourceTree = SOURCE_ROOT; };
		C05F1578DFC94FE790E0992C /* Household.swift */ = {isa = PBXFileReference; lastKnownFileType = sourcecode.swift; name = Household.swift; path = HomeHub/Models/Household.swift; sourceTree = SOURCE_ROOT; };
		C38444A2DA3C4459896902B3 /* Meal.swift */ = {isa = PBXFileReference; lastKnownFileType = sourcecode.swift; name = Meal.swift; path = HomeHub/Models/Meal.swift; sourceTree = SOURCE_ROOT; };
		1A83D1A7EFA64A82B6F20134 /* NapLog.swift */ = {isa = PBXFileReference; lastKnownFileType = sourcecode.swift; name = NapLog.swift; path = HomeHub/Models/NapLog.swift; sourceTree = SOURCE_ROOT; };
		38721ACE3C4948EC80805E53 /* NotificationSettings.swift */ = {isa = PBXFileReference; lastKnownFileType = sourcecode.swift; name = NotificationSettings.swift; path = HomeHub/Models/NotificationSettings.swift; sourceTree = SOURCE_ROOT; };
		3B45FD9F463F4CD29CAB4FF9 /* Profile.swift */ = {isa = PBXFileReference; lastKnownFileType = sourcecode.swift; name = Profile.swift; path = HomeHub/Models/Profile.swift; sourceTree = SOURCE_ROOT; };
		E4761341BBEF47CCB0D1B1FE /* Recipe.swift */ = {isa = PBXFileReference; lastKnownFileType = sourcecode.swift; name = Recipe.swift; path = HomeHub/Models/Recipe.swift; sourceTree = SOURCE_ROOT; };
		04AE5488CA0A422987495F75 /* Routine.swift */ = {isa = PBXFileReference; lastKnownFileType = sourcecode.swift; name = Routine.swift; path = HomeHub/Models/Routine.swift; sourceTree = SOURCE_ROOT; };
		7F99749C84C3458C8560DF3D /* User.swift */ = {isa = PBXFileReference; lastKnownFileType = sourcecode.swift; name = User.swift; path = HomeHub/Models/User.swift; sourceTree = SOURCE_ROOT; };
		85DE116D3B70469588674091 /* APIClient.swift */ = {isa = PBXFileReference; lastKnownFileType = sourcecode.swift; name = APIClient.swift; path = HomeHub/Services/APIClient.swift; sourceTree = SOURCE_ROOT; };
		6283F59426494C5FB544F6CD /* AuthService.swift */ = {isa = PBXFileReference; lastKnownFileType = sourcecode.swift; name = AuthService.swift; path = HomeHub/Services/AuthService.swift; sourceTree = SOURCE_ROOT; };
		777295BDC0E740F3846AC165 /* HomeHubAPI.swift */ = {isa = PBXFileReference; lastKnownFileType = sourcecode.swift; name = HomeHubAPI.swift; path = HomeHub/Services/HomeHubAPI.swift; sourceTree = SOURCE_ROOT; };
		73FFCE64E1F049E880D66842 /* HomeHubLocalStore.swift */ = {isa = PBXFileReference; lastKnownFileType = sourcecode.swift; name = HomeHubLocalStore.swift; path = HomeHub/Services/HomeHubLocalStore.swift; sourceTree = SOURCE_ROOT; };
		288A6E655B03434D856F07EC /* NativeCalendarService.swift */ = {isa = PBXFileReference; lastKnownFileType = sourcecode.swift; name = NativeCalendarService.swift; path = HomeHub/Services/NativeCalendarService.swift; sourceTree = SOURCE_ROOT; };
		54F61622F177490D9ADA5858 /* NativeNotificationService.swift */ = {isa = PBXFileReference; lastKnownFileType = sourcecode.swift; name = NativeNotificationService.swift; path = HomeHub/Services/NativeNotificationService.swift; sourceTree = SOURCE_ROOT; };
		7798E400C305453EB1D2B0BF /* NativeRemindersService.swift */ = {isa = PBXFileReference; lastKnownFileType = sourcecode.swift; name = NativeRemindersService.swift; path = HomeHub/Services/NativeRemindersService.swift; sourceTree = SOURCE_ROOT; };
		8B92A5BEBA324A7D93328C41 /* NativeWeatherService.swift */ = {isa = PBXFileReference; lastKnownFileType = sourcecode.swift; name = NativeWeatherService.swift; path = HomeHub/Services/NativeWeatherService.swift; sourceTree = SOURCE_ROOT; };
		7886F8D2920645CDBD012D41 /* SleepLiveActivityManager.swift */ = {isa = PBXFileReference; lastKnownFileType = sourcecode.swift; name = SleepLiveActivityManager.swift; path = HomeHub/Services/SleepLiveActivityManager.swift; sourceTree = SOURCE_ROOT; };
		172144B926D74104959B15C2 /* AppTheme.swift */ = {isa = PBXFileReference; lastKnownFileType = sourcecode.swift; name = AppTheme.swift; path = HomeHub/Utilities/AppTheme.swift; sourceTree = SOURCE_ROOT; };
		6F6748D6B08B4B45B20D6052 /* BirthdayHelpers.swift */ = {isa = PBXFileReference; lastKnownFileType = sourcecode.swift; name = BirthdayHelpers.swift; path = HomeHub/Utilities/BirthdayHelpers.swift; sourceTree = SOURCE_ROOT; };
		777DCE2856A54D8EB778640B /* BirthdayNotificationPlanner.swift */ = {isa = PBXFileReference; lastKnownFileType = sourcecode.swift; name = BirthdayNotificationPlanner.swift; path = HomeHub/Utilities/BirthdayNotificationPlanner.swift; sourceTree = SOURCE_ROOT; };
		B824F6D056C247CEBAF99DF3 /* BirthdayTodayHelpers.swift */ = {isa = PBXFileReference; lastKnownFileType = sourcecode.swift; name = BirthdayTodayHelpers.swift; path = HomeHub/Utilities/BirthdayTodayHelpers.swift; sourceTree = SOURCE_ROOT; };
		23D549B9938D4BFB829FFEB4 /* CalendarHelpers.swift */ = {isa = PBXFileReference; lastKnownFileType = sourcecode.swift; name = CalendarHelpers.swift; path = HomeHub/Utilities/CalendarHelpers.swift; sourceTree = SOURCE_ROOT; };
		00EC96AEC7504703B8325083 /* CelebrationText.swift */ = {isa = PBXFileReference; lastKnownFileType = sourcecode.swift; name = CelebrationText.swift; path = HomeHub/Utilities/CelebrationText.swift; sourceTree = SOURCE_ROOT; };
		01DC04213E034BBAB8451437 /* ChoreHelpers.swift */ = {isa = PBXFileReference; lastKnownFileType = sourcecode.swift; name = ChoreHelpers.swift; path = HomeHub/Utilities/ChoreHelpers.swift; sourceTree = SOURCE_ROOT; };
		D9220AA6B5EF41638496D042 /* CompletionHelpers.swift */ = {isa = PBXFileReference; lastKnownFileType = sourcecode.swift; name = CompletionHelpers.swift; path = HomeHub/Utilities/CompletionHelpers.swift; sourceTree = SOURCE_ROOT; };
		3AFDB7170AF5424993D5634D /* CroutonImport.swift */ = {isa = PBXFileReference; lastKnownFileType = sourcecode.swift; name = CroutonImport.swift; path = HomeHub/Utilities/CroutonImport.swift; sourceTree = SOURCE_ROOT; };
		F237D28DBB9A4654A272BFDC /* DashboardHelpers.swift */ = {isa = PBXFileReference; lastKnownFileType = sourcecode.swift; name = DashboardHelpers.swift; path = HomeHub/Utilities/DashboardHelpers.swift; sourceTree = SOURCE_ROOT; };
		1E54085D7872496C86A09E7B /* DashboardRowHelpers.swift */ = {isa = PBXFileReference; lastKnownFileType = sourcecode.swift; name = DashboardRowHelpers.swift; path = HomeHub/Utilities/DashboardRowHelpers.swift; sourceTree = SOURCE_ROOT; };
		A1091A0008294ECAB4F3E402 /* DateHelpers.swift */ = {isa = PBXFileReference; lastKnownFileType = sourcecode.swift; name = DateHelpers.swift; path = HomeHub/Utilities/DateHelpers.swift; sourceTree = SOURCE_ROOT; };
		BFC7EC94859D4ADE9DB39837 /* GroceryHelpers.swift */ = {isa = PBXFileReference; lastKnownFileType = sourcecode.swift; name = GroceryHelpers.swift; path = HomeHub/Utilities/GroceryHelpers.swift; sourceTree = SOURCE_ROOT; };
		20727FC701484B0D8CFB35BA /* HomeHubWidgetShared.swift */ = {isa = PBXFileReference; lastKnownFileType = sourcecode.swift; name = HomeHubWidgetShared.swift; path = HomeHub/Utilities/HomeHubWidgetShared.swift; sourceTree = SOURCE_ROOT; };
		F155A4F56F674746B33753CD /* HouseholdRoles.swift */ = {isa = PBXFileReference; lastKnownFileType = sourcecode.swift; name = HouseholdRoles.swift; path = HomeHub/Utilities/HouseholdRoles.swift; sourceTree = SOURCE_ROOT; };
		3A1C6E249B9843998DE41309 /* IngredientMerge.swift */ = {isa = PBXFileReference; lastKnownFileType = sourcecode.swift; name = IngredientMerge.swift; path = HomeHub/Utilities/IngredientMerge.swift; sourceTree = SOURCE_ROOT; };
		69B2889141664418BAF5D048 /* MealPlanHelpers.swift */ = {isa = PBXFileReference; lastKnownFileType = sourcecode.swift; name = MealPlanHelpers.swift; path = HomeHub/Utilities/MealPlanHelpers.swift; sourceTree = SOURCE_ROOT; };
		33AD8B363250446E856D7857 /* MealSlotClock.swift */ = {isa = PBXFileReference; lastKnownFileType = sourcecode.swift; name = MealSlotClock.swift; path = HomeHub/Utilities/MealSlotClock.swift; sourceTree = SOURCE_ROOT; };
		0A0AE53CF1B7401A98798844 /* NapHelpers.swift */ = {isa = PBXFileReference; lastKnownFileType = sourcecode.swift; name = NapHelpers.swift; path = HomeHub/Utilities/NapHelpers.swift; sourceTree = SOURCE_ROOT; };
		9304DABAD6AD4CCB9F862D4D /* ProfileColors.swift */ = {isa = PBXFileReference; lastKnownFileType = sourcecode.swift; name = ProfileColors.swift; path = HomeHub/Utilities/ProfileColors.swift; sourceTree = SOURCE_ROOT; };
		62706B48AA504ADD9FD57CF3 /* ProfilePhotoHelpers.swift */ = {isa = PBXFileReference; lastKnownFileType = sourcecode.swift; name = ProfilePhotoHelpers.swift; path = HomeHub/Utilities/ProfilePhotoHelpers.swift; sourceTree = SOURCE_ROOT; };
		F2DF1E7107994F2F8B79F573 /* RecipeFormHelpers.swift */ = {isa = PBXFileReference; lastKnownFileType = sourcecode.swift; name = RecipeFormHelpers.swift; path = HomeHub/Utilities/RecipeFormHelpers.swift; sourceTree = SOURCE_ROOT; };
		D6DF86D7DEA84FA595AB86FE /* RecipeLines.swift */ = {isa = PBXFileReference; lastKnownFileType = sourcecode.swift; name = RecipeLines.swift; path = HomeHub/Utilities/RecipeLines.swift; sourceTree = SOURCE_ROOT; };
		62DBB4FEBDB34B59A2EE07F7 /* RecipeTagHelpers.swift */ = {isa = PBXFileReference; lastKnownFileType = sourcecode.swift; name = RecipeTagHelpers.swift; path = HomeHub/Utilities/RecipeTagHelpers.swift; sourceTree = SOURCE_ROOT; };
		33811F530C3C4FFAA3DC855D /* SleepActivityAttributes.swift */ = {isa = PBXFileReference; lastKnownFileType = sourcecode.swift; name = SleepActivityAttributes.swift; path = HomeHub/Utilities/SleepActivityAttributes.swift; sourceTree = SOURCE_ROOT; };
		F01FB481D4BF4B82816D72DE /* SnackHelpers.swift */ = {isa = PBXFileReference; lastKnownFileType = sourcecode.swift; name = SnackHelpers.swift; path = HomeHub/Utilities/SnackHelpers.swift; sourceTree = SOURCE_ROOT; };
		7747E88326E5424991B761E0 /* StreakHelpers.swift */ = {isa = PBXFileReference; lastKnownFileType = sourcecode.swift; name = StreakHelpers.swift; path = HomeHub/Utilities/StreakHelpers.swift; sourceTree = SOURCE_ROOT; };
		075FB3C3623744BA816D41F9 /* WeekStart.swift */ = {isa = PBXFileReference; lastKnownFileType = sourcecode.swift; name = WeekStart.swift; path = HomeHub/Utilities/WeekStart.swift; sourceTree = SOURCE_ROOT; };
		226C4601CBC343A5B43BF5EE /* BirthdaysViewModel.swift */ = {isa = PBXFileReference; lastKnownFileType = sourcecode.swift; name = BirthdaysViewModel.swift; path = HomeHub/ViewModels/BirthdaysViewModel.swift; sourceTree = SOURCE_ROOT; };
		8B0A11830DBC49FE8614A3C3 /* CalendarSettingsViewModel.swift */ = {isa = PBXFileReference; lastKnownFileType = sourcecode.swift; name = CalendarSettingsViewModel.swift; path = HomeHub/ViewModels/CalendarSettingsViewModel.swift; sourceTree = SOURCE_ROOT; };
		C70C7851417C4A139CA1D542 /* CalendarViewModel.swift */ = {isa = PBXFileReference; lastKnownFileType = sourcecode.swift; name = CalendarViewModel.swift; path = HomeHub/ViewModels/CalendarViewModel.swift; sourceTree = SOURCE_ROOT; };
		672664ECF75E4F76B8D9DB0D /* ChoresViewModel.swift */ = {isa = PBXFileReference; lastKnownFileType = sourcecode.swift; name = ChoresViewModel.swift; path = HomeHub/ViewModels/ChoresViewModel.swift; sourceTree = SOURCE_ROOT; };
		CD2A375CA6914E3FACE97749 /* CroutonImportViewModel.swift */ = {isa = PBXFileReference; lastKnownFileType = sourcecode.swift; name = CroutonImportViewModel.swift; path = HomeHub/ViewModels/CroutonImportViewModel.swift; sourceTree = SOURCE_ROOT; };
		4EDE37484BDC44A2AC783FCF /* GroceriesViewModel.swift */ = {isa = PBXFileReference; lastKnownFileType = sourcecode.swift; name = GroceriesViewModel.swift; path = HomeHub/ViewModels/GroceriesViewModel.swift; sourceTree = SOURCE_ROOT; };
		9ACB688248C74D4487AF027A /* HouseholdMembersViewModel.swift */ = {isa = PBXFileReference; lastKnownFileType = sourcecode.swift; name = HouseholdMembersViewModel.swift; path = HomeHub/ViewModels/HouseholdMembersViewModel.swift; sourceTree = SOURCE_ROOT; };
		44C34B74885F4F5A80DACD63 /* MealsViewModel.swift */ = {isa = PBXFileReference; lastKnownFileType = sourcecode.swift; name = MealsViewModel.swift; path = HomeHub/ViewModels/MealsViewModel.swift; sourceTree = SOURCE_ROOT; };
		233C725E7F764629B9586D9A /* MyProfileViewModel.swift */ = {isa = PBXFileReference; lastKnownFileType = sourcecode.swift; name = MyProfileViewModel.swift; path = HomeHub/ViewModels/MyProfileViewModel.swift; sourceTree = SOURCE_ROOT; };
		EE211CB260A24378ABEB819C /* ProfilesViewModel.swift */ = {isa = PBXFileReference; lastKnownFileType = sourcecode.swift; name = ProfilesViewModel.swift; path = HomeHub/ViewModels/ProfilesViewModel.swift; sourceTree = SOURCE_ROOT; };
		70633D9CF5C34F00901A126F /* RecipesViewModel.swift */ = {isa = PBXFileReference; lastKnownFileType = sourcecode.swift; name = RecipesViewModel.swift; path = HomeHub/ViewModels/RecipesViewModel.swift; sourceTree = SOURCE_ROOT; };
		24B7B4E2209345BF830BCF71 /* RoutinesViewModel.swift */ = {isa = PBXFileReference; lastKnownFileType = sourcecode.swift; name = RoutinesViewModel.swift; path = HomeHub/ViewModels/RoutinesViewModel.swift; sourceTree = SOURCE_ROOT; };
		7E8311AEDA7C45159BD88F5C /* SnacksViewModel.swift */ = {isa = PBXFileReference; lastKnownFileType = sourcecode.swift; name = SnacksViewModel.swift; path = HomeHub/ViewModels/SnacksViewModel.swift; sourceTree = SOURCE_ROOT; };
		DBFBC20EB43A4492929F9690 /* SignInView.swift */ = {isa = PBXFileReference; lastKnownFileType = sourcecode.swift; name = SignInView.swift; path = HomeHub/Views/Auth/SignInView.swift; sourceTree = SOURCE_ROOT; };
		E7812AC6F2A744948E99C5FA /* BirthdayYearRing.swift */ = {isa = PBXFileReference; lastKnownFileType = sourcecode.swift; name = BirthdayYearRing.swift; path = HomeHub/Views/Birthdays/BirthdayYearRing.swift; sourceTree = SOURCE_ROOT; };
		F47FC33E9FFD4253B12C2130 /* BirthdaysView.swift */ = {isa = PBXFileReference; lastKnownFileType = sourcecode.swift; name = BirthdaysView.swift; path = HomeHub/Views/Birthdays/BirthdaysView.swift; sourceTree = SOURCE_ROOT; };
		E36D44A2F9AB4FA4A8A0006C /* CalendarSettingsView.swift */ = {isa = PBXFileReference; lastKnownFileType = sourcecode.swift; name = CalendarSettingsView.swift; path = HomeHub/Views/Calendar/CalendarSettingsView.swift; sourceTree = SOURCE_ROOT; };
		D3E1AB9737D0402881179107 /* CalendarView.swift */ = {isa = PBXFileReference; lastKnownFileType = sourcecode.swift; name = CalendarView.swift; path = HomeHub/Views/Calendar/CalendarView.swift; sourceTree = SOURCE_ROOT; };
		41B8C72C847541E98DDC56FD /* ChoreFormView.swift */ = {isa = PBXFileReference; lastKnownFileType = sourcecode.swift; name = ChoreFormView.swift; path = HomeHub/Views/Chores/ChoreFormView.swift; sourceTree = SOURCE_ROOT; };
		81F850946A0A46CAB8E6B8EB /* ChoresView.swift */ = {isa = PBXFileReference; lastKnownFileType = sourcecode.swift; name = ChoresView.swift; path = HomeHub/Views/Chores/ChoresView.swift; sourceTree = SOURCE_ROOT; };
		4361090431FD4ABDB8B349BC /* FormFields.swift */ = {isa = PBXFileReference; lastKnownFileType = sourcecode.swift; name = FormFields.swift; path = HomeHub/Views/Components/FormFields.swift; sourceTree = SOURCE_ROOT; };
		53316343105749C991EB8706 /* HubComponents.swift */ = {isa = PBXFileReference; lastKnownFileType = sourcecode.swift; name = HubComponents.swift; path = HomeHub/Views/Components/HubComponents.swift; sourceTree = SOURCE_ROOT; };
		296311559D324257BCB394BA /* ThemeSettingView.swift */ = {isa = PBXFileReference; lastKnownFileType = sourcecode.swift; name = ThemeSettingView.swift; path = HomeHub/Views/Components/ThemeSettingView.swift; sourceTree = SOURCE_ROOT; };
		AA65ABDF74C04AD2B33BA0C3 /* BirthdayTodayBanner.swift */ = {isa = PBXFileReference; lastKnownFileType = sourcecode.swift; name = BirthdayTodayBanner.swift; path = HomeHub/Views/Dashboard/BirthdayTodayBanner.swift; sourceTree = SOURCE_ROOT; };
		041D313D1596411291B3E1CE /* DashboardCardKit.swift */ = {isa = PBXFileReference; lastKnownFileType = sourcecode.swift; name = DashboardCardKit.swift; path = HomeHub/Views/Dashboard/DashboardCardKit.swift; sourceTree = SOURCE_ROOT; };
		DFD65B78A9844B4A8A0D94D3 /* DashboardView.swift */ = {isa = PBXFileReference; lastKnownFileType = sourcecode.swift; name = DashboardView.swift; path = HomeHub/Views/Dashboard/DashboardView.swift; sourceTree = SOURCE_ROOT; };
		2131065870584EE29DBF8ABF /* GroceriesView.swift */ = {isa = PBXFileReference; lastKnownFileType = sourcecode.swift; name = GroceriesView.swift; path = HomeHub/Views/Groceries/GroceriesView.swift; sourceTree = SOURCE_ROOT; };
		F0F31D96A44C44568E96091C /* HubView.swift */ = {isa = PBXFileReference; lastKnownFileType = sourcecode.swift; name = HubView.swift; path = HomeHub/Views/Hub/HubView.swift; sourceTree = SOURCE_ROOT; };
		1C3EED3CCE7C4CFD99000043 /* MealGroceryPreviewSheet.swift */ = {isa = PBXFileReference; lastKnownFileType = sourcecode.swift; name = MealGroceryPreviewSheet.swift; path = HomeHub/Views/Meals/MealGroceryPreviewSheet.swift; sourceTree = SOURCE_ROOT; };
		AA9E41474459492FA8D27226 /* MealPickerSheet.swift */ = {isa = PBXFileReference; lastKnownFileType = sourcecode.swift; name = MealPickerSheet.swift; path = HomeHub/Views/Meals/MealPickerSheet.swift; sourceTree = SOURCE_ROOT; };
		17F986C2000640099AA3448C /* MealsView.swift */ = {isa = PBXFileReference; lastKnownFileType = sourcecode.swift; name = MealsView.swift; path = HomeHub/Views/Meals/MealsView.swift; sourceTree = SOURCE_ROOT; };
		46B42ED0A1684CB3B43F9E46 /* NapsView.swift */ = {isa = PBXFileReference; lastKnownFileType = sourcecode.swift; name = NapsView.swift; path = HomeHub/Views/Naps/NapsView.swift; sourceTree = SOURCE_ROOT; };
		6A03258657D54E44BC5E7CDB /* SleepEntrySheets.swift */ = {isa = PBXFileReference; lastKnownFileType = sourcecode.swift; name = SleepEntrySheets.swift; path = HomeHub/Views/Naps/SleepEntrySheets.swift; sourceTree = SOURCE_ROOT; };
		F8E4F9F5191F4D8385F2E40E /* SleepStatusCard.swift */ = {isa = PBXFileReference; lastKnownFileType = sourcecode.swift; name = SleepStatusCard.swift; path = HomeHub/Views/Naps/SleepStatusCard.swift; sourceTree = SOURCE_ROOT; };
		908138F4F8F540C6944506DA /* NotesView.swift */ = {isa = PBXFileReference; lastKnownFileType = sourcecode.swift; name = NotesView.swift; path = HomeHub/Views/Notes/NotesView.swift; sourceTree = SOURCE_ROOT; };
		9078F3BB78B34641BCB947C2 /* OnboardingView.swift */ = {isa = PBXFileReference; lastKnownFileType = sourcecode.swift; name = OnboardingView.swift; path = HomeHub/Views/Onboarding/OnboardingView.swift; sourceTree = SOURCE_ROOT; };
		9B036A891F094129874900FF /* DeleteAccountSheet.swift */ = {isa = PBXFileReference; lastKnownFileType = sourcecode.swift; name = DeleteAccountSheet.swift; path = HomeHub/Views/Profiles/DeleteAccountSheet.swift; sourceTree = SOURCE_ROOT; };
		5E414751B63542C7A4380A7C /* MyProfileView.swift */ = {isa = PBXFileReference; lastKnownFileType = sourcecode.swift; name = MyProfileView.swift; path = HomeHub/Views/Profiles/MyProfileView.swift; sourceTree = SOURCE_ROOT; };
		70DAD0E88DE640E5B5280A94 /* ProfileColorPickerView.swift */ = {isa = PBXFileReference; lastKnownFileType = sourcecode.swift; name = ProfileColorPickerView.swift; path = HomeHub/Views/Profiles/ProfileColorPickerView.swift; sourceTree = SOURCE_ROOT; };
		03CD6B2EA6C34A0FBF561E07 /* ProfileFormView.swift */ = {isa = PBXFileReference; lastKnownFileType = sourcecode.swift; name = ProfileFormView.swift; path = HomeHub/Views/Profiles/ProfileFormView.swift; sourceTree = SOURCE_ROOT; };
		55C01510F0B341A08FEC8895 /* ProfilePhotoUploadView.swift */ = {isa = PBXFileReference; lastKnownFileType = sourcecode.swift; name = ProfilePhotoUploadView.swift; path = HomeHub/Views/Profiles/ProfilePhotoUploadView.swift; sourceTree = SOURCE_ROOT; };
		A2E63B4B1447411794D93B35 /* CroutonImportView.swift */ = {isa = PBXFileReference; lastKnownFileType = sourcecode.swift; name = CroutonImportView.swift; path = HomeHub/Views/Recipes/CroutonImportView.swift; sourceTree = SOURCE_ROOT; };
		4C5D327212604EA1BBD8444C /* RecipeFormView.swift */ = {isa = PBXFileReference; lastKnownFileType = sourcecode.swift; name = RecipeFormView.swift; path = HomeHub/Views/Recipes/RecipeFormView.swift; sourceTree = SOURCE_ROOT; };
		2912C0AA8C2947FDADB06134 /* RecipeTagViews.swift */ = {isa = PBXFileReference; lastKnownFileType = sourcecode.swift; name = RecipeTagViews.swift; path = HomeHub/Views/Recipes/RecipeTagViews.swift; sourceTree = SOURCE_ROOT; };
		771BE12098A545D68425A552 /* RecipesView.swift */ = {isa = PBXFileReference; lastKnownFileType = sourcecode.swift; name = RecipesView.swift; path = HomeHub/Views/Recipes/RecipesView.swift; sourceTree = SOURCE_ROOT; };
		9A2E08495A7244A4914D829D /* RootView.swift */ = {isa = PBXFileReference; lastKnownFileType = sourcecode.swift; name = RootView.swift; path = HomeHub/Views/RootView.swift; sourceTree = SOURCE_ROOT; };
		6E16B759E720413DA5FE5FE0 /* RoutineFormView.swift */ = {isa = PBXFileReference; lastKnownFileType = sourcecode.swift; name = RoutineFormView.swift; path = HomeHub/Views/Routines/RoutineFormView.swift; sourceTree = SOURCE_ROOT; };
		1BC8A87D3C2847CAB5529CEC /* RoutinesView.swift */ = {isa = PBXFileReference; lastKnownFileType = sourcecode.swift; name = RoutinesView.swift; path = HomeHub/Views/Routines/RoutinesView.swift; sourceTree = SOURCE_ROOT; };
		399C1176CD5249EBA19083C7 /* HouseholdExportDocument.swift */ = {isa = PBXFileReference; lastKnownFileType = sourcecode.swift; name = HouseholdExportDocument.swift; path = HomeHub/Views/Settings/HouseholdExportDocument.swift; sourceTree = SOURCE_ROOT; };
		6927A3B604B4469BAFC3EDB7 /* HouseholdPhotoUploadView.swift */ = {isa = PBXFileReference; lastKnownFileType = sourcecode.swift; name = HouseholdPhotoUploadView.swift; path = HomeHub/Views/Settings/HouseholdPhotoUploadView.swift; sourceTree = SOURCE_ROOT; };
		FB516B5F80D146CBBB7A9769 /* SettingsView.swift */ = {isa = PBXFileReference; lastKnownFileType = sourcecode.swift; name = SettingsView.swift; path = HomeHub/Views/Settings/SettingsView.swift; sourceTree = SOURCE_ROOT; };
		C86C3F8BEAE34A4EB27163BA /* SnackChildChips.swift */ = {isa = PBXFileReference; lastKnownFileType = sourcecode.swift; name = SnackChildChips.swift; path = HomeHub/Views/Snacks/SnackChildChips.swift; sourceTree = SOURCE_ROOT; };
		3997F643448A4330B4C9DAC4 /* SnacksView.swift */ = {isa = PBXFileReference; lastKnownFileType = sourcecode.swift; name = SnacksView.swift; path = HomeHub/Views/Snacks/SnacksView.swift; sourceTree = SOURCE_ROOT; };
		D5ED0BCB7BF84786835F2CF3 /* SleepLiveActivity.swift */ = {isa = PBXFileReference; lastKnownFileType = sourcecode.swift; name = SleepLiveActivity.swift; path = HomeHubLiveActivity/SleepLiveActivity.swift; sourceTree = SOURCE_ROOT; };
		10BE1F4B7F7B4AD08047E879 /* Info.plist */ = {isa = PBXFileReference; lastKnownFileType = text.plist.xml; path = HomeHubLiveActivity/Info.plist; sourceTree = SOURCE_ROOT; };
		FCAEB7A930624AA998F33FA4 /* HomeHubLiveActivity.appex */ = {isa = PBXFileReference; explicitFileType = "wrapper.app-extension"; includeInIndex = 0; path = HomeHubLiveActivity.appex; sourceTree = BUILT_PRODUCTS_DIR; };
		70ABC4D4505947A3955D71CB /* Info.plist */ = {isa = PBXFileReference; lastKnownFileType = text.plist.xml; path = HomeHub/Info.plist; sourceTree = SOURCE_ROOT; };
		984D9FF79A094ECAB8AA0A45 /* HomeHub.entitlements */ = {isa = PBXFileReference; lastKnownFileType = text.plist.entitlements; path = HomeHub/HomeHub.entitlements; sourceTree = SOURCE_ROOT; };
		FE61B466DA474CC6ADD30824 /* Assets.xcassets */ = {isa = PBXFileReference; lastKnownFileType = folder.assetcatalog; path = HomeHub/Assets.xcassets; sourceTree = SOURCE_ROOT; };
		C46B8B7B9F584BFF9A0FF4CE /* PrivacyInfo.xcprivacy */ = {isa = PBXFileReference; lastKnownFileType = text.xml; path = HomeHub/PrivacyInfo.xcprivacy; sourceTree = SOURCE_ROOT; };
		D9A83AC631EA4EB88C60F029 /* HomeHub.app */ = {isa = PBXFileReference; explicitFileType = wrapper.application; includeInIndex = 0; path = HomeHub.app; sourceTree = BUILT_PRODUCTS_DIR; };
		61FD5D2AD49E4C458218D16E /* Beacon.icon */ = {isa = PBXFileReference; lastKnownFileType = folder.iconcomposer.icon; path = Beacon.icon; sourceTree = SOURCE_ROOT; };
		DC56795448794F649CD33A7A /* BeaconOcean.icon */ = {isa = PBXFileReference; lastKnownFileType = folder.iconcomposer.icon; path = BeaconOcean.icon; sourceTree = SOURCE_ROOT; };
		E18822175A4943CDA4BEC54E /* BeaconClay.icon */ = {isa = PBXFileReference; lastKnownFileType = folder.iconcomposer.icon; path = BeaconClay.icon; sourceTree = SOURCE_ROOT; };
		1F38CB65A0A744E9B3C32E1E /* BeaconPlum.icon */ = {isa = PBXFileReference; lastKnownFileType = folder.iconcomposer.icon; path = BeaconPlum.icon; sourceTree = SOURCE_ROOT; };
		6FE4F011566646C884FBB0BB /* BeaconSlate.icon */ = {isa = PBXFileReference; lastKnownFileType = folder.iconcomposer.icon; path = BeaconSlate.icon; sourceTree = SOURCE_ROOT; };
		94BFD36726EB45459D06E58A /* BeaconForest.icon */ = {isa = PBXFileReference; lastKnownFileType = folder.iconcomposer.icon; path = BeaconForest.icon; sourceTree = SOURCE_ROOT; };
		D314F09FE9A24F3EB9BD32C4 /* BeaconTeal.icon */ = {isa = PBXFileReference; lastKnownFileType = folder.iconcomposer.icon; path = BeaconTeal.icon; sourceTree = SOURCE_ROOT; };
		532B4236F7EB415BA001B435 /* BeaconIndigo.icon */ = {isa = PBXFileReference; lastKnownFileType = folder.iconcomposer.icon; path = BeaconIndigo.icon; sourceTree = SOURCE_ROOT; };
		5B6178115F2842F989881399 /* BeaconRose.icon */ = {isa = PBXFileReference; lastKnownFileType = folder.iconcomposer.icon; path = BeaconRose.icon; sourceTree = SOURCE_ROOT; };
		89D413080BC74F9EA11FC598 /* BeaconOchre.icon */ = {isa = PBXFileReference; lastKnownFileType = folder.iconcomposer.icon; path = BeaconOchre.icon; sourceTree = SOURCE_ROOT; };
		C642CB3C2ED441B2865861E9 /* AppState.swift in Sources */ = {isa = PBXBuildFile; fileRef = 595FFD03BCE14C2BB7C0EA7A /* AppState.swift */; };
		C6075F07A3104108A34C5525 /* HomeHubApp.swift in Sources */ = {isa = PBXBuildFile; fileRef = D4CA204870554FF8919209A0 /* HomeHubApp.swift */; };
		15509F3B82724258869B25BC /* Account.swift in Sources */ = {isa = PBXBuildFile; fileRef = 70224AFAB09F4EE5994A74E5 /* Account.swift */; };
		F30A9DD7970247CD83B60A6B /* Birthday.swift in Sources */ = {isa = PBXBuildFile; fileRef = 4EA96DF9C57E44D8A9E8BC60 /* Birthday.swift */; };
		169DD08932F14A69AF1C7627 /* Calendar.swift in Sources */ = {isa = PBXBuildFile; fileRef = 6D4B44808B744F3CAA798229 /* Calendar.swift */; };
		47F773AAF9884B3E9338012E /* Chore.swift in Sources */ = {isa = PBXBuildFile; fileRef = 8FC139EFEBF34FC08EB23517 /* Chore.swift */; };
		423C74F8C55E415999D4361C /* CroutonRecipe.swift in Sources */ = {isa = PBXBuildFile; fileRef = 944C3B753CDF4A3590D345B2 /* CroutonRecipe.swift */; };
		67B22CD9EDD443CD9AA29721 /* Dashboard.swift in Sources */ = {isa = PBXBuildFile; fileRef = 564A7CE53323413E89332553 /* Dashboard.swift */; };
		BCDA447728154B74873325E8 /* Enums.swift in Sources */ = {isa = PBXBuildFile; fileRef = 13DFFD03995349B5B4C3FEB2 /* Enums.swift */; };
		B92B1EB61C2541A2A774713A /* Grocery.swift in Sources */ = {isa = PBXBuildFile; fileRef = 8B2805315A22415C95A64557 /* Grocery.swift */; };
		08091C4F839D4182A5A81631 /* Household.swift in Sources */ = {isa = PBXBuildFile; fileRef = C05F1578DFC94FE790E0992C /* Household.swift */; };
		4C2A4318825D4E24B8C52CA2 /* Meal.swift in Sources */ = {isa = PBXBuildFile; fileRef = C38444A2DA3C4459896902B3 /* Meal.swift */; };
		DA14035C749A405EAB6EEC4D /* NapLog.swift in Sources */ = {isa = PBXBuildFile; fileRef = 1A83D1A7EFA64A82B6F20134 /* NapLog.swift */; };
		EB62073AF5D643CE9669ECC6 /* NotificationSettings.swift in Sources */ = {isa = PBXBuildFile; fileRef = 38721ACE3C4948EC80805E53 /* NotificationSettings.swift */; };
		EB7405791D304C8597E90BD8 /* Profile.swift in Sources */ = {isa = PBXBuildFile; fileRef = 3B45FD9F463F4CD29CAB4FF9 /* Profile.swift */; };
		6646FDF1B3A7436E92470007 /* Recipe.swift in Sources */ = {isa = PBXBuildFile; fileRef = E4761341BBEF47CCB0D1B1FE /* Recipe.swift */; };
		5F414CC20BE4424A9C36693B /* Routine.swift in Sources */ = {isa = PBXBuildFile; fileRef = 04AE5488CA0A422987495F75 /* Routine.swift */; };
		43083EDDE14F479484B1FAE5 /* User.swift in Sources */ = {isa = PBXBuildFile; fileRef = 7F99749C84C3458C8560DF3D /* User.swift */; };
		F4DF644E460B4776B949DE3A /* APIClient.swift in Sources */ = {isa = PBXBuildFile; fileRef = 85DE116D3B70469588674091 /* APIClient.swift */; };
		C22044B50C17453282D1FA35 /* AuthService.swift in Sources */ = {isa = PBXBuildFile; fileRef = 6283F59426494C5FB544F6CD /* AuthService.swift */; };
		E5B040DCFABB49C7B92129DC /* HomeHubAPI.swift in Sources */ = {isa = PBXBuildFile; fileRef = 777295BDC0E740F3846AC165 /* HomeHubAPI.swift */; };
		47DB4A9A5EC24730AFA9653C /* HomeHubLocalStore.swift in Sources */ = {isa = PBXBuildFile; fileRef = 73FFCE64E1F049E880D66842 /* HomeHubLocalStore.swift */; };
		1E603B4F3FC04D328993BD00 /* NativeCalendarService.swift in Sources */ = {isa = PBXBuildFile; fileRef = 288A6E655B03434D856F07EC /* NativeCalendarService.swift */; };
		9AC5B04436F24AE985C8C26B /* NativeNotificationService.swift in Sources */ = {isa = PBXBuildFile; fileRef = 54F61622F177490D9ADA5858 /* NativeNotificationService.swift */; };
		8983539F9E0D45F1A623F28E /* NativeRemindersService.swift in Sources */ = {isa = PBXBuildFile; fileRef = 7798E400C305453EB1D2B0BF /* NativeRemindersService.swift */; };
		B916D3C61003438FB0FE7D11 /* NativeWeatherService.swift in Sources */ = {isa = PBXBuildFile; fileRef = 8B92A5BEBA324A7D93328C41 /* NativeWeatherService.swift */; };
		D38A89191A1249B6B5D40DCD /* SleepLiveActivityManager.swift in Sources */ = {isa = PBXBuildFile; fileRef = 7886F8D2920645CDBD012D41 /* SleepLiveActivityManager.swift */; };
		9B7BF20DF1974D39AE39E00F /* AppTheme.swift in Sources */ = {isa = PBXBuildFile; fileRef = 172144B926D74104959B15C2 /* AppTheme.swift */; };
		F9D0AD4F72704EC2909EB17D /* BirthdayHelpers.swift in Sources */ = {isa = PBXBuildFile; fileRef = 6F6748D6B08B4B45B20D6052 /* BirthdayHelpers.swift */; };
		5869E55C866144E2B4B8046D /* BirthdayNotificationPlanner.swift in Sources */ = {isa = PBXBuildFile; fileRef = 777DCE2856A54D8EB778640B /* BirthdayNotificationPlanner.swift */; };
		2EF9734F59F1456D91884BAE /* BirthdayTodayHelpers.swift in Sources */ = {isa = PBXBuildFile; fileRef = B824F6D056C247CEBAF99DF3 /* BirthdayTodayHelpers.swift */; };
		61367CC566424B5489C6C952 /* CalendarHelpers.swift in Sources */ = {isa = PBXBuildFile; fileRef = 23D549B9938D4BFB829FFEB4 /* CalendarHelpers.swift */; };
		3EACB8B5C8574D078F37C279 /* CelebrationText.swift in Sources */ = {isa = PBXBuildFile; fileRef = 00EC96AEC7504703B8325083 /* CelebrationText.swift */; };
		E7C14DF657734BEE9C2716B9 /* ChoreHelpers.swift in Sources */ = {isa = PBXBuildFile; fileRef = 01DC04213E034BBAB8451437 /* ChoreHelpers.swift */; };
		5CFD776976094F6C83327D0A /* CompletionHelpers.swift in Sources */ = {isa = PBXBuildFile; fileRef = D9220AA6B5EF41638496D042 /* CompletionHelpers.swift */; };
		B7A4384A313D4BAA85278567 /* CroutonImport.swift in Sources */ = {isa = PBXBuildFile; fileRef = 3AFDB7170AF5424993D5634D /* CroutonImport.swift */; };
		49FB24958B7D480C8627C69F /* DashboardHelpers.swift in Sources */ = {isa = PBXBuildFile; fileRef = F237D28DBB9A4654A272BFDC /* DashboardHelpers.swift */; };
		4F11AD9A7A86462897405CDA /* DashboardRowHelpers.swift in Sources */ = {isa = PBXBuildFile; fileRef = 1E54085D7872496C86A09E7B /* DashboardRowHelpers.swift */; };
		73FC47E01082429D8C1DB06E /* DateHelpers.swift in Sources */ = {isa = PBXBuildFile; fileRef = A1091A0008294ECAB4F3E402 /* DateHelpers.swift */; };
		C3C91254D5BF44CF92BAA519 /* GroceryHelpers.swift in Sources */ = {isa = PBXBuildFile; fileRef = BFC7EC94859D4ADE9DB39837 /* GroceryHelpers.swift */; };
		40F495DC1D4C4B6CB095EA17 /* HomeHubWidgetShared.swift in Sources */ = {isa = PBXBuildFile; fileRef = 20727FC701484B0D8CFB35BA /* HomeHubWidgetShared.swift */; };
		BF3E2FC164734E50BB24CEC4 /* HouseholdRoles.swift in Sources */ = {isa = PBXBuildFile; fileRef = F155A4F56F674746B33753CD /* HouseholdRoles.swift */; };
		B3F10ABE6AD94E5E95D448A7 /* IngredientMerge.swift in Sources */ = {isa = PBXBuildFile; fileRef = 3A1C6E249B9843998DE41309 /* IngredientMerge.swift */; };
		24F1C40A46E648E7B8F2529B /* MealPlanHelpers.swift in Sources */ = {isa = PBXBuildFile; fileRef = 69B2889141664418BAF5D048 /* MealPlanHelpers.swift */; };
		3A203CA264884818910EDC38 /* MealSlotClock.swift in Sources */ = {isa = PBXBuildFile; fileRef = 33AD8B363250446E856D7857 /* MealSlotClock.swift */; };
		23E64D7C926B447FAE4B052C /* NapHelpers.swift in Sources */ = {isa = PBXBuildFile; fileRef = 0A0AE53CF1B7401A98798844 /* NapHelpers.swift */; };
		CE2BD93B97E64F40B622A4D8 /* ProfileColors.swift in Sources */ = {isa = PBXBuildFile; fileRef = 9304DABAD6AD4CCB9F862D4D /* ProfileColors.swift */; };
		2DF2C2F67F56456CBC910EE3 /* ProfilePhotoHelpers.swift in Sources */ = {isa = PBXBuildFile; fileRef = 62706B48AA504ADD9FD57CF3 /* ProfilePhotoHelpers.swift */; };
		487C86B7D23D43218AFDF5B7 /* RecipeFormHelpers.swift in Sources */ = {isa = PBXBuildFile; fileRef = F2DF1E7107994F2F8B79F573 /* RecipeFormHelpers.swift */; };
		2317D011B60B47E3A61D2BC0 /* RecipeLines.swift in Sources */ = {isa = PBXBuildFile; fileRef = D6DF86D7DEA84FA595AB86FE /* RecipeLines.swift */; };
		AE676C2E858A44799142E2C5 /* RecipeTagHelpers.swift in Sources */ = {isa = PBXBuildFile; fileRef = 62DBB4FEBDB34B59A2EE07F7 /* RecipeTagHelpers.swift */; };
		7AE2EF0B20FA40A5BF92ADAF /* SleepActivityAttributes.swift in Sources */ = {isa = PBXBuildFile; fileRef = 33811F530C3C4FFAA3DC855D /* SleepActivityAttributes.swift */; };
		44CAC9D441A046AC9D7631BE /* SnackHelpers.swift in Sources */ = {isa = PBXBuildFile; fileRef = F01FB481D4BF4B82816D72DE /* SnackHelpers.swift */; };
		E923ACD6D31E43138C7BA4E7 /* StreakHelpers.swift in Sources */ = {isa = PBXBuildFile; fileRef = 7747E88326E5424991B761E0 /* StreakHelpers.swift */; };
		FAF9460ABF3A4720A512CA80 /* WeekStart.swift in Sources */ = {isa = PBXBuildFile; fileRef = 075FB3C3623744BA816D41F9 /* WeekStart.swift */; };
		6B2D6EA8F2334883B34F1E24 /* BirthdaysViewModel.swift in Sources */ = {isa = PBXBuildFile; fileRef = 226C4601CBC343A5B43BF5EE /* BirthdaysViewModel.swift */; };
		2389343585334B6C8AE60D2A /* CalendarSettingsViewModel.swift in Sources */ = {isa = PBXBuildFile; fileRef = 8B0A11830DBC49FE8614A3C3 /* CalendarSettingsViewModel.swift */; };
		F6958E0095A545608C570F34 /* CalendarViewModel.swift in Sources */ = {isa = PBXBuildFile; fileRef = C70C7851417C4A139CA1D542 /* CalendarViewModel.swift */; };
		6B0F478785894E25988C6EAA /* ChoresViewModel.swift in Sources */ = {isa = PBXBuildFile; fileRef = 672664ECF75E4F76B8D9DB0D /* ChoresViewModel.swift */; };
		9617C0CFEF954FE89C3956FD /* CroutonImportViewModel.swift in Sources */ = {isa = PBXBuildFile; fileRef = CD2A375CA6914E3FACE97749 /* CroutonImportViewModel.swift */; };
		B91AEF75585F46D89948B31F /* GroceriesViewModel.swift in Sources */ = {isa = PBXBuildFile; fileRef = 4EDE37484BDC44A2AC783FCF /* GroceriesViewModel.swift */; };
		D1C3A0C4284D494C94503476 /* HouseholdMembersViewModel.swift in Sources */ = {isa = PBXBuildFile; fileRef = 9ACB688248C74D4487AF027A /* HouseholdMembersViewModel.swift */; };
		051BA0521E8C4C6B85F9094B /* MealsViewModel.swift in Sources */ = {isa = PBXBuildFile; fileRef = 44C34B74885F4F5A80DACD63 /* MealsViewModel.swift */; };
		A4CFD89CB7894349AF7F7484 /* MyProfileViewModel.swift in Sources */ = {isa = PBXBuildFile; fileRef = 233C725E7F764629B9586D9A /* MyProfileViewModel.swift */; };
		F6DDF1DA06EF4C17990F906F /* ProfilesViewModel.swift in Sources */ = {isa = PBXBuildFile; fileRef = EE211CB260A24378ABEB819C /* ProfilesViewModel.swift */; };
		8E9F2220F0AD4A2C896FFAEB /* RecipesViewModel.swift in Sources */ = {isa = PBXBuildFile; fileRef = 70633D9CF5C34F00901A126F /* RecipesViewModel.swift */; };
		5ED535AB2C0F430BBDAC0128 /* RoutinesViewModel.swift in Sources */ = {isa = PBXBuildFile; fileRef = 24B7B4E2209345BF830BCF71 /* RoutinesViewModel.swift */; };
		274A62B795494EE79132E14B /* SnacksViewModel.swift in Sources */ = {isa = PBXBuildFile; fileRef = 7E8311AEDA7C45159BD88F5C /* SnacksViewModel.swift */; };
		15E78C93B67A4CA18A62BCF1 /* SignInView.swift in Sources */ = {isa = PBXBuildFile; fileRef = DBFBC20EB43A4492929F9690 /* SignInView.swift */; };
		CA976CC61AE940C9B30E6810 /* BirthdayYearRing.swift in Sources */ = {isa = PBXBuildFile; fileRef = E7812AC6F2A744948E99C5FA /* BirthdayYearRing.swift */; };
		28E7A7E7D1C4444CBA0AF14D /* BirthdaysView.swift in Sources */ = {isa = PBXBuildFile; fileRef = F47FC33E9FFD4253B12C2130 /* BirthdaysView.swift */; };
		80705FD914924EA0AAF37F1F /* CalendarSettingsView.swift in Sources */ = {isa = PBXBuildFile; fileRef = E36D44A2F9AB4FA4A8A0006C /* CalendarSettingsView.swift */; };
		89F7D62E78394F72AFE1F659 /* CalendarView.swift in Sources */ = {isa = PBXBuildFile; fileRef = D3E1AB9737D0402881179107 /* CalendarView.swift */; };
		412C9F75B0324BEDA95566AC /* ChoreFormView.swift in Sources */ = {isa = PBXBuildFile; fileRef = 41B8C72C847541E98DDC56FD /* ChoreFormView.swift */; };
		860BA371764E4860AFCC7053 /* ChoresView.swift in Sources */ = {isa = PBXBuildFile; fileRef = 81F850946A0A46CAB8E6B8EB /* ChoresView.swift */; };
		A6F763E2D2674AD5BB6F1462 /* FormFields.swift in Sources */ = {isa = PBXBuildFile; fileRef = 4361090431FD4ABDB8B349BC /* FormFields.swift */; };
		5EB3DEC4964F43DCABF9B2E5 /* HubComponents.swift in Sources */ = {isa = PBXBuildFile; fileRef = 53316343105749C991EB8706 /* HubComponents.swift */; };
		DD6D836E8F1640E88798A1D8 /* ThemeSettingView.swift in Sources */ = {isa = PBXBuildFile; fileRef = 296311559D324257BCB394BA /* ThemeSettingView.swift */; };
		86BC9199E15C43C1B128BDC9 /* BirthdayTodayBanner.swift in Sources */ = {isa = PBXBuildFile; fileRef = AA65ABDF74C04AD2B33BA0C3 /* BirthdayTodayBanner.swift */; };
		E8A8B03F486C4BC5AC5478C4 /* DashboardCardKit.swift in Sources */ = {isa = PBXBuildFile; fileRef = 041D313D1596411291B3E1CE /* DashboardCardKit.swift */; };
		08FEA3E752BF4556B4B640E2 /* DashboardView.swift in Sources */ = {isa = PBXBuildFile; fileRef = DFD65B78A9844B4A8A0D94D3 /* DashboardView.swift */; };
		5A5D3C5E6F6A4D2785EA218E /* GroceriesView.swift in Sources */ = {isa = PBXBuildFile; fileRef = 2131065870584EE29DBF8ABF /* GroceriesView.swift */; };
		34F788E91E4E431CAF15AA59 /* HubView.swift in Sources */ = {isa = PBXBuildFile; fileRef = F0F31D96A44C44568E96091C /* HubView.swift */; };
		44AD9F11C6934B3E9576EA4A /* MealGroceryPreviewSheet.swift in Sources */ = {isa = PBXBuildFile; fileRef = 1C3EED3CCE7C4CFD99000043 /* MealGroceryPreviewSheet.swift */; };
		43BDDAC6A30043AEA2411691 /* MealPickerSheet.swift in Sources */ = {isa = PBXBuildFile; fileRef = AA9E41474459492FA8D27226 /* MealPickerSheet.swift */; };
		03ED695438034BE88D2340B0 /* MealsView.swift in Sources */ = {isa = PBXBuildFile; fileRef = 17F986C2000640099AA3448C /* MealsView.swift */; };
		1FFF57648BF44667BED88E97 /* NapsView.swift in Sources */ = {isa = PBXBuildFile; fileRef = 46B42ED0A1684CB3B43F9E46 /* NapsView.swift */; };
		4070A2ABFEAF4AB1AB2AD5AE /* SleepEntrySheets.swift in Sources */ = {isa = PBXBuildFile; fileRef = 6A03258657D54E44BC5E7CDB /* SleepEntrySheets.swift */; };
		567B3D06855D449881FB0BEC /* SleepStatusCard.swift in Sources */ = {isa = PBXBuildFile; fileRef = F8E4F9F5191F4D8385F2E40E /* SleepStatusCard.swift */; };
		24EA2DB2CB8B49349DA33F7C /* NotesView.swift in Sources */ = {isa = PBXBuildFile; fileRef = 908138F4F8F540C6944506DA /* NotesView.swift */; };
		72ADD55305A94EC8BBCD2D6E /* OnboardingView.swift in Sources */ = {isa = PBXBuildFile; fileRef = 9078F3BB78B34641BCB947C2 /* OnboardingView.swift */; };
		11D819B7A81E4412873A737A /* DeleteAccountSheet.swift in Sources */ = {isa = PBXBuildFile; fileRef = 9B036A891F094129874900FF /* DeleteAccountSheet.swift */; };
		85CECCBB3A6842D7A865A242 /* MyProfileView.swift in Sources */ = {isa = PBXBuildFile; fileRef = 5E414751B63542C7A4380A7C /* MyProfileView.swift */; };
		A003DBC8448D4EF989FB7FAA /* ProfileColorPickerView.swift in Sources */ = {isa = PBXBuildFile; fileRef = 70DAD0E88DE640E5B5280A94 /* ProfileColorPickerView.swift */; };
		7D7F35E034964958ADBE0936 /* ProfileFormView.swift in Sources */ = {isa = PBXBuildFile; fileRef = 03CD6B2EA6C34A0FBF561E07 /* ProfileFormView.swift */; };
		EE6AE2A330104C0DA91C9780 /* ProfilePhotoUploadView.swift in Sources */ = {isa = PBXBuildFile; fileRef = 55C01510F0B341A08FEC8895 /* ProfilePhotoUploadView.swift */; };
		A2F079A55F74437AAE998013 /* CroutonImportView.swift in Sources */ = {isa = PBXBuildFile; fileRef = A2E63B4B1447411794D93B35 /* CroutonImportView.swift */; };
		1407DBA4E1DE4B6AB0504FEA /* RecipeFormView.swift in Sources */ = {isa = PBXBuildFile; fileRef = 4C5D327212604EA1BBD8444C /* RecipeFormView.swift */; };
		710F1008275B4DB0AD046FB6 /* RecipeTagViews.swift in Sources */ = {isa = PBXBuildFile; fileRef = 2912C0AA8C2947FDADB06134 /* RecipeTagViews.swift */; };
		7333B5F4B53344BCA7D745C8 /* RecipesView.swift in Sources */ = {isa = PBXBuildFile; fileRef = 771BE12098A545D68425A552 /* RecipesView.swift */; };
		3A65E3D4E608487D86438262 /* RootView.swift in Sources */ = {isa = PBXBuildFile; fileRef = 9A2E08495A7244A4914D829D /* RootView.swift */; };
		B7DA3CB288EE4952AB101266 /* RoutineFormView.swift in Sources */ = {isa = PBXBuildFile; fileRef = 6E16B759E720413DA5FE5FE0 /* RoutineFormView.swift */; };
		78DEEB16DD1641D49A61C34C /* RoutinesView.swift in Sources */ = {isa = PBXBuildFile; fileRef = 1BC8A87D3C2847CAB5529CEC /* RoutinesView.swift */; };
		65D0E0021808499FAC0B6D72 /* HouseholdExportDocument.swift in Sources */ = {isa = PBXBuildFile; fileRef = 399C1176CD5249EBA19083C7 /* HouseholdExportDocument.swift */; };
		71CE767056DC4EE78AA3030B /* HouseholdPhotoUploadView.swift in Sources */ = {isa = PBXBuildFile; fileRef = 6927A3B604B4469BAFC3EDB7 /* HouseholdPhotoUploadView.swift */; };
		22228154F20C485F9D844B51 /* SettingsView.swift in Sources */ = {isa = PBXBuildFile; fileRef = FB516B5F80D146CBBB7A9769 /* SettingsView.swift */; };
		A9D4268BD58E40E087C968AE /* SnackChildChips.swift in Sources */ = {isa = PBXBuildFile; fileRef = C86C3F8BEAE34A4EB27163BA /* SnackChildChips.swift */; };
		CBFB04C54F62454AACE0D28C /* SnacksView.swift in Sources */ = {isa = PBXBuildFile; fileRef = 3997F643448A4330B4C9DAC4 /* SnacksView.swift */; };
		4C9913DF68F941C8ADB639CB /* SleepLiveActivity.swift in Sources */ = {isa = PBXBuildFile; fileRef = D5ED0BCB7BF84786835F2CF3 /* SleepLiveActivity.swift */; };
		8849752A5F624B1BB4517C13 /* SleepActivityAttributes.swift in Sources */ = {isa = PBXBuildFile; fileRef = 33811F530C3C4FFAA3DC855D /* SleepActivityAttributes.swift */; };
		1F73DB7889C34CF5B94D75F5 /* HomeHubLiveActivity.appex in Embed Foundation Extensions */ = {isa = PBXBuildFile; fileRef = FCAEB7A930624AA998F33FA4 /* HomeHubLiveActivity.appex */; settings = {ATTRIBUTES = (RemoveHeadersOnCopy, ); }; };
		52EC294567ED4A50A5CA2B16 /* Assets.xcassets in Resources */ = {isa = PBXBuildFile; fileRef = FE61B466DA474CC6ADD30824 /* Assets.xcassets */; };
		0F65E07102E44041BDD0734E /* PrivacyInfo.xcprivacy in Resources */ = {isa = PBXBuildFile; fileRef = C46B8B7B9F584BFF9A0FF4CE /* PrivacyInfo.xcprivacy */; };
		52E6CA3A8D74472A936C38CB /* Beacon.icon in Resources */ = {isa = PBXBuildFile; fileRef = 61FD5D2AD49E4C458218D16E /* Beacon.icon */; };
		094622E2B96B47AEA7148963 /* BeaconOcean.icon in Resources */ = {isa = PBXBuildFile; fileRef = DC56795448794F649CD33A7A /* BeaconOcean.icon */; };
		52904C2539AF43A9A72AE153 /* BeaconClay.icon in Resources */ = {isa = PBXBuildFile; fileRef = E18822175A4943CDA4BEC54E /* BeaconClay.icon */; };
		525B1E210F694C55AC6F9C94 /* BeaconPlum.icon in Resources */ = {isa = PBXBuildFile; fileRef = 1F38CB65A0A744E9B3C32E1E /* BeaconPlum.icon */; };
		5CA7E1698E8A4E009792D820 /* BeaconSlate.icon in Resources */ = {isa = PBXBuildFile; fileRef = 6FE4F011566646C884FBB0BB /* BeaconSlate.icon */; };
		9BF108D8746548778EB7D63B /* BeaconForest.icon in Resources */ = {isa = PBXBuildFile; fileRef = 94BFD36726EB45459D06E58A /* BeaconForest.icon */; };
		960B34B48A0B44249F0E83B4 /* BeaconTeal.icon in Resources */ = {isa = PBXBuildFile; fileRef = D314F09FE9A24F3EB9BD32C4 /* BeaconTeal.icon */; };
		8DA4799ED9A545078341E9D9 /* BeaconIndigo.icon in Resources */ = {isa = PBXBuildFile; fileRef = 532B4236F7EB415BA001B435 /* BeaconIndigo.icon */; };
		9E30D5757FFA4DE7AA3077B6 /* BeaconRose.icon in Resources */ = {isa = PBXBuildFile; fileRef = 5B6178115F2842F989881399 /* BeaconRose.icon */; };
		434174FF693B4428977A8C03 /* BeaconOchre.icon in Resources */ = {isa = PBXBuildFile; fileRef = 89D413080BC74F9EA11FC598 /* BeaconOchre.icon */; };
		974476B0B5704C0C8C972857 /* Products */ = {isa = PBXGroup; children = (D9A83AC631EA4EB88C60F029 /* HomeHub.app */, FCAEB7A930624AA998F33FA4 /* HomeHubLiveActivity.appex */); name = Products; sourceTree = "<group>"; };
		98C522AEAFF74579824A0AB9 /* HomeHub */ = {isa = PBXGroup; children = (595FFD03BCE14C2BB7C0EA7A /* AppState.swift */, D4CA204870554FF8919209A0 /* HomeHubApp.swift */, 70224AFAB09F4EE5994A74E5 /* Account.swift */, 4EA96DF9C57E44D8A9E8BC60 /* Birthday.swift */, 6D4B44808B744F3CAA798229 /* Calendar.swift */, 8FC139EFEBF34FC08EB23517 /* Chore.swift */, 944C3B753CDF4A3590D345B2 /* CroutonRecipe.swift */, 564A7CE53323413E89332553 /* Dashboard.swift */, 13DFFD03995349B5B4C3FEB2 /* Enums.swift */, 8B2805315A22415C95A64557 /* Grocery.swift */, C05F1578DFC94FE790E0992C /* Household.swift */, C38444A2DA3C4459896902B3 /* Meal.swift */, 1A83D1A7EFA64A82B6F20134 /* NapLog.swift */, 38721ACE3C4948EC80805E53 /* NotificationSettings.swift */, 3B45FD9F463F4CD29CAB4FF9 /* Profile.swift */, E4761341BBEF47CCB0D1B1FE /* Recipe.swift */, 04AE5488CA0A422987495F75 /* Routine.swift */, 7F99749C84C3458C8560DF3D /* User.swift */, 85DE116D3B70469588674091 /* APIClient.swift */, 6283F59426494C5FB544F6CD /* AuthService.swift */, 777295BDC0E740F3846AC165 /* HomeHubAPI.swift */, 73FFCE64E1F049E880D66842 /* HomeHubLocalStore.swift */, 288A6E655B03434D856F07EC /* NativeCalendarService.swift */, 54F61622F177490D9ADA5858 /* NativeNotificationService.swift */, 7798E400C305453EB1D2B0BF /* NativeRemindersService.swift */, 8B92A5BEBA324A7D93328C41 /* NativeWeatherService.swift */, 7886F8D2920645CDBD012D41 /* SleepLiveActivityManager.swift */, 172144B926D74104959B15C2 /* AppTheme.swift */, 6F6748D6B08B4B45B20D6052 /* BirthdayHelpers.swift */, 777DCE2856A54D8EB778640B /* BirthdayNotificationPlanner.swift */, B824F6D056C247CEBAF99DF3 /* BirthdayTodayHelpers.swift */, 23D549B9938D4BFB829FFEB4 /* CalendarHelpers.swift */, 00EC96AEC7504703B8325083 /* CelebrationText.swift */, 01DC04213E034BBAB8451437 /* ChoreHelpers.swift */, D9220AA6B5EF41638496D042 /* CompletionHelpers.swift */, 3AFDB7170AF5424993D5634D /* CroutonImport.swift */, F237D28DBB9A4654A272BFDC /* DashboardHelpers.swift */, 1E54085D7872496C86A09E7B /* DashboardRowHelpers.swift */, A1091A0008294ECAB4F3E402 /* DateHelpers.swift */, BFC7EC94859D4ADE9DB39837 /* GroceryHelpers.swift */, 20727FC701484B0D8CFB35BA /* HomeHubWidgetShared.swift */, F155A4F56F674746B33753CD /* HouseholdRoles.swift */, 3A1C6E249B9843998DE41309 /* IngredientMerge.swift */, 69B2889141664418BAF5D048 /* MealPlanHelpers.swift */, 33AD8B363250446E856D7857 /* MealSlotClock.swift */, 0A0AE53CF1B7401A98798844 /* NapHelpers.swift */, 9304DABAD6AD4CCB9F862D4D /* ProfileColors.swift */, 62706B48AA504ADD9FD57CF3 /* ProfilePhotoHelpers.swift */, F2DF1E7107994F2F8B79F573 /* RecipeFormHelpers.swift */, D6DF86D7DEA84FA595AB86FE /* RecipeLines.swift */, 62DBB4FEBDB34B59A2EE07F7 /* RecipeTagHelpers.swift */, 33811F530C3C4FFAA3DC855D /* SleepActivityAttributes.swift */, F01FB481D4BF4B82816D72DE /* SnackHelpers.swift */, 7747E88326E5424991B761E0 /* StreakHelpers.swift */, 075FB3C3623744BA816D41F9 /* WeekStart.swift */, 226C4601CBC343A5B43BF5EE /* BirthdaysViewModel.swift */, 8B0A11830DBC49FE8614A3C3 /* CalendarSettingsViewModel.swift */, C70C7851417C4A139CA1D542 /* CalendarViewModel.swift */, 672664ECF75E4F76B8D9DB0D /* ChoresViewModel.swift */, CD2A375CA6914E3FACE97749 /* CroutonImportViewModel.swift */, 4EDE37484BDC44A2AC783FCF /* GroceriesViewModel.swift */, 9ACB688248C74D4487AF027A /* HouseholdMembersViewModel.swift */, 44C34B74885F4F5A80DACD63 /* MealsViewModel.swift */, 233C725E7F764629B9586D9A /* MyProfileViewModel.swift */, EE211CB260A24378ABEB819C /* ProfilesViewModel.swift */, 70633D9CF5C34F00901A126F /* RecipesViewModel.swift */, 24B7B4E2209345BF830BCF71 /* RoutinesViewModel.swift */, 7E8311AEDA7C45159BD88F5C /* SnacksViewModel.swift */, DBFBC20EB43A4492929F9690 /* SignInView.swift */, E7812AC6F2A744948E99C5FA /* BirthdayYearRing.swift */, F47FC33E9FFD4253B12C2130 /* BirthdaysView.swift */, E36D44A2F9AB4FA4A8A0006C /* CalendarSettingsView.swift */, D3E1AB9737D0402881179107 /* CalendarView.swift */, 41B8C72C847541E98DDC56FD /* ChoreFormView.swift */, 81F850946A0A46CAB8E6B8EB /* ChoresView.swift */, 4361090431FD4ABDB8B349BC /* FormFields.swift */, 53316343105749C991EB8706 /* HubComponents.swift */, 296311559D324257BCB394BA /* ThemeSettingView.swift */, AA65ABDF74C04AD2B33BA0C3 /* BirthdayTodayBanner.swift */, 041D313D1596411291B3E1CE /* DashboardCardKit.swift */, DFD65B78A9844B4A8A0D94D3 /* DashboardView.swift */, 2131065870584EE29DBF8ABF /* GroceriesView.swift */, F0F31D96A44C44568E96091C /* HubView.swift */, 1C3EED3CCE7C4CFD99000043 /* MealGroceryPreviewSheet.swift */, AA9E41474459492FA8D27226 /* MealPickerSheet.swift */, 17F986C2000640099AA3448C /* MealsView.swift */, 46B42ED0A1684CB3B43F9E46 /* NapsView.swift */, 6A03258657D54E44BC5E7CDB /* SleepEntrySheets.swift */, F8E4F9F5191F4D8385F2E40E /* SleepStatusCard.swift */, 908138F4F8F540C6944506DA /* NotesView.swift */, 9078F3BB78B34641BCB947C2 /* OnboardingView.swift */, 9B036A891F094129874900FF /* DeleteAccountSheet.swift */, 5E414751B63542C7A4380A7C /* MyProfileView.swift */, 70DAD0E88DE640E5B5280A94 /* ProfileColorPickerView.swift */, 03CD6B2EA6C34A0FBF561E07 /* ProfileFormView.swift */, 55C01510F0B341A08FEC8895 /* ProfilePhotoUploadView.swift */, A2E63B4B1447411794D93B35 /* CroutonImportView.swift */, 4C5D327212604EA1BBD8444C /* RecipeFormView.swift */, 2912C0AA8C2947FDADB06134 /* RecipeTagViews.swift */, 771BE12098A545D68425A552 /* RecipesView.swift */, 9A2E08495A7244A4914D829D /* RootView.swift */, 6E16B759E720413DA5FE5FE0 /* RoutineFormView.swift */, 1BC8A87D3C2847CAB5529CEC /* RoutinesView.swift */, 399C1176CD5249EBA19083C7 /* HouseholdExportDocument.swift */, 6927A3B604B4469BAFC3EDB7 /* HouseholdPhotoUploadView.swift */, FB516B5F80D146CBBB7A9769 /* SettingsView.swift */, C86C3F8BEAE34A4EB27163BA /* SnackChildChips.swift */, 3997F643448A4330B4C9DAC4 /* SnacksView.swift */, 70ABC4D4505947A3955D71CB /* Info.plist */, 984D9FF79A094ECAB8AA0A45 /* HomeHub.entitlements */, FE61B466DA474CC6ADD30824 /* Assets.xcassets */, C46B8B7B9F584BFF9A0FF4CE /* PrivacyInfo.xcprivacy */); name = HomeHub; sourceTree = "<group>"; };
		04C6252D8D704EFFAE021F9E /* HomeHubLiveActivity */ = {isa = PBXGroup; children = (D5ED0BCB7BF84786835F2CF3 /* SleepLiveActivity.swift */, 10BE1F4B7F7B4AD08047E879 /* Info.plist */); name = HomeHubLiveActivity; sourceTree = "<group>"; };
		3390ED0C76C04E7C9BC7EF6A = {isa = PBXGroup; children = (98C522AEAFF74579824A0AB9 /* HomeHub */, 04C6252D8D704EFFAE021F9E /* HomeHubLiveActivity */, 61FD5D2AD49E4C458218D16E /* Beacon.icon */, DC56795448794F649CD33A7A /* BeaconOcean.icon */, E18822175A4943CDA4BEC54E /* BeaconClay.icon */, 1F38CB65A0A744E9B3C32E1E /* BeaconPlum.icon */, 6FE4F011566646C884FBB0BB /* BeaconSlate.icon */, 94BFD36726EB45459D06E58A /* BeaconForest.icon */, D314F09FE9A24F3EB9BD32C4 /* BeaconTeal.icon */, 532B4236F7EB415BA001B435 /* BeaconIndigo.icon */, 5B6178115F2842F989881399 /* BeaconRose.icon */, 89D413080BC74F9EA11FC598 /* BeaconOchre.icon */, 974476B0B5704C0C8C972857 /* Products */); sourceTree = "<group>"; };
		E1CA717CD8414F569EF7677F /* Frameworks */ = {isa = PBXFrameworksBuildPhase; buildActionMask = 2147483647; files = (); runOnlyForDeploymentPostprocessing = 0; };
		5FB7AB2EEE19449B9E9A2A3B /* Sources */ = {isa = PBXSourcesBuildPhase; buildActionMask = 2147483647; files = (C642CB3C2ED441B2865861E9 /* AppState.swift in Sources */, C6075F07A3104108A34C5525 /* HomeHubApp.swift in Sources */, 15509F3B82724258869B25BC /* Account.swift in Sources */, F30A9DD7970247CD83B60A6B /* Birthday.swift in Sources */, 169DD08932F14A69AF1C7627 /* Calendar.swift in Sources */, 47F773AAF9884B3E9338012E /* Chore.swift in Sources */, 423C74F8C55E415999D4361C /* CroutonRecipe.swift in Sources */, 67B22CD9EDD443CD9AA29721 /* Dashboard.swift in Sources */, BCDA447728154B74873325E8 /* Enums.swift in Sources */, B92B1EB61C2541A2A774713A /* Grocery.swift in Sources */, 08091C4F839D4182A5A81631 /* Household.swift in Sources */, 4C2A4318825D4E24B8C52CA2 /* Meal.swift in Sources */, DA14035C749A405EAB6EEC4D /* NapLog.swift in Sources */, EB62073AF5D643CE9669ECC6 /* NotificationSettings.swift in Sources */, EB7405791D304C8597E90BD8 /* Profile.swift in Sources */, 6646FDF1B3A7436E92470007 /* Recipe.swift in Sources */, 5F414CC20BE4424A9C36693B /* Routine.swift in Sources */, 43083EDDE14F479484B1FAE5 /* User.swift in Sources */, F4DF644E460B4776B949DE3A /* APIClient.swift in Sources */, C22044B50C17453282D1FA35 /* AuthService.swift in Sources */, E5B040DCFABB49C7B92129DC /* HomeHubAPI.swift in Sources */, 47DB4A9A5EC24730AFA9653C /* HomeHubLocalStore.swift in Sources */, 1E603B4F3FC04D328993BD00 /* NativeCalendarService.swift in Sources */, 9AC5B04436F24AE985C8C26B /* NativeNotificationService.swift in Sources */, 8983539F9E0D45F1A623F28E /* NativeRemindersService.swift in Sources */, B916D3C61003438FB0FE7D11 /* NativeWeatherService.swift in Sources */, D38A89191A1249B6B5D40DCD /* SleepLiveActivityManager.swift in Sources */, 9B7BF20DF1974D39AE39E00F /* AppTheme.swift in Sources */, F9D0AD4F72704EC2909EB17D /* BirthdayHelpers.swift in Sources */, 5869E55C866144E2B4B8046D /* BirthdayNotificationPlanner.swift in Sources */, 2EF9734F59F1456D91884BAE /* BirthdayTodayHelpers.swift in Sources */, 61367CC566424B5489C6C952 /* CalendarHelpers.swift in Sources */, 3EACB8B5C8574D078F37C279 /* CelebrationText.swift in Sources */, E7C14DF657734BEE9C2716B9 /* ChoreHelpers.swift in Sources */, 5CFD776976094F6C83327D0A /* CompletionHelpers.swift in Sources */, B7A4384A313D4BAA85278567 /* CroutonImport.swift in Sources */, 49FB24958B7D480C8627C69F /* DashboardHelpers.swift in Sources */, 4F11AD9A7A86462897405CDA /* DashboardRowHelpers.swift in Sources */, 73FC47E01082429D8C1DB06E /* DateHelpers.swift in Sources */, C3C91254D5BF44CF92BAA519 /* GroceryHelpers.swift in Sources */, 40F495DC1D4C4B6CB095EA17 /* HomeHubWidgetShared.swift in Sources */, BF3E2FC164734E50BB24CEC4 /* HouseholdRoles.swift in Sources */, B3F10ABE6AD94E5E95D448A7 /* IngredientMerge.swift in Sources */, 24F1C40A46E648E7B8F2529B /* MealPlanHelpers.swift in Sources */, 3A203CA264884818910EDC38 /* MealSlotClock.swift in Sources */, 23E64D7C926B447FAE4B052C /* NapHelpers.swift in Sources */, CE2BD93B97E64F40B622A4D8 /* ProfileColors.swift in Sources */, 2DF2C2F67F56456CBC910EE3 /* ProfilePhotoHelpers.swift in Sources */, 487C86B7D23D43218AFDF5B7 /* RecipeFormHelpers.swift in Sources */, 2317D011B60B47E3A61D2BC0 /* RecipeLines.swift in Sources */, AE676C2E858A44799142E2C5 /* RecipeTagHelpers.swift in Sources */, 7AE2EF0B20FA40A5BF92ADAF /* SleepActivityAttributes.swift in Sources */, 44CAC9D441A046AC9D7631BE /* SnackHelpers.swift in Sources */, E923ACD6D31E43138C7BA4E7 /* StreakHelpers.swift in Sources */, FAF9460ABF3A4720A512CA80 /* WeekStart.swift in Sources */, 6B2D6EA8F2334883B34F1E24 /* BirthdaysViewModel.swift in Sources */, 2389343585334B6C8AE60D2A /* CalendarSettingsViewModel.swift in Sources */, F6958E0095A545608C570F34 /* CalendarViewModel.swift in Sources */, 6B0F478785894E25988C6EAA /* ChoresViewModel.swift in Sources */, 9617C0CFEF954FE89C3956FD /* CroutonImportViewModel.swift in Sources */, B91AEF75585F46D89948B31F /* GroceriesViewModel.swift in Sources */, D1C3A0C4284D494C94503476 /* HouseholdMembersViewModel.swift in Sources */, 051BA0521E8C4C6B85F9094B /* MealsViewModel.swift in Sources */, A4CFD89CB7894349AF7F7484 /* MyProfileViewModel.swift in Sources */, F6DDF1DA06EF4C17990F906F /* ProfilesViewModel.swift in Sources */, 8E9F2220F0AD4A2C896FFAEB /* RecipesViewModel.swift in Sources */, 5ED535AB2C0F430BBDAC0128 /* RoutinesViewModel.swift in Sources */, 274A62B795494EE79132E14B /* SnacksViewModel.swift in Sources */, 15E78C93B67A4CA18A62BCF1 /* SignInView.swift in Sources */, CA976CC61AE940C9B30E6810 /* BirthdayYearRing.swift in Sources */, 28E7A7E7D1C4444CBA0AF14D /* BirthdaysView.swift in Sources */, 80705FD914924EA0AAF37F1F /* CalendarSettingsView.swift in Sources */, 89F7D62E78394F72AFE1F659 /* CalendarView.swift in Sources */, 412C9F75B0324BEDA95566AC /* ChoreFormView.swift in Sources */, 860BA371764E4860AFCC7053 /* ChoresView.swift in Sources */, A6F763E2D2674AD5BB6F1462 /* FormFields.swift in Sources */, 5EB3DEC4964F43DCABF9B2E5 /* HubComponents.swift in Sources */, DD6D836E8F1640E88798A1D8 /* ThemeSettingView.swift in Sources */, 86BC9199E15C43C1B128BDC9 /* BirthdayTodayBanner.swift in Sources */, E8A8B03F486C4BC5AC5478C4 /* DashboardCardKit.swift in Sources */, 08FEA3E752BF4556B4B640E2 /* DashboardView.swift in Sources */, 5A5D3C5E6F6A4D2785EA218E /* GroceriesView.swift in Sources */, 34F788E91E4E431CAF15AA59 /* HubView.swift in Sources */, 44AD9F11C6934B3E9576EA4A /* MealGroceryPreviewSheet.swift in Sources */, 43BDDAC6A30043AEA2411691 /* MealPickerSheet.swift in Sources */, 03ED695438034BE88D2340B0 /* MealsView.swift in Sources */, 1FFF57648BF44667BED88E97 /* NapsView.swift in Sources */, 4070A2ABFEAF4AB1AB2AD5AE /* SleepEntrySheets.swift in Sources */, 567B3D06855D449881FB0BEC /* SleepStatusCard.swift in Sources */, 24EA2DB2CB8B49349DA33F7C /* NotesView.swift in Sources */, 72ADD55305A94EC8BBCD2D6E /* OnboardingView.swift in Sources */, 11D819B7A81E4412873A737A /* DeleteAccountSheet.swift in Sources */, 85CECCBB3A6842D7A865A242 /* MyProfileView.swift in Sources */, A003DBC8448D4EF989FB7FAA /* ProfileColorPickerView.swift in Sources */, 7D7F35E034964958ADBE0936 /* ProfileFormView.swift in Sources */, EE6AE2A330104C0DA91C9780 /* ProfilePhotoUploadView.swift in Sources */, A2F079A55F74437AAE998013 /* CroutonImportView.swift in Sources */, 1407DBA4E1DE4B6AB0504FEA /* RecipeFormView.swift in Sources */, 710F1008275B4DB0AD046FB6 /* RecipeTagViews.swift in Sources */, 7333B5F4B53344BCA7D745C8 /* RecipesView.swift in Sources */, 3A65E3D4E608487D86438262 /* RootView.swift in Sources */, B7DA3CB288EE4952AB101266 /* RoutineFormView.swift in Sources */, 78DEEB16DD1641D49A61C34C /* RoutinesView.swift in Sources */, 65D0E0021808499FAC0B6D72 /* HouseholdExportDocument.swift in Sources */, 71CE767056DC4EE78AA3030B /* HouseholdPhotoUploadView.swift in Sources */, 22228154F20C485F9D844B51 /* SettingsView.swift in Sources */, A9D4268BD58E40E087C968AE /* SnackChildChips.swift in Sources */, CBFB04C54F62454AACE0D28C /* SnacksView.swift in Sources */); runOnlyForDeploymentPostprocessing = 0; };
		D7333091B1D74F9487D2B35D /* Resources */ = {isa = PBXResourcesBuildPhase; buildActionMask = 2147483647; files = (52EC294567ED4A50A5CA2B16 /* Assets.xcassets in Resources */, 0F65E07102E44041BDD0734E /* PrivacyInfo.xcprivacy in Resources */, 52E6CA3A8D74472A936C38CB /* Beacon.icon in Resources */, 094622E2B96B47AEA7148963 /* BeaconOcean.icon in Resources */, 52904C2539AF43A9A72AE153 /* BeaconClay.icon in Resources */, 525B1E210F694C55AC6F9C94 /* BeaconPlum.icon in Resources */, 5CA7E1698E8A4E009792D820 /* BeaconSlate.icon in Resources */, 9BF108D8746548778EB7D63B /* BeaconForest.icon in Resources */, 960B34B48A0B44249F0E83B4 /* BeaconTeal.icon in Resources */, 8DA4799ED9A545078341E9D9 /* BeaconIndigo.icon in Resources */, 9E30D5757FFA4DE7AA3077B6 /* BeaconRose.icon in Resources */, 434174FF693B4428977A8C03 /* BeaconOchre.icon in Resources */); runOnlyForDeploymentPostprocessing = 0; };
		CF249A2F6CC54613B8F70FF2 /* Frameworks */ = {isa = PBXFrameworksBuildPhase; buildActionMask = 2147483647; files = (); runOnlyForDeploymentPostprocessing = 0; };
		3DE984F32CB04BBDBBA5E0BA /* Sources */ = {isa = PBXSourcesBuildPhase; buildActionMask = 2147483647; files = (4C9913DF68F941C8ADB639CB /* SleepLiveActivity.swift in Sources */, 8849752A5F624B1BB4517C13 /* SleepActivityAttributes.swift in Sources */); runOnlyForDeploymentPostprocessing = 0; };
		69F27A6EFDC9432597F80DBB /* Resources */ = {isa = PBXResourcesBuildPhase; buildActionMask = 2147483647; files = (); runOnlyForDeploymentPostprocessing = 0; };
		EC8F56CA4ADB474AB010F796 /* Embed Foundation Extensions */ = {isa = PBXCopyFilesBuildPhase; buildActionMask = 2147483647; dstPath = ""; dstSubfolderSpec = 13; files = (1F73DB7889C34CF5B94D75F5 /* HomeHubLiveActivity.appex in Embed Foundation Extensions */); name = "Embed Foundation Extensions"; runOnlyForDeploymentPostprocessing = 0; };
		B76D191604E24C18840D5C82 /* PBXContainerItemProxy */ = {isa = PBXContainerItemProxy; containerPortal = 8F1C2EF3E6DA442D9C8D14E2 /* Project object */; proxyType = 1; remoteGlobalIDString = BD381F6C91ED43C69B6BE7B1; remoteInfo = HomeHubLiveActivity; };
		6373C618E13243958272F52F /* PBXTargetDependency */ = {isa = PBXTargetDependency; target = BD381F6C91ED43C69B6BE7B1 /* HomeHubLiveActivity */; targetProxy = B76D191604E24C18840D5C82 /* PBXContainerItemProxy */; };
		BD381F6C91ED43C69B6BE7B1 /* HomeHubLiveActivity */ = {isa = PBXNativeTarget; buildConfigurationList = CE402C5DDECA4BCE9D8242F3; buildPhases = (3DE984F32CB04BBDBBA5E0BA /* Sources */, CF249A2F6CC54613B8F70FF2 /* Frameworks */, 69F27A6EFDC9432597F80DBB /* Resources */); buildRules = (); dependencies = (); name = HomeHubLiveActivity; productName = HomeHubLiveActivity; productReference = FCAEB7A930624AA998F33FA4; productType = "com.apple.product-type.app-extension"; };
		116F4FC540614122AC3C1F43 /* HomeHub */ = {isa = PBXNativeTarget; buildConfigurationList = 1394C115960B4433B7697446; buildPhases = (5FB7AB2EEE19449B9E9A2A3B /* Sources */, E1CA717CD8414F569EF7677F /* Frameworks */, D7333091B1D74F9487D2B35D /* Resources */, EC8F56CA4ADB474AB010F796 /* Embed Foundation Extensions */); buildRules = (); dependencies = (6373C618E13243958272F52F /* PBXTargetDependency */); name = HomeHub; productName = HomeHub; productReference = D9A83AC631EA4EB88C60F029; productType = "com.apple.product-type.application"; };
		8F1C2EF3E6DA442D9C8D14E2 /* Project object */ = {isa = PBXProject; attributes = {BuildIndependentTargetsInParallel = 1; LastUpgradeCheck = 1600;}; buildConfigurationList = BF967FCC73654CC2B57E379A; compatibilityVersion = "Xcode 14.0"; developmentRegion = en; hasScannedForEncodings = 0; knownRegions = (en, Base); mainGroup = 3390ED0C76C04E7C9BC7EF6A; productRefGroup = 974476B0B5704C0C8C972857; projectDirPath = ""; projectRoot = ""; targets = (116F4FC540614122AC3C1F43, BD381F6C91ED43C69B6BE7B1); };
		90BF79C2BD464200BCCBAA83 /* Debug */ = {isa = XCBuildConfiguration; buildSettings = {COPY_PHASE_STRIP = NO; IPHONEOS_DEPLOYMENT_TARGET = 17.0; SWIFT_VERSION = 5.0; TARGETED_DEVICE_FAMILY = "1,2"; }; name = Debug; };
		F8F0201EE7FA4039BD0AAC93 /* Release */ = {isa = XCBuildConfiguration; buildSettings = {COPY_PHASE_STRIP = NO; IPHONEOS_DEPLOYMENT_TARGET = 17.0; SWIFT_VERSION = 5.0; TARGETED_DEVICE_FAMILY = "1,2"; }; name = Release; };
		FE7F06375BF8477E9A78BB3B /* Debug */ = {isa = XCBuildConfiguration; buildSettings = {ALWAYS_SEARCH_USER_PATHS = NO; ASSETCATALOG_COMPILER_ALTERNATE_APPICON_NAMES = (BeaconOcean, BeaconClay, BeaconPlum, BeaconSlate, BeaconForest, BeaconTeal, BeaconIndigo, BeaconRose, BeaconOchre); ASSETCATALOG_COMPILER_APPICON_NAME = Beacon; CODE_SIGN_ENTITLEMENTS = HomeHub/HomeHub.entitlements; CODE_SIGN_IDENTITY = "Apple Development"; CODE_SIGN_STYLE = Automatic; CURRENT_PROJECT_VERSION = 1; DEVELOPMENT_TEAM = JVU3FF9RR3; GENERATE_INFOPLIST_FILE = NO; INFOPLIST_FILE = HomeHub/Info.plist; LD_RUNPATH_SEARCH_PATHS = ("$(inherited)", "@executable_path/Frameworks"); MARKETING_VERSION = 1.0; PRODUCT_BUNDLE_IDENTIFIER = com.jstnhbbs.beacon; PRODUCT_NAME = "$(TARGET_NAME)"; SDKROOT = iphoneos; SUPPORTED_PLATFORMS = "iphoneos iphonesimulator"; SWIFT_EMIT_LOC_STRINGS = YES; SWIFT_ACTIVE_COMPILATION_CONDITIONS = DEBUG; }; name = Debug; };
		891F767A3DF44941844B4E0D /* Release */ = {isa = XCBuildConfiguration; buildSettings = {ALWAYS_SEARCH_USER_PATHS = NO; ASSETCATALOG_COMPILER_ALTERNATE_APPICON_NAMES = (BeaconOcean, BeaconClay, BeaconPlum, BeaconSlate, BeaconForest, BeaconTeal, BeaconIndigo, BeaconRose, BeaconOchre); ASSETCATALOG_COMPILER_APPICON_NAME = Beacon; CODE_SIGN_ENTITLEMENTS = HomeHub/HomeHub.entitlements; CODE_SIGN_IDENTITY = "Apple Development"; CODE_SIGN_STYLE = Automatic; CURRENT_PROJECT_VERSION = 1; DEVELOPMENT_TEAM = JVU3FF9RR3; GENERATE_INFOPLIST_FILE = NO; INFOPLIST_FILE = HomeHub/Info.plist; LD_RUNPATH_SEARCH_PATHS = ("$(inherited)", "@executable_path/Frameworks"); MARKETING_VERSION = 1.0; PRODUCT_BUNDLE_IDENTIFIER = com.jstnhbbs.beacon; PRODUCT_NAME = "$(TARGET_NAME)"; SDKROOT = iphoneos; SUPPORTED_PLATFORMS = "iphoneos iphonesimulator"; SWIFT_EMIT_LOC_STRINGS = YES; }; name = Release; };
		3BD703A514BC4745A1D3B700 /* Debug */ = {isa = XCBuildConfiguration; buildSettings = {ALWAYS_SEARCH_USER_PATHS = NO; APPLICATION_EXTENSION_API_ONLY = YES; CODE_SIGN_IDENTITY = "Apple Development"; CODE_SIGN_STYLE = Automatic; CURRENT_PROJECT_VERSION = 1; DEVELOPMENT_TEAM = JVU3FF9RR3; GENERATE_INFOPLIST_FILE = NO; INFOPLIST_FILE = HomeHubLiveActivity/Info.plist; LD_RUNPATH_SEARCH_PATHS = ("$(inherited)", "@executable_path/Frameworks", "@executable_path/../../Frameworks"); MARKETING_VERSION = 1.0; PRODUCT_BUNDLE_IDENTIFIER = com.jstnhbbs.beacon.liveactivity; PRODUCT_NAME = "$(TARGET_NAME)"; SDKROOT = iphoneos; SKIP_INSTALL = YES; SUPPORTED_PLATFORMS = "iphoneos iphonesimulator"; SWIFT_EMIT_LOC_STRINGS = YES; SWIFT_ACTIVE_COMPILATION_CONDITIONS = DEBUG; }; name = Debug; };
		5798852B214044ACA5E74658 /* Release */ = {isa = XCBuildConfiguration; buildSettings = {ALWAYS_SEARCH_USER_PATHS = NO; APPLICATION_EXTENSION_API_ONLY = YES; CODE_SIGN_IDENTITY = "Apple Development"; CODE_SIGN_STYLE = Automatic; CURRENT_PROJECT_VERSION = 1; DEVELOPMENT_TEAM = JVU3FF9RR3; GENERATE_INFOPLIST_FILE = NO; INFOPLIST_FILE = HomeHubLiveActivity/Info.plist; LD_RUNPATH_SEARCH_PATHS = ("$(inherited)", "@executable_path/Frameworks", "@executable_path/../../Frameworks"); MARKETING_VERSION = 1.0; PRODUCT_BUNDLE_IDENTIFIER = com.jstnhbbs.beacon.liveactivity; PRODUCT_NAME = "$(TARGET_NAME)"; SDKROOT = iphoneos; SKIP_INSTALL = YES; SUPPORTED_PLATFORMS = "iphoneos iphonesimulator"; SWIFT_EMIT_LOC_STRINGS = YES; }; name = Release; };
		CE402C5DDECA4BCE9D8242F3 = {isa = XCConfigurationList; buildConfigurations = (3BD703A514BC4745A1D3B700 /* Debug */, 5798852B214044ACA5E74658 /* Release */); defaultConfigurationIsVisible = 0; defaultConfigurationName = Release; };
		BF967FCC73654CC2B57E379A = {isa = XCConfigurationList; buildConfigurations = (90BF79C2BD464200BCCBAA83 /* Debug */, F8F0201EE7FA4039BD0AAC93 /* Release */); defaultConfigurationIsVisible = 0; defaultConfigurationName = Release; };
		1394C115960B4433B7697446 = {isa = XCConfigurationList; buildConfigurations = (FE7F06375BF8477E9A78BB3B /* Debug */, 891F767A3DF44941844B4E0D /* Release */); defaultConfigurationIsVisible = 0; defaultConfigurationName = Release; };
	};
	rootObject = 8F1C2EF3E6DA442D9C8D14E2 /* Project object */;
}
